// !$*UTF8*$!
{
	archiveVersion = 1;
	classes = {
	};
	objectVersion = 56;
	objects = {

/* Begin PBXBuildFile section */
		E80855782BFE0CA100080804 /* AuthTextField.swift in Sources */ = {isa = PBXBuildFile; fileRef = E80855772BFE0CA100080804 /* AuthTextField.swift */; };
		E808557B2BFE0FA700080804 /* ChatsTableViewController.swift in Sources */ = {isa = PBXBuildFile; fileRef = E808557A2BFE0FA700080804 /* ChatsTableViewController.swift */; };
		E808557D2BFE0FD100080804 /* ChannelsViewController.swift in Sources */ = {isa = PBXBuildFile; fileRef = E808557C2BFE0FD100080804 /* ChannelsViewController.swift */; };
		E808557F2BFE0FEA00080804 /* UsersViewControlller.swift in Sources */ = {isa = PBXBuildFile; fileRef = E808557E2BFE0FEA00080804 /* UsersViewControlller.swift */; };
		E80855812BFE106D00080804 /* SettingsViewController.swift in Sources */ = {isa = PBXBuildFile; fileRef = E80855802BFE106D00080804 /* SettingsViewController.swift */; };
		E80855842BFE1C2C00080804 /* SettingsStore.swift in Sources */ = {isa = PBXBuildFile; fileRef = E80855832BFE1C2C00080804 /* SettingsStore.swift */; };
		E80855862BFE287800080804 /* SettingsNameTableViewCell.swift in Sources */ = {isa = PBXBuildFile; fileRef = E80855852BFE287800080804 /* SettingsNameTableViewCell.swift */; };
		E80855882BFE2A0000080804 /* FileStorage.swift in Sources */ = {isa = PBXBuildFile; fileRef = E80855872BFE2A0000080804 /* FileStorage.swift */; };
		E808558B2BFE2CD900080804 /* EditProfileViewController.swift in Sources */ = {isa = PBXBuildFile; fileRef = E808558A2BFE2CD900080804 /* EditProfileViewController.swift */; };
		E808558D2BFE2D2000080804 /* EditProfileStore.swift in Sources */ = {isa = PBXBuildFile; fileRef = E808558C2BFE2D2000080804 /* EditProfileStore.swift */; };
		E80855902BFE2EE600080804 /* PhotoTableViewCell.swift in Sources */ = {isa = PBXBuildFile; fileRef = E808558F2BFE2EE600080804 /* PhotoTableViewCell.swift */; };
		E80855922BFE379B00080804 /* TextFieldTableViewCell.swift in Sources */ = {isa = PBXBuildFile; fileRef = E80855912BFE379B00080804 /* TextFieldTableViewCell.swift */; };
		E8A430812BFDF02D0065981A /* Store.swift in Sources */ = {isa = PBXBuildFile; fileRef = E8A430802BFDF02D0065981A /* Store.swift */; };
		E8A430842BFDF0EB0065981A /* AuthStore.swift in Sources */ = {isa = PBXBuildFile; fileRef = E8A430832BFDF0EB0065981A /* AuthStore.swift */; };
		E8A430872BFDF1800065981A /* FirebaseClient.swift in Sources */ = {isa = PBXBuildFile; fileRef = E8A430862BFDF1800065981A /* FirebaseClient.swift */; };
		E8A4308A2BFDF1DE0065981A /* Person.swift in Sources */ = {isa = PBXBuildFile; fileRef = E8A430892BFDF1DE0065981A /* Person.swift */; };
		E8A4308D2BFE099D0065981A /* MainTabBarController.swift in Sources */ = {isa = PBXBuildFile; fileRef = E8A4308C2BFE099D0065981A /* MainTabBarController.swift */; };
		E8AD983C2BFDA1EE00CB6D13 /* AppDelegate.swift in Sources */ = {isa = PBXBuildFile; fileRef = E8AD983B2BFDA1EE00CB6D13 /* AppDelegate.swift */; };
		E8AD983E2BFDA1EE00CB6D13 /* SceneDelegate.swift in Sources */ = {isa = PBXBuildFile; fileRef = E8AD983D2BFDA1EE00CB6D13 /* SceneDelegate.swift */; };
		E8AD98402BFDA1EE00CB6D13 /* AuthViewController.swift in Sources */ = {isa = PBXBuildFile; fileRef = E8AD983F2BFDA1EE00CB6D13 /* AuthViewController.swift */; };
		E8AD98452BFDA1EF00CB6D13 /* Assets.xcassets in Resources */ = {isa = PBXBuildFile; fileRef = E8AD98442BFDA1EF00CB6D13 /* Assets.xcassets */; };
		E8AD98482BFDA1EF00CB6D13 /* Base in Resources */ = {isa = PBXBuildFile; fileRef = E8AD98472BFDA1EF00CB6D13 /* Base */; };
		E8AD98532BFDADD300CB6D13 /* GoogleService-Info.plist in Resources */ = {isa = PBXBuildFile; fileRef = E8AD98522BFDADD300CB6D13 /* GoogleService-Info.plist */; };
		E8AD98562BFDAE3600CB6D13 /* RealmSwift in Frameworks */ = {isa = PBXBuildFile; productRef = E8AD98552BFDAE3600CB6D13 /* RealmSwift */; };
		E8AD985A2BFDAFA000CB6D13 /* FirebaseAuth in Frameworks */ = {isa = PBXBuildFile; productRef = E8AD98592BFDAFA000CB6D13 /* FirebaseAuth */; };
		E8AD985C2BFDAFA700CB6D13 /* FirebaseFirestore in Frameworks */ = {isa = PBXBuildFile; productRef = E8AD985B2BFDAFA700CB6D13 /* FirebaseFirestore */; };
		E8AD985E2BFDAFB100CB6D13 /* FirebaseFirestoreSwift in Frameworks */ = {isa = PBXBuildFile; productRef = E8AD985D2BFDAFB100CB6D13 /* FirebaseFirestoreSwift */; };
		E8AD98602BFDAFB700CB6D13 /* FirebaseStorage in Frameworks */ = {isa = PBXBuildFile; productRef = E8AD985F2BFDAFB700CB6D13 /* FirebaseStorage */; };
		E8AD98632BFDB0A000CB6D13 /* MessageKit in Frameworks */ = {isa = PBXBuildFile; productRef = E8AD98622BFDB0A000CB6D13 /* MessageKit */; };
		E8AD98662BFDB0B700CB6D13 /* Kingfisher in Frameworks */ = {isa = PBXBuildFile; productRef = E8AD98652BFDB0B700CB6D13 /* Kingfisher */; };
		E8AD98692BFDB14D00CB6D13 /* SnapKit in Frameworks */ = {isa = PBXBuildFile; productRef = E8AD98682BFDB14D00CB6D13 /* SnapKit */; };
		E8AD986C2BFDB16D00CB6D13 /* ProgressHUD in Frameworks */ = {isa = PBXBuildFile; productRef = E8AD986B2BFDB16D00CB6D13 /* ProgressHUD */; };
/* End PBXBuildFile section */

/* Begin PBXFileReference section */
		E80855772BFE0CA100080804 /* AuthTextField.swift */ = {isa = PBXFileReference; lastKnownFileType = sourcecode.swift; path = AuthTextField.swift; sourceTree = "<group>"; };
		E808557A2BFE0FA700080804 /* ChatsTableViewController.swift */ = {isa = PBXFileReference; lastKnownFileType = sourcecode.swift; path = ChatsTableViewController.swift; sourceTree = "<group>"; };
		E808557C2BFE0FD100080804 /* ChannelsViewController.swift */ = {isa = PBXFileReference; lastKnownFileType = sourcecode.swift; path = ChannelsViewController.swift; sourceTree = "<group>"; };
		E808557E2BFE0FEA00080804 /* UsersViewControlller.swift */ = {isa = PBXFileReference; lastKnownFileType = sourcecode.swift; path = UsersViewControlller.swift; sourceTree = "<group>"; };
		E80855802BFE106D00080804 /* SettingsViewController.swift */ = {isa = PBXFileReference; lastKnownFileType = sourcecode.swift; path = SettingsViewController.swift; sourceTree = "<group>"; };
		E80855832BFE1C2C00080804 /* SettingsStore.swift */ = {isa = PBXFileReference; lastKnownFileType = sourcecode.swift; path = SettingsStore.swift; sourceTree = "<group>"; };
		E80855852BFE287800080804 /* SettingsNameTableViewCell.swift */ = {isa = PBXFileReference; lastKnownFileType = sourcecode.swift; path = SettingsNameTableViewCell.swift; sourceTree = "<group>"; };
		E80855872BFE2A0000080804 /* FileStorage.swift */ = {isa = PBXFileReference; lastKnownFileType = sourcecode.swift; path = FileStorage.swift; sourceTree = "<group>"; };
		E808558A2BFE2CD900080804 /* EditProfileViewController.swift */ = {isa = PBXFileReference; lastKnownFileType = sourcecode.swift; path = EditProfileViewController.swift; sourceTree = "<group>"; };
		E808558C2BFE2D2000080804 /* EditProfileStore.swift */ = {isa = PBXFileReference; lastKnownFileType = sourcecode.swift; path = EditProfileStore.swift; sourceTree = "<group>"; };
		E808558F2BFE2EE600080804 /* PhotoTableViewCell.swift */ = {isa = PBXFileReference; lastKnownFileType = sourcecode.swift; path = PhotoTableViewCell.swift; sourceTree = "<group>"; };
		E80855912BFE379B00080804 /* TextFieldTableViewCell.swift */ = {isa = PBXFileReference; lastKnownFileType = sourcecode.swift; path = TextFieldTableViewCell.swift; sourceTree = "<group>"; };
		E8A430802BFDF02D0065981A /* Store.swift */ = {isa = PBXFileReference; lastKnownFileType = sourcecode.swift; path = Store.swift; sourceTree = "<group>"; };
		E8A430832BFDF0EB0065981A /* AuthStore.swift */ = {isa = PBXFileReference; lastKnownFileType = sourcecode.swift; path = AuthStore.swift; sourceTree = "<group>"; };
		E8A430862BFDF1800065981A /* FirebaseClient.swift */ = {isa = PBXFileReference; lastKnownFileType = sourcecode.swift; path = FirebaseClient.swift; sourceTree = "<group>"; };
		E8A430892BFDF1DE0065981A /* Person.swift */ = {isa = PBXFileReference; lastKnownFileType = sourcecode.swift; path = Person.swift; sourceTree = "<group>"; };
		E8A4308C2BFE099D0065981A /* MainTabBarController.swift */ = {isa = PBXFileReference; lastKnownFileType = sourcecode.swift; path = MainTabBarController.swift; sourceTree = "<group>"; };
		E8AD98382BFDA1EE00CB6D13 /* WhatsAppClone.app */ = {isa = PBXFileReference; explicitFileType = wrapper.application; includeInIndex = 0; path = WhatsAppClone.app; sourceTree = BUILT_PRODUCTS_DIR; };
		E8AD983B2BFDA1EE00CB6D13 /* AppDelegate.swift */ = {isa = PBXFileReference; lastKnownFileType = sourcecode.swift; path = AppDelegate.swift; sourceTree = "<group>"; };
		E8AD983D2BFDA1EE00CB6D13 /* SceneDelegate.swift */ = {isa = PBXFileReference; lastKnownFileType = sourcecode.swift; path = SceneDelegate.swift; sourceTree = "<group>"; };
		E8AD983F2BFDA1EE00CB6D13 /* AuthViewController.swift */ = {isa = PBXFileReference; lastKnownFileType = sourcecode.swift; path = AuthViewController.swift; sourceTree = "<group>"; };
		E8AD98442BFDA1EF00CB6D13 /* Assets.xcassets */ = {isa = PBXFileReference; lastKnownFileType = folder.assetcatalog; path = Assets.xcassets; sourceTree = "<group>"; };
		E8AD98472BFDA1EF00CB6D13 /* Base */ = {isa = PBXFileReference; lastKnownFileType = file.storyboard; name = Base; path = Base.lproj/LaunchScreen.storyboard; sourceTree = "<group>"; };
		E8AD98492BFDA1EF00CB6D13 /* Info.plist */ = {isa = PBXFileReference; lastKnownFileType = text.plist.xml; path = Info.plist; sourceTree = "<group>"; };
		E8AD984F2BFDA51D00CB6D13 /* README.md */ = {isa = PBXFileReference; lastKnownFileType = net.daringfireball.markdown; path = README.md; sourceTree = "<group>"; };
		E8AD98522BFDADD300CB6D13 /* GoogleService-Info.plist */ = {isa = PBXFileReference; fileEncoding = 4; lastKnownFileType = text.plist.xml; path = "GoogleService-Info.plist"; sourceTree = "<group>"; };
/* End PBXFileReference section */

/* Begin PBXFrameworksBuildPhase section */
		E8AD98352BFDA1EE00CB6D13 /* Frameworks */ = {
			isa = PBXFrameworksBuildPhase;
			buildActionMask = 2147483647;
			files = (
				E8AD98562BFDAE3600CB6D13 /* RealmSwift in Frameworks */,
				E8AD98692BFDB14D00CB6D13 /* SnapKit in Frameworks */,
				E8AD985A2BFDAFA000CB6D13 /* FirebaseAuth in Frameworks */,
				E8AD986C2BFDB16D00CB6D13 /* ProgressHUD in Frameworks */,
				E8AD98662BFDB0B700CB6D13 /* Kingfisher in Frameworks */,
				E8AD985C2BFDAFA700CB6D13 /* FirebaseFirestore in Frameworks */,
				E8AD98632BFDB0A000CB6D13 /* MessageKit in Frameworks */,
				E8AD98602BFDAFB700CB6D13 /* FirebaseStorage in Frameworks */,
				E8AD985E2BFDAFB100CB6D13 /* FirebaseFirestoreSwift in Frameworks */,
			);
			runOnlyForDeploymentPostprocessing = 0;
		};
/* End PBXFrameworksBuildPhase section */

/* Begin PBXGroup section */
		E80855792BFE0EB800080804 /* Tabbar */ = {
			isa = PBXGroup;
			children = (
				E8A4308C2BFE099D0065981A /* MainTabBarController.swift */,
				E808557E2BFE0FEA00080804 /* UsersViewControlller.swift */,
				E808557C2BFE0FD100080804 /* ChannelsViewController.swift */,
				E808557A2BFE0FA700080804 /* ChatsTableViewController.swift */,
			);
			path = Tabbar;
			sourceTree = "<group>";
		};
		E80855822BFE187300080804 /* Settings */ = {
			isa = PBXGroup;
			children = (
				E80855892BFE2CC200080804 /* Settings */,
				E808558E2BFE2EDB00080804 /* EditProfile */,
			);
			path = Settings;
			sourceTree = "<group>";
		};
		E80855892BFE2CC200080804 /* Settings */ = {
			isa = PBXGroup;
			children = (
				E80855802BFE106D00080804 /* SettingsViewController.swift */,
				E80855832BFE1C2C00080804 /* SettingsStore.swift */,
				E80855852BFE287800080804 /* SettingsNameTableViewCell.swift */,
			);
			path = Settings;
			sourceTree = "<group>";
		};
		E808558E2BFE2EDB00080804 /* EditProfile */ = {
			isa = PBXGroup;
			children = (
				E808558A2BFE2CD900080804 /* EditProfileViewController.swift */,
				E808558C2BFE2D2000080804 /* EditProfileStore.swift */,
				E808558F2BFE2EE600080804 /* PhotoTableViewCell.swift */,
				E80855912BFE379B00080804 /* TextFieldTableViewCell.swift */,
			);
			path = EditProfile;
			sourceTree = "<group>";
		};
		E8A430822BFDF0BB0065981A /* Core */ = {
			isa = PBXGroup;
			children = (
				E8A430802BFDF02D0065981A /* Store.swift */,
			);
			path = Core;
			sourceTree = "<group>";
		};
		E8A430852BFDF16F0065981A /* Network */ = {
			isa = PBXGroup;
			children = (
				E8A430862BFDF1800065981A /* FirebaseClient.swift */,
				E80855872BFE2A0000080804 /* FileStorage.swift */,
			);
			path = Network;
			sourceTree = "<group>";
		};
		E8A430882BFDF1D50065981A /* Models */ = {
			isa = PBXGroup;
			children = (
				E8A430892BFDF1DE0065981A /* Person.swift */,
			);
			path = Models;
			sourceTree = "<group>";
		};
		E8A4308B2BFE096E0065981A /* Modules */ = {
			isa = PBXGroup;
			children = (
				E80855822BFE187300080804 /* Settings */,
				E8AD98702BFDB2C200CB6D13 /* Auth */,
				E80855792BFE0EB800080804 /* Tabbar */,
			);
			path = Modules;
			sourceTree = "<group>";
		};
		E8AD982F2BFDA1EE00CB6D13 = {
			isa = PBXGroup;
			children = (
				E8AD984F2BFDA51D00CB6D13 /* README.md */,
				E8AD983A2BFDA1EE00CB6D13 /* WhatsAppClone */,
				E8AD98392BFDA1EE00CB6D13 /* Products */,
				E8AD98582BFDAFA000CB6D13 /* Frameworks */,
			);
			sourceTree = "<group>";
		};
		E8AD98392BFDA1EE00CB6D13 /* Products */ = {
			isa = PBXGroup;
			children = (
				E8AD98382BFDA1EE00CB6D13 /* WhatsAppClone.app */,
			);
			name = Products;
			sourceTree = "<group>";
		};
		E8AD983A2BFDA1EE00CB6D13 /* WhatsAppClone */ = {
			isa = PBXGroup;
			children = (
				E8AD986F2BFDB2B000CB6D13 /* App */,
				E8A430882BFDF1D50065981A /* Models */,
				E8A430852BFDF16F0065981A /* Network */,
				E8AD986D2BFDB26100CB6D13 /* Supporting Files */,
				E8A4308B2BFE096E0065981A /* Modules */,
				E8A430822BFDF0BB0065981A /* Core */,
			);
			path = WhatsAppClone;
			sourceTree = "<group>";
		};
		E8AD98582BFDAFA000CB6D13 /* Frameworks */ = {
			isa = PBXGroup;
			children = (
			);
			name = Frameworks;
			sourceTree = "<group>";
		};
		E8AD986D2BFDB26100CB6D13 /* Supporting Files */ = {
			isa = PBXGroup;
			children = (
				E8AD98442BFDA1EF00CB6D13 /* Assets.xcassets */,
				E8AD98492BFDA1EF00CB6D13 /* Info.plist */,
				E8AD98522BFDADD300CB6D13 /* GoogleService-Info.plist */,
				E8AD98462BFDA1EF00CB6D13 /* LaunchScreen.storyboard */,
			);
			name = "Supporting Files";
			sourceTree = "<group>";
		};
		E8AD986F2BFDB2B000CB6D13 /* App */ = {
			isa = PBXGroup;
			children = (
				E8AD983B2BFDA1EE00CB6D13 /* AppDelegate.swift */,
				E8AD983D2BFDA1EE00CB6D13 /* SceneDelegate.swift */,
			);
			path = App;
			sourceTree = "<group>";
		};
		E8AD98702BFDB2C200CB6D13 /* Auth */ = {
			isa = PBXGroup;
			children = (
				E8AD983F2BFDA1EE00CB6D13 /* AuthViewController.swift */,
				E80855772BFE0CA100080804 /* AuthTextField.swift */,
				E8A430832BFDF0EB0065981A /* AuthStore.swift */,
			);
			path = Auth;
			sourceTree = "<group>";
		};
/* End PBXGroup section */

/* Begin PBXNativeTarget section */
		E8AD98372BFDA1EE00CB6D13 /* WhatsAppClone */ = {
			isa = PBXNativeTarget;
			buildConfigurationList = E8AD984C2BFDA1EF00CB6D13 /* Build configuration list for PBXNativeTarget "WhatsAppClone" */;
			buildPhases = (
				E8AD98342BFDA1EE00CB6D13 /* Sources */,
				E8AD98352BFDA1EE00CB6D13 /* Frameworks */,
				E8AD98362BFDA1EE00CB6D13 /* Resources */,
			);
			buildRules = (
			);
			dependencies = (
			);
			name = WhatsAppClone;
			packageProductDependencies = (
				E8AD98552BFDAE3600CB6D13 /* RealmSwift */,
				E8AD98592BFDAFA000CB6D13 /* FirebaseAuth */,
				E8AD985B2BFDAFA700CB6D13 /* FirebaseFirestore */,
				E8AD985D2BFDAFB100CB6D13 /* FirebaseFirestoreSwift */,
				E8AD985F2BFDAFB700CB6D13 /* FirebaseStorage */,
				E8AD98622BFDB0A000CB6D13 /* MessageKit */,
				E8AD98652BFDB0B700CB6D13 /* Kingfisher */,
				E8AD98682BFDB14D00CB6D13 /* SnapKit */,
				E8AD986B2BFDB16D00CB6D13 /* ProgressHUD */,
			);
			productName = WhatsAppClone;
			productReference = E8AD98382BFDA1EE00CB6D13 /* WhatsAppClone.app */;
			productType = "com.apple.product-type.application";
		};
/* End PBXNativeTarget section */

/* Begin PBXProject section */
		E8AD98302BFDA1EE00CB6D13 /* Project object */ = {
			isa = PBXProject;
			attributes = {
				BuildIndependentTargetsInParallel = 1;
				LastSwiftUpdateCheck = 1540;
				LastUpgradeCheck = 1540;
				TargetAttributes = {
					E8AD98372BFDA1EE00CB6D13 = {
						CreatedOnToolsVersion = 15.4;
					};
				};
			};
			buildConfigurationList = E8AD98332BFDA1EE00CB6D13 /* Build configuration list for PBXProject "WhatsAppClone" */;
			compatibilityVersion = "Xcode 14.0";
			developmentRegion = en;
			hasScannedForEncodings = 0;
			knownRegions = (
				en,
				Base,
			);
			mainGroup = E8AD982F2BFDA1EE00CB6D13;
			packageReferences = (
				E8AD98542BFDAE3600CB6D13 /* XCRemoteSwiftPackageReference "realm-swift" */,
				E8AD98572BFDAF5700CB6D13 /* XCRemoteSwiftPackageReference "firebase-ios-sdk" */,
				E8AD98612BFDB0A000CB6D13 /* XCRemoteSwiftPackageReference "MessageKit" */,
				E8AD98642BFDB0B700CB6D13 /* XCRemoteSwiftPackageReference "Kingfisher" */,
				E8AD98672BFDB14D00CB6D13 /* XCRemoteSwiftPackageReference "SnapKit" */,
				E8AD986A2BFDB16D00CB6D13 /* XCRemoteSwiftPackageReference "ProgressHUD" */,
			);
			productRefGroup = E8AD98392BFDA1EE00CB6D13 /* Products */;
			projectDirPath = "";
			projectRoot = "";
			targets = (
				E8AD98372BFDA1EE00CB6D13 /* WhatsAppClone */,
			);
		};
/* End PBXProject section */

/* Begin PBXResourcesBuildPhase section */
		E8AD98362BFDA1EE00CB6D13 /* Resources */ = {
			isa = PBXResourcesBuildPhase;
			buildActionMask = 2147483647;
			files = (
				E8AD98452BFDA1EF00CB6D13 /* Assets.xcassets in Resources */,
				E8AD98482BFDA1EF00CB6D13 /* Base in Resources */,
				E8AD98532BFDADD300CB6D13 /* GoogleService-Info.plist in Resources */,
			);
			runOnlyForDeploymentPostprocessing = 0;
		};
/* End PBXResourcesBuildPhase section */

/* Begin PBXSourcesBuildPhase section */
		E8AD98342BFDA1EE00CB6D13 /* Sources */ = {
			isa = PBXSourcesBuildPhase;
			buildActionMask = 2147483647;
			files = (
				E8A430812BFDF02D0065981A /* Store.swift in Sources */,
				E80855882BFE2A0000080804 /* FileStorage.swift in Sources */,
				E8A430842BFDF0EB0065981A /* AuthStore.swift in Sources */,
				E8A4308D2BFE099D0065981A /* MainTabBarController.swift in Sources */,
				E808557B2BFE0FA700080804 /* ChatsTableViewController.swift in Sources */,
				E8AD98402BFDA1EE00CB6D13 /* AuthViewController.swift in Sources */,
				E808557D2BFE0FD100080804 /* ChannelsViewController.swift in Sources */,
				E80855902BFE2EE600080804 /* PhotoTableViewCell.swift in Sources */,
				E808558D2BFE2D2000080804 /* EditProfileStore.swift in Sources */,
				E808557F2BFE0FEA00080804 /* UsersViewControlller.swift in Sources */,
				E8A430872BFDF1800065981A /* FirebaseClient.swift in Sources */,
				E8AD983C2BFDA1EE00CB6D13 /* AppDelegate.swift in Sources */,
				E808558B2BFE2CD900080804 /* EditProfileViewController.swift in Sources */,
				E80855782BFE0CA100080804 /* AuthTextField.swift in Sources */,
				E80855862BFE287800080804 /* SettingsNameTableViewCell.swift in Sources */,
				E80855842BFE1C2C00080804 /* SettingsStore.swift in Sources */,
				E80855812BFE106D00080804 /* SettingsViewController.swift in Sources */,
				E8A4308A2BFDF1DE0065981A /* Person.swift in Sources */,
				E8AD983E2BFDA1EE00CB6D13 /* SceneDelegate.swift in Sources */,
				E80855922BFE379B00080804 /* TextFieldTableViewCell.swift in Sources */,
			);
			runOnlyForDeploymentPostprocessing = 0;
		};
/* End PBXSourcesBuildPhase section */

/* Begin PBXVariantGroup section */
		E8AD98462BFDA1EF00CB6D13 /* LaunchScreen.storyboard */ = {
			isa = PBXVariantGroup;
			children = (
				E8AD98472BFDA1EF00CB6D13 /* Base */,
			);
			name = LaunchScreen.storyboard;
			sourceTree = "<group>";
		};
/* End PBXVariantGroup section */

/* Begin XCBuildConfiguration section */
		E8AD984A2BFDA1EF00CB6D13 /* Debug */ = {
			isa = XCBuildConfiguration;
			buildSettings = {
				ALWAYS_SEARCH_USER_PATHS = NO;
				ASSETCATALOG_COMPILER_GENERATE_SWIFT_ASSET_SYMBOL_EXTENSIONS = YES;
				CLANG_ANALYZER_NONNULL = YES;
				CLANG_ANALYZER_NUMBER_OBJECT_CONVERSION = YES_AGGRESSIVE;
				CLANG_CXX_LANGUAGE_STANDARD = "gnu++20";
				CLANG_ENABLE_MODULES = YES;
				CLANG_ENABLE_OBJC_ARC = YES;
				CLANG_ENABLE_OBJC_WEAK = YES;
				CLANG_WARN_BLOCK_CAPTURE_AUTORELEASING = YES;
				CLANG_WARN_BOOL_CONVERSION = YES;
				CLANG_WARN_COMMA = YES;
				CLANG_WARN_CONSTANT_CONVERSION = YES;
				CLANG_WARN_DEPRECATED_OBJC_IMPLEMENTATIONS = YES;
				CLANG_WARN_DIRECT_OBJC_ISA_USAGE = YES_ERROR;
				CLANG_WARN_DOCUMENTATION_COMMENTS = YES;
				CLANG_WARN_EMPTY_BODY = YES;
				CLANG_WARN_ENUM_CONVERSION = YES;
				CLANG_WARN_INFINITE_RECURSION = YES;
				CLANG_WARN_INT_CONVERSION = YES;
				CLANG_WARN_NON_LITERAL_NULL_CONVERSION = YES;
				CLANG_WARN_OBJC_IMPLICIT_RETAIN_SELF = YES;
				CLANG_WARN_OBJC_LITERAL_CONVERSION = YES;
				CLANG_WARN_OBJC_ROOT_CLASS = YES_ERROR;
				CLANG_WARN_QUOTED_INCLUDE_IN_FRAMEWORK_HEADER = YES;
				CLANG_WARN_RANGE_LOOP_ANALYSIS = YES;
				CLANG_WARN_STRICT_PROTOTYPES = YES;
				CLANG_WARN_SUSPICIOUS_MOVE = YES;
				CLANG_WARN_UNGUARDED_AVAILABILITY = YES_AGGRESSIVE;
				CLANG_WARN_UNREACHABLE_CODE = YES;
				CLANG_WARN__DUPLICATE_METHOD_MATCH = YES;
				COPY_PHASE_STRIP = NO;
				DEBUG_INFORMATION_FORMAT = dwarf;
				ENABLE_STRICT_OBJC_MSGSEND = YES;
				ENABLE_TESTABILITY = YES;
				ENABLE_USER_SCRIPT_SANDBOXING = YES;
				GCC_C_LANGUAGE_STANDARD = gnu17;
				GCC_DYNAMIC_NO_PIC = NO;
				GCC_NO_COMMON_BLOCKS = YES;
				GCC_OPTIMIZATION_LEVEL = 0;
				GCC_PREPROCESSOR_DEFINITIONS = (
					"DEBUG=1",
					"$(inherited)",
				);
				GCC_WARN_64_TO_32_BIT_CONVERSION = YES;
				GCC_WARN_ABOUT_RETURN_TYPE = YES_ERROR;
				GCC_WARN_UNDECLARED_SELECTOR = YES;
				GCC_WARN_UNINITIALIZED_AUTOS = YES_AGGRESSIVE;
				GCC_WARN_UNUSED_FUNCTION = YES;
				GCC_WARN_UNUSED_VARIABLE = YES;
				IPHONEOS_DEPLOYMENT_TARGET = 17.5;
				LOCALIZATION_PREFERS_STRING_CATALOGS = YES;
				MTL_ENABLE_DEBUG_INFO = INCLUDE_SOURCE;
				MTL_FAST_MATH = YES;
				ONLY_ACTIVE_ARCH = YES;
				SDKROOT = iphoneos;
				SWIFT_ACTIVE_COMPILATION_CONDITIONS = "DEBUG $(inherited)";
				SWIFT_OPTIMIZATION_LEVEL = "-Onone";
			};
			name = Debug;
		};
		E8AD984B2BFDA1EF00CB6D13 /* Release */ = {
			isa = XCBuildConfiguration;
			buildSettings = {
				ALWAYS_SEARCH_USER_PATHS = NO;
				ASSETCATALOG_COMPILER_GENERATE_SWIFT_ASSET_SYMBOL_EXTENSIONS = YES;
				CLANG_ANALYZER_NONNULL = YES;
				CLANG_ANALYZER_NUMBER_OBJECT_CONVERSION = YES_AGGRESSIVE;
				CLANG_CXX_LANGUAGE_STANDARD = "gnu++20";
				CLANG_ENABLE_MODULES = YES;
				CLANG_ENABLE_OBJC_ARC = YES;
				CLANG_ENABLE_OBJC_WEAK = YES;
				CLANG_WARN_BLOCK_CAPTURE_AUTORELEASING = YES;
				CLANG_WARN_BOOL_CONVERSION = YES;
				CLANG_WARN_COMMA = YES;
				CLANG_WARN_CONSTANT_CONVERSION = YES;
				CLANG_WARN_DEPRECATED_OBJC_IMPLEMENTATIONS = YES;
				CLANG_WARN_DIRECT_OBJC_ISA_USAGE = YES_ERROR;
				CLANG_WARN_DOCUMENTATION_COMMENTS = YES;
				CLANG_WARN_EMPTY_BODY = YES;
				CLANG_WARN_ENUM_CONVERSION = YES;
				CLANG_WARN_INFINITE_RECURSION = YES;
				CLANG_WARN_INT_CONVERSION = YES;
				CLANG_WARN_NON_LITERAL_NULL_CONVERSION = YES;
				CLANG_WARN_OBJC_IMPLICIT_RETAIN_SELF = YES;
				CLANG_WARN_OBJC_LITERAL_CONVERSION = YES;
				CLANG_WARN_OBJC_ROOT_CLASS = YES_ERROR;
				CLANG_WARN_QUOTED_INCLUDE_IN_FRAMEWORK_HEADER = YES;
				CLANG_WARN_RANGE_LOOP_ANALYSIS = YES;
				CLANG_WARN_STRICT_PROTOTYPES = YES;
				CLANG_WARN_SUSPICIOUS_MOVE = YES;
				CLANG_WARN_UNGUARDED_AVAILABILITY = YES_AGGRESSIVE;
				CLANG_WARN_UNREACHABLE_CODE = YES;
				CLANG_WARN__DUPLICATE_METHOD_MATCH = YES;
				COPY_PHASE_STRIP = NO;
				DEBUG_INFORMATION_FORMAT = "dwarf-with-dsym";
				ENABLE_NS_ASSERTIONS = NO;
				ENABLE_STRICT_OBJC_MSGSEND = YES;
				ENABLE_USER_SCRIPT_SANDBOXING = YES;
				GCC_C_LANGUAGE_STANDARD = gnu17;
				GCC_NO_COMMON_BLOCKS = YES;
				GCC_WARN_64_TO_32_BIT_CONVERSION = YES;
				GCC_WARN_ABOUT_RETURN_TYPE = YES_ERROR;
				GCC_WARN_UNDECLARED_SELECTOR = YES;
				GCC_WARN_UNINITIALIZED_AUTOS = YES_AGGRESSIVE;
				GCC_WARN_UNUSED_FUNCTION = YES;
				GCC_WARN_UNUSED_VARIABLE = YES;
				IPHONEOS_DEPLOYMENT_TARGET = 17.5;
				LOCALIZATION_PREFERS_STRING_CATALOGS = YES;
				MTL_ENABLE_DEBUG_INFO = NO;
				MTL_FAST_MATH = YES;
				SDKROOT = iphoneos;
				SWIFT_COMPILATION_MODE = wholemodule;
				VALIDATE_PRODUCT = YES;
			};
			name = Release;
		};
		E8AD984D2BFDA1EF00CB6D13 /* Debug */ = {
			isa = XCBuildConfiguration;
			buildSettings = {
				ASSETCATALOG_COMPILER_APPICON_NAME = AppIcon;
				ASSETCATALOG_COMPILER_GLOBAL_ACCENT_COLOR_NAME = AccentColor;
				CODE_SIGN_STYLE = Automatic;
				CURRENT_PROJECT_VERSION = 9;
				DEVELOPMENT_TEAM = 723HTEFHBA;
				GENERATE_INFOPLIST_FILE = YES;
				INFOPLIST_FILE = WhatsAppClone/Info.plist;
				INFOPLIST_KEY_LSApplicationCategoryType = "public.app-category.social-networking";
				INFOPLIST_KEY_UIApplicationSupportsIndirectInputEvents = YES;
				INFOPLIST_KEY_UILaunchStoryboardName = LaunchScreen;
				INFOPLIST_KEY_UISupportedInterfaceOrientations = UIInterfaceOrientationPortrait;
				INFOPLIST_KEY_UISupportedInterfaceOrientations_iPad = "UIInterfaceOrientationLandscapeLeft UIInterfaceOrientationLandscapeRight UIInterfaceOrientationPortrait UIInterfaceOrientationPortraitUpsideDown";
				IPHONEOS_DEPLOYMENT_TARGET = 15.0;
				LD_RUNPATH_SEARCH_PATHS = (
					"$(inherited)",
					"@executable_path/Frameworks",
				);
				MARKETING_VERSION = 0.3.1;
				PRODUCT_BUNDLE_IDENTIFIER = ru.fibeapp.WhatsAppClone;
				PRODUCT_NAME = "$(TARGET_NAME)";
				SWIFT_EMIT_LOC_STRINGS = YES;
				SWIFT_VERSION = 5.0;
				TARGETED_DEVICE_FAMILY = "1,2";
			};
			name = Debug;
		};
		E8AD984E2BFDA1EF00CB6D13 /* Release */ = {
			isa = XCBuildConfiguration;
			buildSettings = {
				ASSETCATALOG_COMPILER_APPICON_NAME = AppIcon;
				ASSETCATALOG_COMPILER_GLOBAL_ACCENT_COLOR_NAME = AccentColor;
				CODE_SIGN_STYLE = Automatic;
				CURRENT_PROJECT_VERSION = 9;
				DEVELOPMENT_TEAM = 723HTEFHBA;
				GENERATE_INFOPLIST_FILE = YES;
				INFOPLIST_FILE = WhatsAppClone/Info.plist;
				INFOPLIST_KEY_LSApplicationCategoryType = "public.app-category.social-networking";
				INFOPLIST_KEY_UIApplicationSupportsIndirectInputEvents = YES;
				INFOPLIST_KEY_UILaunchStoryboardName = LaunchScreen;
				INFOPLIST_KEY_UISupportedInterfaceOrientations = UIInterfaceOrientationPortrait;
				INFOPLIST_KEY_UISupportedInterfaceOrientations_iPad = "UIInterfaceOrientationLandscapeLeft UIInterfaceOrientationLandscapeRight UIInterfaceOrientationPortrait UIInterfaceOrientationPortraitUpsideDown";
				IPHONEOS_DEPLOYMENT_TARGET = 15.0;
				LD_RUNPATH_SEARCH_PATHS = (
					"$(inherited)",
					"@executable_path/Frameworks",
				);
				MARKETING_VERSION = 0.3.1;
				PRODUCT_BUNDLE_IDENTIFIER = ru.fibeapp.WhatsAppClone;
				PRODUCT_NAME = "$(TARGET_NAME)";
				SWIFT_EMIT_LOC_STRINGS = YES;
				SWIFT_VERSION = 5.0;
				TARGETED_DEVICE_FAMILY = "1,2";
			};
			name = Release;
		};
/* End XCBuildConfiguration section */

/* Begin XCConfigurationList section */
		E8AD98332BFDA1EE00CB6D13 /* Build configuration list for PBXProject "WhatsAppClone" */ = {
			isa = XCConfigurationList;
			buildConfigurations = (
				E8AD984A2BFDA1EF00CB6D13 /* Debug */,
				E8AD984B2BFDA1EF00CB6D13 /* Release */,
			);
			defaultConfigurationIsVisible = 0;
			defaultConfigurationName = Release;
		};
		E8AD984C2BFDA1EF00CB6D13 /* Build configuration list for PBXNativeTarget "WhatsAppClone" */ = {
			isa = XCConfigurationList;
			buildConfigurations = (
				E8AD984D2BFDA1EF00CB6D13 /* Debug */,
				E8AD984E2BFDA1EF00CB6D13 /* Release */,
			);
			defaultConfigurationIsVisible = 0;
			defaultConfigurationName = Release;
		};
/* End XCConfigurationList section */

/* Begin XCRemoteSwiftPackageReference section */
		E8AD98542BFDAE3600CB6D13 /* XCRemoteSwiftPackageReference "realm-swift" */ = {
			isa = XCRemoteSwiftPackageReference;
			repositoryURL = "https://github.com/realm/realm-swift.git";
			requirement = {
				branch = master;
				kind = branch;
			};
		};
		E8AD98572BFDAF5700CB6D13 /* XCRemoteSwiftPackageReference "firebase-ios-sdk" */ = {
			isa = XCRemoteSwiftPackageReference;
			repositoryURL = "https://github.com/firebase/firebase-ios-sdk.git";
			requirement = {
				kind = upToNextMajorVersion;
				minimumVersion = 10.26.0;
			};
		};
		E8AD98612BFDB0A000CB6D13 /* XCRemoteSwiftPackageReference "MessageKit" */ = {
			isa = XCRemoteSwiftPackageReference;
			repositoryURL = "https://github.com/MessageKit/MessageKit.git";
			requirement = {
				kind = upToNextMajorVersion;
				minimumVersion = 4.2.0;
			};
		};
		E8AD98642BFDB0B700CB6D13 /* XCRemoteSwiftPackageReference "Kingfisher" */ = {
			isa = XCRemoteSwiftPackageReference;
			repositoryURL = "https://github.com/onevcat/Kingfisher.git";
			requirement = {
				kind = upToNextMajorVersion;
				minimumVersion = 7.11.0;
			};
		};
		E8AD98672BFDB14D00CB6D13 /* XCRemoteSwiftPackageReference "SnapKit" */ = {
			isa = XCRemoteSwiftPackageReference;
			repositoryURL = "https://github.com/SnapKit/SnapKit.git";
			requirement = {
				kind = upToNextMajorVersion;
				minimumVersion = 5.7.1;
			};
		};
		E8AD986A2BFDB16D00CB6D13 /* XCRemoteSwiftPackageReference "ProgressHUD" */ = {
			isa = XCRemoteSwiftPackageReference;
			repositoryURL = "https://github.com/relatedcode/ProgressHUD.git";
			requirement = {
				kind = upToNextMajorVersion;
				minimumVersion = 14.1.3;
			};
		};
/* End XCRemoteSwiftPackageReference section */

/* Begin XCSwiftPackageProductDependency section */
		E8AD98552BFDAE3600CB6D13 /* RealmSwift */ = {
			isa = XCSwiftPackageProductDependency;
			package = E8AD98542BFDAE3600CB6D13 /* XCRemoteSwiftPackageReference "realm-swift" */;
			productName = RealmSwift;
		};
		E8AD98592BFDAFA000CB6D13 /* FirebaseAuth */ = {
			isa = XCSwiftPackageProductDependency;
			package = E8AD98572BFDAF5700CB6D13 /* XCRemoteSwiftPackageReference "firebase-ios-sdk" */;
			productName = FirebaseAuth;
		};
		E8AD985B2BFDAFA700CB6D13 /* FirebaseFirestore */ = {
			isa = XCSwiftPackageProductDependency;
			package = E8AD98572BFDAF5700CB6D13 /* XCRemoteSwiftPackageReference "firebase-ios-sdk" */;
			productName = FirebaseFirestore;
		};
		E8AD985D2BFDAFB100CB6D13 /* FirebaseFirestoreSwift */ = {
			isa = XCSwiftPackageProductDependency;
			package = E8AD98572BFDAF5700CB6D13 /* XCRemoteSwiftPackageReference "firebase-ios-sdk" */;
			productName = FirebaseFirestoreSwift;
		};
		E8AD985F2BFDAFB700CB6D13 /* FirebaseStorage */ = {
			isa = XCSwiftPackageProductDependency;
			package = E8AD98572BFDAF5700CB6D13 /* XCRemoteSwiftPackageReference "firebase-ios-sdk" */;
			productName = FirebaseStorage;
		};
		E8AD98622BFDB0A000CB6D13 /* MessageKit */ = {
			isa = XCSwiftPackageProductDependency;
			package = E8AD98612BFDB0A000CB6D13 /* XCRemoteSwiftPackageReference "MessageKit" */;
			productName = MessageKit;
		};
		E8AD98652BFDB0B700CB6D13 /* Kingfisher */ = {
			isa = XCSwiftPackageProductDependency;
			package = E8AD98642BFDB0B700CB6D13 /* XCRemoteSwiftPackageReference "Kingfisher" */;
			productName = Kingfisher;
		};
		E8AD98682BFDB14D00CB6D13 /* SnapKit */ = {
			isa = XCSwiftPackageProductDependency;
			package = E8AD98672BFDB14D00CB6D13 /* XCRemoteSwiftPackageReference "SnapKit" */;
			productName = SnapKit;
		};
		E8AD986B2BFDB16D00CB6D13 /* ProgressHUD */ = {
			isa = XCSwiftPackageProductDependency;
			package = E8AD986A2BFDB16D00CB6D13 /* XCRemoteSwiftPackageReference "ProgressHUD" */;
			productName = ProgressHUD;
		};
/* End XCSwiftPackageProductDependency section */
	};
	rootObject = E8AD98302BFDA1EE00CB6D13 /* Project object */;
}
