// !$*UTF8*$!
{
	archiveVersion = 1;
	classes = {
	};
	objectVersion = 56;
	objects = {

/* Begin PBXBuildFile section */
		020FC6F02AC3EAB2008C37DF /* SettingsNameTableViewCell.swift in Sources */ = {isa = PBXBuildFile; fileRef = 020FC6EF2AC3EAB2008C37DF /* SettingsNameTableViewCell.swift */; };
		020FC6F22AC3EAC9008C37DF /* BaseTableViewCell.swift in Sources */ = {isa = PBXBuildFile; fileRef = 020FC6F12AC3EAC9008C37DF /* BaseTableViewCell.swift */; };
		020FC6F42AC3EBB5008C37DF /* SettingRowTableViewCell.swift in Sources */ = {isa = PBXBuildFile; fileRef = 020FC6F32AC3EBB5008C37DF /* SettingRowTableViewCell.swift */; };
		020FC6F72AC3FDDF008C37DF /* Kingfisher in Frameworks */ = {isa = PBXBuildFile; productRef = 020FC6F62AC3FDDF008C37DF /* Kingfisher */; };
		0210273B2ABF43730017990B /* AppDelegate.swift in Sources */ = {isa = PBXBuildFile; fileRef = 0210273A2ABF43730017990B /* AppDelegate.swift */; };
		021027442ABF43740017990B /* Assets.xcassets in Resources */ = {isa = PBXBuildFile; fileRef = 021027432ABF43740017990B /* Assets.xcassets */; };
		021027472ABF43740017990B /* LaunchScreen.storyboard in Resources */ = {isa = PBXBuildFile; fileRef = 021027452ABF43740017990B /* LaunchScreen.storyboard */; };
		0210276F2ABF45B80017990B /* RestrictedUIHostingController.swift in Sources */ = {isa = PBXBuildFile; fileRef = 021027522ABF45B80017990B /* RestrictedUIHostingController.swift */; };
		021027702ABF45B80017990B /* BridgedView.swift in Sources */ = {isa = PBXBuildFile; fileRef = 021027532ABF45B80017990B /* BridgedView.swift */; };
		021027712ABF45B80017990B /* BridgingRestrictedTableViewCell.swift in Sources */ = {isa = PBXBuildFile; fileRef = 021027542ABF45B80017990B /* BridgingRestrictedTableViewCell.swift */; };
		021027722ABF45B80017990B /* BridgingCollectionViewCell.swift in Sources */ = {isa = PBXBuildFile; fileRef = 021027552ABF45B80017990B /* BridgingCollectionViewCell.swift */; };
		021027732ABF45B80017990B /* BridgingCollectionReusableView.swift in Sources */ = {isa = PBXBuildFile; fileRef = 021027562ABF45B80017990B /* BridgingCollectionReusableView.swift */; };
		021027742ABF45B80017990B /* InlineConfigurable.swift in Sources */ = {isa = PBXBuildFile; fileRef = 021027582ABF45B80017990B /* InlineConfigurable.swift */; };
		021027752ABF45B80017990B /* UIView+Extensions.swift in Sources */ = {isa = PBXBuildFile; fileRef = 0210275A2ABF45B80017990B /* UIView+Extensions.swift */; };
		021027762ABF45B80017990B /* UIViewController+Extension.swift in Sources */ = {isa = PBXBuildFile; fileRef = 0210275B2ABF45B80017990B /* UIViewController+Extension.swift */; };
		021027772ABF45B80017990B /* Color+Extension.swift in Sources */ = {isa = PBXBuildFile; fileRef = 0210275C2ABF45B80017990B /* Color+Extension.swift */; };
		021027782ABF45B80017990B /* DefaultLifeCycleListener.swift in Sources */ = {isa = PBXBuildFile; fileRef = 0210275F2ABF45B80017990B /* DefaultLifeCycleListener.swift */; };
		021027792ABF45B80017990B /* AnyCoordinator.swift in Sources */ = {isa = PBXBuildFile; fileRef = 021027602ABF45B80017990B /* AnyCoordinator.swift */; };
		0210277A2ABF45B80017990B /* ApplicationRouter.swift in Sources */ = {isa = PBXBuildFile; fileRef = 021027612ABF45B80017990B /* ApplicationRouter.swift */; };
		0210277B2ABF45B80017990B /* BaseCoordinator.swift in Sources */ = {isa = PBXBuildFile; fileRef = 021027622ABF45B80017990B /* BaseCoordinator.swift */; };
		0210277C2ABF45B80017990B /* UINavigationController+.swift in Sources */ = {isa = PBXBuildFile; fileRef = 021027642ABF45B80017990B /* UINavigationController+.swift */; };
		0210277D2ABF45B80017990B /* AutomaticCoordinatorConfiguration.swift in Sources */ = {isa = PBXBuildFile; fileRef = 021027652ABF45B80017990B /* AutomaticCoordinatorConfiguration.swift */; };
		0210277E2ABF45B80017990B /* ModalPresentationStyle.swift in Sources */ = {isa = PBXBuildFile; fileRef = 021027662ABF45B80017990B /* ModalPresentationStyle.swift */; };
		0210277F2ABF45B80017990B /* ModalTransitionStyle.swift in Sources */ = {isa = PBXBuildFile; fileRef = 021027672ABF45B80017990B /* ModalTransitionStyle.swift */; };
		021027802ABF45B80017990B /* SystemNavigation.swift in Sources */ = {isa = PBXBuildFile; fileRef = 021027692ABF45B80017990B /* SystemNavigation.swift */; };
		021027812ABF45B80017990B /* LifeCycleListener.swift in Sources */ = {isa = PBXBuildFile; fileRef = 0210276A2ABF45B80017990B /* LifeCycleListener.swift */; };
		021027822ABF45B80017990B /* Routable.swift in Sources */ = {isa = PBXBuildFile; fileRef = 0210276B2ABF45B80017990B /* Routable.swift */; };
		021027832ABF45B80017990B /* Presentable.swift in Sources */ = {isa = PBXBuildFile; fileRef = 0210276C2ABF45B80017990B /* Presentable.swift */; };
		021027842ABF45B80017990B /* Transition.swift in Sources */ = {isa = PBXBuildFile; fileRef = 0210276D2ABF45B80017990B /* Transition.swift */; };
		021027852ABF45B80017990B /* Coordinator.swift in Sources */ = {isa = PBXBuildFile; fileRef = 0210276E2ABF45B80017990B /* Coordinator.swift */; };
		021027892ABF46620017990B /* AuthorizationViewController.swift in Sources */ = {isa = PBXBuildFile; fileRef = 021027882ABF46620017990B /* AuthorizationViewController.swift */; };
		0210278C2ABF47F90017990B /* ModuleFactory.swift in Sources */ = {isa = PBXBuildFile; fileRef = 0210278B2ABF47F90017990B /* ModuleFactory.swift */; };
		0210278E2ABF493C0017990B /* CoordinatorFactory.swift in Sources */ = {isa = PBXBuildFile; fileRef = 0210278D2ABF493C0017990B /* CoordinatorFactory.swift */; };
		021027912ABF4A2E0017990B /* SystemNavigationController.swift in Sources */ = {isa = PBXBuildFile; fileRef = 021027902ABF4A2E0017990B /* SystemNavigationController.swift */; };
		021027932ABF4CC20017990B /* AuthCoordinator.swift in Sources */ = {isa = PBXBuildFile; fileRef = 021027922ABF4CC20017990B /* AuthCoordinator.swift */; };
		021027952ABF50320017990B /* ApplicationCoordinator.swift in Sources */ = {isa = PBXBuildFile; fileRef = 021027942ABF50320017990B /* ApplicationCoordinator.swift */; };
		0236D8782AC25445006EF776 /* Tab.swift in Sources */ = {isa = PBXBuildFile; fileRef = 0236D8772AC25445006EF776 /* Tab.swift */; };
		0236D87B2AC2564F006EF776 /* SystemTabBarController.swift in Sources */ = {isa = PBXBuildFile; fileRef = 0236D87A2AC2564F006EF776 /* SystemTabBarController.swift */; };
		0236D87D2AC256C5006EF776 /* TabBarManager.swift in Sources */ = {isa = PBXBuildFile; fileRef = 0236D87C2AC256C5006EF776 /* TabBarManager.swift */; };
		0236D87F2AC2588B006EF776 /* TabBarCoordinator.swift in Sources */ = {isa = PBXBuildFile; fileRef = 0236D87E2AC2588B006EF776 /* TabBarCoordinator.swift */; };
		0236D8812AC258DB006EF776 /* TransitionFactory.swift in Sources */ = {isa = PBXBuildFile; fileRef = 0236D8802AC258DB006EF776 /* TransitionFactory.swift */; };
		0236D8872AC25917006EF776 /* DismissTransition.swift in Sources */ = {isa = PBXBuildFile; fileRef = 0236D8832AC25917006EF776 /* DismissTransition.swift */; };
		0236D8882AC25917006EF776 /* CustomTransition.swift in Sources */ = {isa = PBXBuildFile; fileRef = 0236D8842AC25917006EF776 /* CustomTransition.swift */; };
		0236D8892AC25917006EF776 /* FadeTransition.swift in Sources */ = {isa = PBXBuildFile; fileRef = 0236D8852AC25917006EF776 /* FadeTransition.swift */; };
		0236D88A2AC25917006EF776 /* CrossDissolveTransition.swift in Sources */ = {isa = PBXBuildFile; fileRef = 0236D8862AC25917006EF776 /* CrossDissolveTransition.swift */; };
		0236D88C2AC259D9006EF776 /* PrototypeTabCoordinator.swift in Sources */ = {isa = PBXBuildFile; fileRef = 0236D88B2AC259D9006EF776 /* PrototypeTabCoordinator.swift */; };
		0236D88E2AC25A50006EF776 /* PrototypeModuleViewController.swift in Sources */ = {isa = PBXBuildFile; fileRef = 0236D88D2AC25A50006EF776 /* PrototypeModuleViewController.swift */; };
		0236D8902AC25B31006EF776 /* TabFactory.swift in Sources */ = {isa = PBXBuildFile; fileRef = 0236D88F2AC25B31006EF776 /* TabFactory.swift */; };
		02372F092AC33C3600D04E2E /* SettingsTabCoordinator.swift in Sources */ = {isa = PBXBuildFile; fileRef = 02372F082AC33C3600D04E2E /* SettingsTabCoordinator.swift */; };
		02372F0B2AC33C8400D04E2E /* SettingsModuleViewController.swift in Sources */ = {isa = PBXBuildFile; fileRef = 02372F0A2AC33C8400D04E2E /* SettingsModuleViewController.swift */; };
		028391BD2AC1386F00299AA5 /* GoogleService-Info.plist in Resources */ = {isa = PBXBuildFile; fileRef = 028391BC2AC1386F00299AA5 /* GoogleService-Info.plist */; };
		028391CC2AC13D3800299AA5 /* FirebaseAuth in Frameworks */ = {isa = PBXBuildFile; productRef = 028391CB2AC13D3800299AA5 /* FirebaseAuth */; };
		028391D82AC13D3800299AA5 /* FirebaseFirestore in Frameworks */ = {isa = PBXBuildFile; productRef = 028391D72AC13D3800299AA5 /* FirebaseFirestore */; };
		028391F22AC13D3800299AA5 /* FirebaseStorage in Frameworks */ = {isa = PBXBuildFile; productRef = 028391F12AC13D3800299AA5 /* FirebaseStorage */; };
		028391F62AC1446D00299AA5 /* BaseView.swift in Sources */ = {isa = PBXBuildFile; fileRef = 028391F52AC1446D00299AA5 /* BaseView.swift */; };
		028391F82AC1451C00299AA5 /* AuthTextField.swift in Sources */ = {isa = PBXBuildFile; fileRef = 028391F72AC1451C00299AA5 /* AuthTextField.swift */; };
		028391FB2AC1789C00299AA5 /* ProgressHUD in Frameworks */ = {isa = PBXBuildFile; productRef = 028391FA2AC1789C00299AA5 /* ProgressHUD */; };
		028391FD2AC1819900299AA5 /* Store.swift in Sources */ = {isa = PBXBuildFile; fileRef = 028391FC2AC1819900299AA5 /* Store.swift */; };
		028392132AC181B500299AA5 /* UIView+withLoading.swift in Sources */ = {isa = PBXBuildFile; fileRef = 028392002AC181B500299AA5 /* UIView+withLoading.swift */; };
		028392142AC181B500299AA5 /* UIKitLoadingView.swift in Sources */ = {isa = PBXBuildFile; fileRef = 028392012AC181B500299AA5 /* UIKitLoadingView.swift */; };
		028392152AC181B500299AA5 /* UIViewController+bindLoading.swift in Sources */ = {isa = PBXBuildFile; fileRef = 028392022AC181B500299AA5 /* UIViewController+bindLoading.swift */; };
		028392162AC181B500299AA5 /* LoadingViewModel.swift in Sources */ = {isa = PBXBuildFile; fileRef = 028392032AC181B500299AA5 /* LoadingViewModel.swift */; };
		028392172AC181B500299AA5 /* View+bindLoading.swift in Sources */ = {isa = PBXBuildFile; fileRef = 028392052AC181B500299AA5 /* View+bindLoading.swift */; };
		028392182AC181B500299AA5 /* View+withLoading.swift in Sources */ = {isa = PBXBuildFile; fileRef = 028392062AC181B500299AA5 /* View+withLoading.swift */; };
		028392192AC181B500299AA5 /* LoadingView.swift in Sources */ = {isa = PBXBuildFile; fileRef = 028392072AC181B500299AA5 /* LoadingView.swift */; };
		0283921A2AC181B500299AA5 /* ErrorViewModel.swift in Sources */ = {isa = PBXBuildFile; fileRef = 028392092AC181B500299AA5 /* ErrorViewModel.swift */; };
		0283921B2AC181B500299AA5 /* Error.swift in Sources */ = {isa = PBXBuildFile; fileRef = 0283920A2AC181B500299AA5 /* Error.swift */; };
		0283921C2AC181B500299AA5 /* UIViewController+bindError.swift in Sources */ = {isa = PBXBuildFile; fileRef = 0283920C2AC181B500299AA5 /* UIViewController+bindError.swift */; };
		0283921D2AC181B500299AA5 /* UIKitErrorView.swift in Sources */ = {isa = PBXBuildFile; fileRef = 0283920D2AC181B500299AA5 /* UIKitErrorView.swift */; };
		0283921E2AC181B500299AA5 /* View+bindError.swift in Sources */ = {isa = PBXBuildFile; fileRef = 0283920F2AC181B500299AA5 /* View+bindError.swift */; };
		0283921F2AC181B500299AA5 /* View+withError.swift in Sources */ = {isa = PBXBuildFile; fileRef = 028392102AC181B500299AA5 /* View+withError.swift */; };
		028392202AC181B500299AA5 /* DismissableErrorView.swift in Sources */ = {isa = PBXBuildFile; fileRef = 028392112AC181B500299AA5 /* DismissableErrorView.swift */; };
		028392212AC181B500299AA5 /* ErrorView.swift in Sources */ = {isa = PBXBuildFile; fileRef = 028392122AC181B500299AA5 /* ErrorView.swift */; };
		028392232AC181C800299AA5 /* WithBackground.swift in Sources */ = {isa = PBXBuildFile; fileRef = 028392222AC181C800299AA5 /* WithBackground.swift */; };
		028392252AC181EE00299AA5 /* AuthStore.swift in Sources */ = {isa = PBXBuildFile; fileRef = 028392242AC181EE00299AA5 /* AuthStore.swift */; };
		028392272AC182FE00299AA5 /* AuthUseCase.swift in Sources */ = {isa = PBXBuildFile; fileRef = 028392262AC182FE00299AA5 /* AuthUseCase.swift */; };
		028392292AC1851600299AA5 /* FirebaseClient.swift in Sources */ = {isa = PBXBuildFile; fileRef = 028392282AC1851600299AA5 /* FirebaseClient.swift */; };
		0283922B2AC1858000299AA5 /* AuthModuleService.swift in Sources */ = {isa = PBXBuildFile; fileRef = 0283922A2AC1858000299AA5 /* AuthModuleService.swift */; };
		02D8ED562AC19AAF002658D8 /* Person.swift in Sources */ = {isa = PBXBuildFile; fileRef = 02D8ED552AC19AAF002658D8 /* Person.swift */; };
		02E1097E2AC4486600F7882A /* EditProfileViewController.swift in Sources */ = {isa = PBXBuildFile; fileRef = 02E1097D2AC4486600F7882A /* EditProfileViewController.swift */; };
		02E109812AC44A6E00F7882A /* ModuleFactoryProtocol.swift in Sources */ = {isa = PBXBuildFile; fileRef = 02E109802AC44A6E00F7882A /* ModuleFactoryProtocol.swift */; };
		02E109832AC44D9300F7882A /* PhotoTableViewCell.swift in Sources */ = {isa = PBXBuildFile; fileRef = 02E109822AC44D9300F7882A /* PhotoTableViewCell.swift */; };
		02E109852AC4544A00F7882A /* TextFieldTableViewCell.swift in Sources */ = {isa = PBXBuildFile; fileRef = 02E109842AC4544A00F7882A /* TextFieldTableViewCell.swift */; };
		02E109872AC4547600F7882A /* StatusTableViewCell.swift in Sources */ = {isa = PBXBuildFile; fileRef = 02E109862AC4547600F7882A /* StatusTableViewCell.swift */; };
		02E1098B2AC45C8900F7882A /* ProfileStatusViewController.swift in Sources */ = {isa = PBXBuildFile; fileRef = 02E1098A2AC45C8900F7882A /* ProfileStatusViewController.swift */; };
		02E1098F2AC48A8E00F7882A /* FileStorage.swift in Sources */ = {isa = PBXBuildFile; fileRef = 02E1098E2AC48A8E00F7882A /* FileStorage.swift */; };
		02EC3B0E2AC08B3E006ECA4C /* SnapKit in Frameworks */ = {isa = PBXBuildFile; productRef = 02EC3B0D2AC08B3E006ECA4C /* SnapKit */; };
		02EC3B122AC08B81006ECA4C /* BaseViewController.swift in Sources */ = {isa = PBXBuildFile; fileRef = 02EC3B112AC08B81006ECA4C /* BaseViewController.swift */; };
		02F8D6602AC1A23C00AF399D /* FirebaseFirestoreSwift in Frameworks */ = {isa = PBXBuildFile; productRef = 02F8D65F2AC1A23C00AF399D /* FirebaseFirestoreSwift */; };
/* End PBXBuildFile section */

/* Begin PBXFileReference section */
		020FC6EF2AC3EAB2008C37DF /* SettingsNameTableViewCell.swift */ = {isa = PBXFileReference; lastKnownFileType = sourcecode.swift; path = SettingsNameTableViewCell.swift; sourceTree = "<group>"; };
		020FC6F12AC3EAC9008C37DF /* BaseTableViewCell.swift */ = {isa = PBXFileReference; lastKnownFileType = sourcecode.swift; path = BaseTableViewCell.swift; sourceTree = "<group>"; };
		020FC6F32AC3EBB5008C37DF /* SettingRowTableViewCell.swift */ = {isa = PBXFileReference; lastKnownFileType = sourcecode.swift; path = SettingRowTableViewCell.swift; sourceTree = "<group>"; };
		021027372ABF43730017990B /* WhatsApp.app */ = {isa = PBXFileReference; explicitFileType = wrapper.application; includeInIndex = 0; path = WhatsApp.app; sourceTree = BUILT_PRODUCTS_DIR; };
		0210273A2ABF43730017990B /* AppDelegate.swift */ = {isa = PBXFileReference; lastKnownFileType = sourcecode.swift; path = AppDelegate.swift; sourceTree = "<group>"; };
		021027432ABF43740017990B /* Assets.xcassets */ = {isa = PBXFileReference; lastKnownFileType = folder.assetcatalog; path = Assets.xcassets; sourceTree = "<group>"; };
		021027462ABF43740017990B /* Base */ = {isa = PBXFileReference; lastKnownFileType = file.storyboard; name = Base; path = Base.lproj/LaunchScreen.storyboard; sourceTree = "<group>"; };
		021027482ABF43740017990B /* Info.plist */ = {isa = PBXFileReference; lastKnownFileType = text.plist.xml; path = Info.plist; sourceTree = "<group>"; };
		021027522ABF45B80017990B /* RestrictedUIHostingController.swift */ = {isa = PBXFileReference; fileEncoding = 4; lastKnownFileType = sourcecode.swift; path = RestrictedUIHostingController.swift; sourceTree = "<group>"; };
		021027532ABF45B80017990B /* BridgedView.swift */ = {isa = PBXFileReference; fileEncoding = 4; lastKnownFileType = sourcecode.swift; path = BridgedView.swift; sourceTree = "<group>"; };
		021027542ABF45B80017990B /* BridgingRestrictedTableViewCell.swift */ = {isa = PBXFileReference; fileEncoding = 4; lastKnownFileType = sourcecode.swift; path = BridgingRestrictedTableViewCell.swift; sourceTree = "<group>"; };
		021027552ABF45B80017990B /* BridgingCollectionViewCell.swift */ = {isa = PBXFileReference; fileEncoding = 4; lastKnownFileType = sourcecode.swift; path = BridgingCollectionViewCell.swift; sourceTree = "<group>"; };
		021027562ABF45B80017990B /* BridgingCollectionReusableView.swift */ = {isa = PBXFileReference; fileEncoding = 4; lastKnownFileType = sourcecode.swift; path = BridgingCollectionReusableView.swift; sourceTree = "<group>"; };
		021027582ABF45B80017990B /* InlineConfigurable.swift */ = {isa = PBXFileReference; fileEncoding = 4; lastKnownFileType = sourcecode.swift; path = InlineConfigurable.swift; sourceTree = "<group>"; };
		0210275A2ABF45B80017990B /* UIView+Extensions.swift */ = {isa = PBXFileReference; fileEncoding = 4; lastKnownFileType = sourcecode.swift; path = "UIView+Extensions.swift"; sourceTree = "<group>"; };
		0210275B2ABF45B80017990B /* UIViewController+Extension.swift */ = {isa = PBXFileReference; fileEncoding = 4; lastKnownFileType = sourcecode.swift; path = "UIViewController+Extension.swift"; sourceTree = "<group>"; };
		0210275C2ABF45B80017990B /* Color+Extension.swift */ = {isa = PBXFileReference; fileEncoding = 4; lastKnownFileType = sourcecode.swift; path = "Color+Extension.swift"; sourceTree = "<group>"; };
		0210275F2ABF45B80017990B /* DefaultLifeCycleListener.swift */ = {isa = PBXFileReference; fileEncoding = 4; lastKnownFileType = sourcecode.swift; path = DefaultLifeCycleListener.swift; sourceTree = "<group>"; };
		021027602ABF45B80017990B /* AnyCoordinator.swift */ = {isa = PBXFileReference; fileEncoding = 4; lastKnownFileType = sourcecode.swift; path = AnyCoordinator.swift; sourceTree = "<group>"; };
		021027612ABF45B80017990B /* ApplicationRouter.swift */ = {isa = PBXFileReference; fileEncoding = 4; lastKnownFileType = sourcecode.swift; path = ApplicationRouter.swift; sourceTree = "<group>"; };
		021027622ABF45B80017990B /* BaseCoordinator.swift */ = {isa = PBXFileReference; fileEncoding = 4; lastKnownFileType = sourcecode.swift; path = BaseCoordinator.swift; sourceTree = "<group>"; };
		021027642ABF45B80017990B /* UINavigationController+.swift */ = {isa = PBXFileReference; fileEncoding = 4; lastKnownFileType = sourcecode.swift; path = "UINavigationController+.swift"; sourceTree = "<group>"; };
		021027652ABF45B80017990B /* AutomaticCoordinatorConfiguration.swift */ = {isa = PBXFileReference; fileEncoding = 4; lastKnownFileType = sourcecode.swift; path = AutomaticCoordinatorConfiguration.swift; sourceTree = "<group>"; };
		021027662ABF45B80017990B /* ModalPresentationStyle.swift */ = {isa = PBXFileReference; fileEncoding = 4; lastKnownFileType = sourcecode.swift; path = ModalPresentationStyle.swift; sourceTree = "<group>"; };
		021027672ABF45B80017990B /* ModalTransitionStyle.swift */ = {isa = PBXFileReference; fileEncoding = 4; lastKnownFileType = sourcecode.swift; path = ModalTransitionStyle.swift; sourceTree = "<group>"; };
		021027692ABF45B80017990B /* SystemNavigation.swift */ = {isa = PBXFileReference; fileEncoding = 4; lastKnownFileType = sourcecode.swift; path = SystemNavigation.swift; sourceTree = "<group>"; };
		0210276A2ABF45B80017990B /* LifeCycleListener.swift */ = {isa = PBXFileReference; fileEncoding = 4; lastKnownFileType = sourcecode.swift; path = LifeCycleListener.swift; sourceTree = "<group>"; };
		0210276B2ABF45B80017990B /* Routable.swift */ = {isa = PBXFileReference; fileEncoding = 4; lastKnownFileType = sourcecode.swift; path = Routable.swift; sourceTree = "<group>"; };
		0210276C2ABF45B80017990B /* Presentable.swift */ = {isa = PBXFileReference; fileEncoding = 4; lastKnownFileType = sourcecode.swift; path = Presentable.swift; sourceTree = "<group>"; };
		0210276D2ABF45B80017990B /* Transition.swift */ = {isa = PBXFileReference; fileEncoding = 4; lastKnownFileType = sourcecode.swift; path = Transition.swift; sourceTree = "<group>"; };
		0210276E2ABF45B80017990B /* Coordinator.swift */ = {isa = PBXFileReference; fileEncoding = 4; lastKnownFileType = sourcecode.swift; path = Coordinator.swift; sourceTree = "<group>"; };
		021027882ABF46620017990B /* AuthorizationViewController.swift */ = {isa = PBXFileReference; lastKnownFileType = sourcecode.swift; path = AuthorizationViewController.swift; sourceTree = "<group>"; };
		0210278B2ABF47F90017990B /* ModuleFactory.swift */ = {isa = PBXFileReference; lastKnownFileType = sourcecode.swift; path = ModuleFactory.swift; sourceTree = "<group>"; };
		0210278D2ABF493C0017990B /* CoordinatorFactory.swift */ = {isa = PBXFileReference; lastKnownFileType = sourcecode.swift; path = CoordinatorFactory.swift; sourceTree = "<group>"; };
		021027902ABF4A2E0017990B /* SystemNavigationController.swift */ = {isa = PBXFileReference; fileEncoding = 4; lastKnownFileType = sourcecode.swift; path = SystemNavigationController.swift; sourceTree = "<group>"; };
		021027922ABF4CC20017990B /* AuthCoordinator.swift */ = {isa = PBXFileReference; lastKnownFileType = sourcecode.swift; path = AuthCoordinator.swift; sourceTree = "<group>"; };
		021027942ABF50320017990B /* ApplicationCoordinator.swift */ = {isa = PBXFileReference; lastKnownFileType = sourcecode.swift; path = ApplicationCoordinator.swift; sourceTree = "<group>"; };
		0236D8772AC25445006EF776 /* Tab.swift */ = {isa = PBXFileReference; lastKnownFileType = sourcecode.swift; path = Tab.swift; sourceTree = "<group>"; };
		0236D87A2AC2564F006EF776 /* SystemTabBarController.swift */ = {isa = PBXFileReference; lastKnownFileType = sourcecode.swift; path = SystemTabBarController.swift; sourceTree = "<group>"; };
		0236D87C2AC256C5006EF776 /* TabBarManager.swift */ = {isa = PBXFileReference; lastKnownFileType = sourcecode.swift; path = TabBarManager.swift; sourceTree = "<group>"; };
		0236D87E2AC2588B006EF776 /* TabBarCoordinator.swift */ = {isa = PBXFileReference; lastKnownFileType = sourcecode.swift; path = TabBarCoordinator.swift; sourceTree = "<group>"; };
		0236D8802AC258DB006EF776 /* TransitionFactory.swift */ = {isa = PBXFileReference; lastKnownFileType = sourcecode.swift; path = TransitionFactory.swift; sourceTree = "<group>"; };
		0236D8832AC25917006EF776 /* DismissTransition.swift */ = {isa = PBXFileReference; fileEncoding = 4; lastKnownFileType = sourcecode.swift; path = DismissTransition.swift; sourceTree = "<group>"; };
		0236D8842AC25917006EF776 /* CustomTransition.swift */ = {isa = PBXFileReference; fileEncoding = 4; lastKnownFileType = sourcecode.swift; path = CustomTransition.swift; sourceTree = "<group>"; };
		0236D8852AC25917006EF776 /* FadeTransition.swift */ = {isa = PBXFileReference; fileEncoding = 4; lastKnownFileType = sourcecode.swift; path = FadeTransition.swift; sourceTree = "<group>"; };
		0236D8862AC25917006EF776 /* CrossDissolveTransition.swift */ = {isa = PBXFileReference; fileEncoding = 4; lastKnownFileType = sourcecode.swift; path = CrossDissolveTransition.swift; sourceTree = "<group>"; };
		0236D88B2AC259D9006EF776 /* PrototypeTabCoordinator.swift */ = {isa = PBXFileReference; lastKnownFileType = sourcecode.swift; path = PrototypeTabCoordinator.swift; sourceTree = "<group>"; };
		0236D88D2AC25A50006EF776 /* PrototypeModuleViewController.swift */ = {isa = PBXFileReference; lastKnownFileType = sourcecode.swift; path = PrototypeModuleViewController.swift; sourceTree = "<group>"; };
		0236D88F2AC25B31006EF776 /* TabFactory.swift */ = {isa = PBXFileReference; lastKnownFileType = sourcecode.swift; path = TabFactory.swift; sourceTree = "<group>"; };
		02372F082AC33C3600D04E2E /* SettingsTabCoordinator.swift */ = {isa = PBXFileReference; lastKnownFileType = sourcecode.swift; path = SettingsTabCoordinator.swift; sourceTree = "<group>"; };
		02372F0A2AC33C8400D04E2E /* SettingsModuleViewController.swift */ = {isa = PBXFileReference; lastKnownFileType = sourcecode.swift; path = SettingsModuleViewController.swift; sourceTree = "<group>"; };
		028391BC2AC1386F00299AA5 /* GoogleService-Info.plist */ = {isa = PBXFileReference; fileEncoding = 4; lastKnownFileType = text.plist.xml; path = "GoogleService-Info.plist"; sourceTree = "<group>"; };
		028391F52AC1446D00299AA5 /* BaseView.swift */ = {isa = PBXFileReference; lastKnownFileType = sourcecode.swift; path = BaseView.swift; sourceTree = "<group>"; };
		028391F72AC1451C00299AA5 /* AuthTextField.swift */ = {isa = PBXFileReference; lastKnownFileType = sourcecode.swift; path = AuthTextField.swift; sourceTree = "<group>"; };
		028391FC2AC1819900299AA5 /* Store.swift */ = {isa = PBXFileReference; fileEncoding = 4; lastKnownFileType = sourcecode.swift; path = Store.swift; sourceTree = "<group>"; };
		028392002AC181B500299AA5 /* UIView+withLoading.swift */ = {isa = PBXFileReference; fileEncoding = 4; lastKnownFileType = sourcecode.swift; path = "UIView+withLoading.swift"; sourceTree = "<group>"; };
		028392012AC181B500299AA5 /* UIKitLoadingView.swift */ = {isa = PBXFileReference; fileEncoding = 4; lastKnownFileType = sourcecode.swift; path = UIKitLoadingView.swift; sourceTree = "<group>"; };
		028392022AC181B500299AA5 /* UIViewController+bindLoading.swift */ = {isa = PBXFileReference; fileEncoding = 4; lastKnownFileType = sourcecode.swift; path = "UIViewController+bindLoading.swift"; sourceTree = "<group>"; };
		028392032AC181B500299AA5 /* LoadingViewModel.swift */ = {isa = PBXFileReference; fileEncoding = 4; lastKnownFileType = sourcecode.swift; path = LoadingViewModel.swift; sourceTree = "<group>"; };
		028392052AC181B500299AA5 /* View+bindLoading.swift */ = {isa = PBXFileReference; fileEncoding = 4; lastKnownFileType = sourcecode.swift; path = "View+bindLoading.swift"; sourceTree = "<group>"; };
		028392062AC181B500299AA5 /* View+withLoading.swift */ = {isa = PBXFileReference; fileEncoding = 4; lastKnownFileType = sourcecode.swift; path = "View+withLoading.swift"; sourceTree = "<group>"; };
		028392072AC181B500299AA5 /* LoadingView.swift */ = {isa = PBXFileReference; fileEncoding = 4; lastKnownFileType = sourcecode.swift; path = LoadingView.swift; sourceTree = "<group>"; };
		028392092AC181B500299AA5 /* ErrorViewModel.swift */ = {isa = PBXFileReference; fileEncoding = 4; lastKnownFileType = sourcecode.swift; path = ErrorViewModel.swift; sourceTree = "<group>"; };
		0283920A2AC181B500299AA5 /* Error.swift */ = {isa = PBXFileReference; fileEncoding = 4; lastKnownFileType = sourcecode.swift; path = Error.swift; sourceTree = "<group>"; };
		0283920C2AC181B500299AA5 /* UIViewController+bindError.swift */ = {isa = PBXFileReference; fileEncoding = 4; lastKnownFileType = sourcecode.swift; path = "UIViewController+bindError.swift"; sourceTree = "<group>"; };
		0283920D2AC181B500299AA5 /* UIKitErrorView.swift */ = {isa = PBXFileReference; fileEncoding = 4; lastKnownFileType = sourcecode.swift; path = UIKitErrorView.swift; sourceTree = "<group>"; };
		0283920F2AC181B500299AA5 /* View+bindError.swift */ = {isa = PBXFileReference; fileEncoding = 4; lastKnownFileType = sourcecode.swift; path = "View+bindError.swift"; sourceTree = "<group>"; };
		028392102AC181B500299AA5 /* View+withError.swift */ = {isa = PBXFileReference; fileEncoding = 4; lastKnownFileType = sourcecode.swift; path = "View+withError.swift"; sourceTree = "<group>"; };
		028392112AC181B500299AA5 /* DismissableErrorView.swift */ = {isa = PBXFileReference; fileEncoding = 4; lastKnownFileType = sourcecode.swift; path = DismissableErrorView.swift; sourceTree = "<group>"; };
		028392122AC181B500299AA5 /* ErrorView.swift */ = {isa = PBXFileReference; fileEncoding = 4; lastKnownFileType = sourcecode.swift; path = ErrorView.swift; sourceTree = "<group>"; };
		028392222AC181C800299AA5 /* WithBackground.swift */ = {isa = PBXFileReference; fileEncoding = 4; lastKnownFileType = sourcecode.swift; path = WithBackground.swift; sourceTree = "<group>"; };
		028392242AC181EE00299AA5 /* AuthStore.swift */ = {isa = PBXFileReference; lastKnownFileType = sourcecode.swift; path = AuthStore.swift; sourceTree = "<group>"; };
		028392262AC182FE00299AA5 /* AuthUseCase.swift */ = {isa = PBXFileReference; lastKnownFileType = sourcecode.swift; path = AuthUseCase.swift; sourceTree = "<group>"; };
		028392282AC1851600299AA5 /* FirebaseClient.swift */ = {isa = PBXFileReference; lastKnownFileType = sourcecode.swift; path = FirebaseClient.swift; sourceTree = "<group>"; };
		0283922A2AC1858000299AA5 /* AuthModuleService.swift */ = {isa = PBXFileReference; lastKnownFileType = sourcecode.swift; path = AuthModuleService.swift; sourceTree = "<group>"; };
		02D8ED552AC19AAF002658D8 /* Person.swift */ = {isa = PBXFileReference; lastKnownFileType = sourcecode.swift; path = Person.swift; sourceTree = "<group>"; };
		02E1097D2AC4486600F7882A /* EditProfileViewController.swift */ = {isa = PBXFileReference; lastKnownFileType = sourcecode.swift; path = EditProfileViewController.swift; sourceTree = "<group>"; };
		02E109802AC44A6E00F7882A /* ModuleFactoryProtocol.swift */ = {isa = PBXFileReference; lastKnownFileType = sourcecode.swift; path = ModuleFactoryProtocol.swift; sourceTree = "<group>"; };
		02E109822AC44D9300F7882A /* PhotoTableViewCell.swift */ = {isa = PBXFileReference; lastKnownFileType = sourcecode.swift; path = PhotoTableViewCell.swift; sourceTree = "<group>"; };
		02E109842AC4544A00F7882A /* TextFieldTableViewCell.swift */ = {isa = PBXFileReference; lastKnownFileType = sourcecode.swift; path = TextFieldTableViewCell.swift; sourceTree = "<group>"; };
		02E109862AC4547600F7882A /* StatusTableViewCell.swift */ = {isa = PBXFileReference; lastKnownFileType = sourcecode.swift; path = StatusTableViewCell.swift; sourceTree = "<group>"; };
		02E1098A2AC45C8900F7882A /* ProfileStatusViewController.swift */ = {isa = PBXFileReference; lastKnownFileType = sourcecode.swift; path = ProfileStatusViewController.swift; sourceTree = "<group>"; };
		02E1098E2AC48A8E00F7882A /* FileStorage.swift */ = {isa = PBXFileReference; lastKnownFileType = sourcecode.swift; path = FileStorage.swift; sourceTree = "<group>"; };
		02EC3B112AC08B81006ECA4C /* BaseViewController.swift */ = {isa = PBXFileReference; lastKnownFileType = sourcecode.swift; path = BaseViewController.swift; sourceTree = "<group>"; };
/* End PBXFileReference section */

/* Begin PBXFrameworksBuildPhase section */
		021027342ABF43730017990B /* Frameworks */ = {
			isa = PBXFrameworksBuildPhase;
			buildActionMask = 2147483647;
			files = (
				028391F22AC13D3800299AA5 /* FirebaseStorage in Frameworks */,
				02EC3B0E2AC08B3E006ECA4C /* SnapKit in Frameworks */,
				020FC6F72AC3FDDF008C37DF /* Kingfisher in Frameworks */,
				028391FB2AC1789C00299AA5 /* ProgressHUD in Frameworks */,
				028391CC2AC13D3800299AA5 /* FirebaseAuth in Frameworks */,
				028391D82AC13D3800299AA5 /* FirebaseFirestore in Frameworks */,
				02F8D6602AC1A23C00AF399D /* FirebaseFirestoreSwift in Frameworks */,
			);
			runOnlyForDeploymentPostprocessing = 0;
		};
/* End PBXFrameworksBuildPhase section */

/* Begin PBXGroup section */
		020FC6ED2AC3E854008C37DF /* Settings */ = {
			isa = PBXGroup;
			children = (
				02372F0A2AC33C8400D04E2E /* SettingsModuleViewController.swift */,
				020FC6EF2AC3EAB2008C37DF /* SettingsNameTableViewCell.swift */,
				020FC6F32AC3EBB5008C37DF /* SettingRowTableViewCell.swift */,
			);
			path = Settings;
			sourceTree = "<group>";
		};
		020FC6EE2AC3E863008C37DF /* Prototype */ = {
			isa = PBXGroup;
			children = (
				0236D88D2AC25A50006EF776 /* PrototypeModuleViewController.swift */,
			);
			path = Prototype;
			sourceTree = "<group>";
		};
		0210272E2ABF43730017990B = {
			isa = PBXGroup;
			children = (
				021027392ABF43730017990B /* WhatsApp */,
				021027382ABF43730017990B /* Products */,
				02F8D65E2AC1A23C00AF399D /* Frameworks */,
			);
			sourceTree = "<group>";
		};
		021027382ABF43730017990B /* Products */ = {
			isa = PBXGroup;
			children = (
				021027372ABF43730017990B /* WhatsApp.app */,
			);
			name = Products;
			sourceTree = "<group>";
		};
		021027392ABF43730017990B /* WhatsApp */ = {
			isa = PBXGroup;
			children = (
				0236D8822AC25917006EF776 /* UserTransition */,
				0210278F2ABF4A1E0017990B /* Coordinators */,
				0210278A2ABF47D70017990B /* Factories */,
				021027862ABF46410017990B /* Modules */,
				021027502ABF45B80017990B /* Base */,
				0210274F2ABF452C0017990B /* Supporting Files */,
				0210274E2ABF439D0017990B /* App */,
				02E1098D2AC48A6900F7882A /* FirebaseHelpers */,
				02F8D65D2AC1A1D000AF399D /* Models */,
			);
			path = WhatsApp;
			sourceTree = "<group>";
		};
		0210274E2ABF439D0017990B /* App */ = {
			isa = PBXGroup;
			children = (
				0210273A2ABF43730017990B /* AppDelegate.swift */,
			);
			path = App;
			sourceTree = "<group>";
		};
		0210274F2ABF452C0017990B /* Supporting Files */ = {
			isa = PBXGroup;
			children = (
				021027432ABF43740017990B /* Assets.xcassets */,
				021027452ABF43740017990B /* LaunchScreen.storyboard */,
				028391BC2AC1386F00299AA5 /* GoogleService-Info.plist */,
				021027482ABF43740017990B /* Info.plist */,
			);
			name = "Supporting Files";
			sourceTree = "<group>";
		};
		021027502ABF45B80017990B /* Base */ = {
			isa = PBXGroup;
			children = (
				021027512ABF45B80017990B /* Bridge */,
				021027572ABF45B80017990B /* Utilties */,
				021027592ABF45B80017990B /* Extensions */,
				0210275D2ABF45B80017990B /* Factory */,
				02EC3B112AC08B81006ECA4C /* BaseViewController.swift */,
				028392082AC181B500299AA5 /* Error */,
				028391FE2AC181B500299AA5 /* Loading */,
				028391FC2AC1819900299AA5 /* Store.swift */,
				028392222AC181C800299AA5 /* WithBackground.swift */,
				028391F52AC1446D00299AA5 /* BaseView.swift */,
				020FC6F12AC3EAC9008C37DF /* BaseTableViewCell.swift */,
			);
			path = Base;
			sourceTree = "<group>";
		};
		021027512ABF45B80017990B /* Bridge */ = {
			isa = PBXGroup;
			children = (
				021027522ABF45B80017990B /* RestrictedUIHostingController.swift */,
				021027532ABF45B80017990B /* BridgedView.swift */,
				021027542ABF45B80017990B /* BridgingRestrictedTableViewCell.swift */,
				021027552ABF45B80017990B /* BridgingCollectionViewCell.swift */,
				021027562ABF45B80017990B /* BridgingCollectionReusableView.swift */,
			);
			path = Bridge;
			sourceTree = "<group>";
		};
		021027572ABF45B80017990B /* Utilties */ = {
			isa = PBXGroup;
			children = (
				021027582ABF45B80017990B /* InlineConfigurable.swift */,
			);
			path = Utilties;
			sourceTree = "<group>";
		};
		021027592ABF45B80017990B /* Extensions */ = {
			isa = PBXGroup;
			children = (
				0210275A2ABF45B80017990B /* UIView+Extensions.swift */,
				0210275B2ABF45B80017990B /* UIViewController+Extension.swift */,
				0210275C2ABF45B80017990B /* Color+Extension.swift */,
			);
			path = Extensions;
			sourceTree = "<group>";
		};
		0210275D2ABF45B80017990B /* Factory */ = {
			isa = PBXGroup;
			children = (
				0210275E2ABF45B80017990B /* Core */,
				021027632ABF45B80017990B /* Common */,
				021027682ABF45B80017990B /* Protocols */,
			);
			path = Factory;
			sourceTree = "<group>";
		};
		0210275E2ABF45B80017990B /* Core */ = {
			isa = PBXGroup;
			children = (
				0210275F2ABF45B80017990B /* DefaultLifeCycleListener.swift */,
				021027602ABF45B80017990B /* AnyCoordinator.swift */,
				021027612ABF45B80017990B /* ApplicationRouter.swift */,
				021027622ABF45B80017990B /* BaseCoordinator.swift */,
			);
			path = Core;
			sourceTree = "<group>";
		};
		021027632ABF45B80017990B /* Common */ = {
			isa = PBXGroup;
			children = (
				021027642ABF45B80017990B /* UINavigationController+.swift */,
				021027652ABF45B80017990B /* AutomaticCoordinatorConfiguration.swift */,
				021027662ABF45B80017990B /* ModalPresentationStyle.swift */,
				021027672ABF45B80017990B /* ModalTransitionStyle.swift */,
			);
			path = Common;
			sourceTree = "<group>";
		};
		021027682ABF45B80017990B /* Protocols */ = {
			isa = PBXGroup;
			children = (
				021027692ABF45B80017990B /* SystemNavigation.swift */,
				0210276A2ABF45B80017990B /* LifeCycleListener.swift */,
				0210276B2ABF45B80017990B /* Routable.swift */,
				0210276C2ABF45B80017990B /* Presentable.swift */,
				0210276D2ABF45B80017990B /* Transition.swift */,
				0210276E2ABF45B80017990B /* Coordinator.swift */,
			);
			path = Protocols;
			sourceTree = "<group>";
		};
		021027862ABF46410017990B /* Modules */ = {
			isa = PBXGroup;
			children = (
				021027872ABF46470017990B /* Authorization */,
				020FC6EE2AC3E863008C37DF /* Prototype */,
				020FC6ED2AC3E854008C37DF /* Settings */,
				02E1097F2AC4486D00F7882A /* EditProfile */,
				02E1098C2AC45C9100F7882A /* ProfileStatus */,
			);
			path = Modules;
			sourceTree = "<group>";
		};
		021027872ABF46470017990B /* Authorization */ = {
			isa = PBXGroup;
			children = (
				021027882ABF46620017990B /* AuthorizationViewController.swift */,
				028392242AC181EE00299AA5 /* AuthStore.swift */,
				028391F72AC1451C00299AA5 /* AuthTextField.swift */,
				028392262AC182FE00299AA5 /* AuthUseCase.swift */,
				0283922A2AC1858000299AA5 /* AuthModuleService.swift */,
			);
			path = Authorization;
			sourceTree = "<group>";
		};
		0210278A2ABF47D70017990B /* Factories */ = {
			isa = PBXGroup;
			children = (
				0210278B2ABF47F90017990B /* ModuleFactory.swift */,
				02E109802AC44A6E00F7882A /* ModuleFactoryProtocol.swift */,
				0210278D2ABF493C0017990B /* CoordinatorFactory.swift */,
				0236D8802AC258DB006EF776 /* TransitionFactory.swift */,
				0236D88F2AC25B31006EF776 /* TabFactory.swift */,
			);
			path = Factories;
			sourceTree = "<group>";
		};
		0210278F2ABF4A1E0017990B /* Coordinators */ = {
			isa = PBXGroup;
			children = (
				021027942ABF50320017990B /* ApplicationCoordinator.swift */,
				0236D8762AC1E518006EF776 /* Navigation */,
				021027922ABF4CC20017990B /* AuthCoordinator.swift */,
				0236D88B2AC259D9006EF776 /* PrototypeTabCoordinator.swift */,
				02372F082AC33C3600D04E2E /* SettingsTabCoordinator.swift */,
				0236D8792AC25634006EF776 /* Tabbar */,
			);
			path = Coordinators;
			sourceTree = "<group>";
		};
		0236D8762AC1E518006EF776 /* Navigation */ = {
			isa = PBXGroup;
			children = (
				021027902ABF4A2E0017990B /* SystemNavigationController.swift */,
			);
			path = Navigation;
			sourceTree = "<group>";
		};
		0236D8792AC25634006EF776 /* Tabbar */ = {
			isa = PBXGroup;
			children = (
				0236D8772AC25445006EF776 /* Tab.swift */,
				0236D87E2AC2588B006EF776 /* TabBarCoordinator.swift */,
				0236D87A2AC2564F006EF776 /* SystemTabBarController.swift */,
				0236D87C2AC256C5006EF776 /* TabBarManager.swift */,
			);
			path = Tabbar;
			sourceTree = "<group>";
		};
		0236D8822AC25917006EF776 /* UserTransition */ = {
			isa = PBXGroup;
			children = (
				0236D8832AC25917006EF776 /* DismissTransition.swift */,
				0236D8842AC25917006EF776 /* CustomTransition.swift */,
				0236D8852AC25917006EF776 /* FadeTransition.swift */,
				0236D8862AC25917006EF776 /* CrossDissolveTransition.swift */,
			);
			path = UserTransition;
			sourceTree = "<group>";
		};
		028391FE2AC181B500299AA5 /* Loading */ = {
			isa = PBXGroup;
			children = (
				028391FF2AC181B500299AA5 /* UIKit */,
				028392032AC181B500299AA5 /* LoadingViewModel.swift */,
				028392042AC181B500299AA5 /* SwiftUI */,
			);
			path = Loading;
			sourceTree = "<group>";
		};
		028391FF2AC181B500299AA5 /* UIKit */ = {
			isa = PBXGroup;
			children = (
				028392002AC181B500299AA5 /* UIView+withLoading.swift */,
				028392012AC181B500299AA5 /* UIKitLoadingView.swift */,
				028392022AC181B500299AA5 /* UIViewController+bindLoading.swift */,
			);
			path = UIKit;
			sourceTree = "<group>";
		};
		028392042AC181B500299AA5 /* SwiftUI */ = {
			isa = PBXGroup;
			children = (
				028392052AC181B500299AA5 /* View+bindLoading.swift */,
				028392062AC181B500299AA5 /* View+withLoading.swift */,
				028392072AC181B500299AA5 /* LoadingView.swift */,
			);
			path = SwiftUI;
			sourceTree = "<group>";
		};
		028392082AC181B500299AA5 /* Error */ = {
			isa = PBXGroup;
			children = (
				028392092AC181B500299AA5 /* ErrorViewModel.swift */,
				0283920A2AC181B500299AA5 /* Error.swift */,
				0283920B2AC181B500299AA5 /* UIKit */,
				0283920E2AC181B500299AA5 /* SwiftUI */,
			);
			path = Error;
			sourceTree = "<group>";
		};
		0283920B2AC181B500299AA5 /* UIKit */ = {
			isa = PBXGroup;
			children = (
				0283920C2AC181B500299AA5 /* UIViewController+bindError.swift */,
				0283920D2AC181B500299AA5 /* UIKitErrorView.swift */,
			);
			path = UIKit;
			sourceTree = "<group>";
		};
		0283920E2AC181B500299AA5 /* SwiftUI */ = {
			isa = PBXGroup;
			children = (
				0283920F2AC181B500299AA5 /* View+bindError.swift */,
				028392102AC181B500299AA5 /* View+withError.swift */,
				028392112AC181B500299AA5 /* DismissableErrorView.swift */,
				028392122AC181B500299AA5 /* ErrorView.swift */,
			);
			path = SwiftUI;
			sourceTree = "<group>";
		};
		02E1097F2AC4486D00F7882A /* EditProfile */ = {
			isa = PBXGroup;
			children = (
				02E1097D2AC4486600F7882A /* EditProfileViewController.swift */,
				02E109842AC4544A00F7882A /* TextFieldTableViewCell.swift */,
				02E109862AC4547600F7882A /* StatusTableViewCell.swift */,
				02E109822AC44D9300F7882A /* PhotoTableViewCell.swift */,
			);
			path = EditProfile;
			sourceTree = "<group>";
		};
		02E1098C2AC45C9100F7882A /* ProfileStatus */ = {
			isa = PBXGroup;
			children = (
				02E1098A2AC45C8900F7882A /* ProfileStatusViewController.swift */,
			);
			path = ProfileStatus;
			sourceTree = "<group>";
		};
		02E1098D2AC48A6900F7882A /* FirebaseHelpers */ = {
			isa = PBXGroup;
			children = (
				028392282AC1851600299AA5 /* FirebaseClient.swift */,
				02E1098E2AC48A8E00F7882A /* FileStorage.swift */,
			);
			path = FirebaseHelpers;
			sourceTree = "<group>";
		};
		02F8D65D2AC1A1D000AF399D /* Models */ = {
			isa = PBXGroup;
			children = (
				02D8ED552AC19AAF002658D8 /* Person.swift */,
			);
			path = Models;
			sourceTree = "<group>";
		};
		02F8D65E2AC1A23C00AF399D /* Frameworks */ = {
			isa = PBXGroup;
			children = (
			);
			name = Frameworks;
			sourceTree = "<group>";
		};
/* End PBXGroup section */

/* Begin PBXNativeTarget section */
		021027362ABF43730017990B /* WhatsApp */ = {
			isa = PBXNativeTarget;
			buildConfigurationList = 0210274B2ABF43740017990B /* Build configuration list for PBXNativeTarget "WhatsApp" */;
			buildPhases = (
				021027332ABF43730017990B /* Sources */,
				021027342ABF43730017990B /* Frameworks */,
				021027352ABF43730017990B /* Resources */,
			);
			buildRules = (
			);
			dependencies = (
			);
			name = WhatsApp;
			packageProductDependencies = (
				02EC3B0D2AC08B3E006ECA4C /* SnapKit */,
				028391CB2AC13D3800299AA5 /* FirebaseAuth */,
				028391D72AC13D3800299AA5 /* FirebaseFirestore */,
				028391F12AC13D3800299AA5 /* FirebaseStorage */,
				028391FA2AC1789C00299AA5 /* ProgressHUD */,
				02F8D65F2AC1A23C00AF399D /* FirebaseFirestoreSwift */,
				020FC6F62AC3FDDF008C37DF /* Kingfisher */,
			);
			productName = WhatsApp;
			productReference = 021027372ABF43730017990B /* WhatsApp.app */;
			productType = "com.apple.product-type.application";
		};
/* End PBXNativeTarget section */

/* Begin PBXProject section */
		0210272F2ABF43730017990B /* Project object */ = {
			isa = PBXProject;
			attributes = {
				BuildIndependentTargetsInParallel = 1;
				LastSwiftUpdateCheck = 1500;
				LastUpgradeCheck = 1500;
				TargetAttributes = {
					021027362ABF43730017990B = {
						CreatedOnToolsVersion = 15.0;
					};
				};
			};
			buildConfigurationList = 021027322ABF43730017990B /* Build configuration list for PBXProject "WhatsApp" */;
			compatibilityVersion = "Xcode 14.0";
			developmentRegion = en;
			hasScannedForEncodings = 0;
			knownRegions = (
				en,
				Base,
			);
			mainGroup = 0210272E2ABF43730017990B;
			packageReferences = (
				02EC3B0C2AC08B3E006ECA4C /* XCRemoteSwiftPackageReference "SnapKit" */,
				028391BE2AC13D3800299AA5 /* XCRemoteSwiftPackageReference "firebase-ios-sdk" */,
				028391F92AC1789C00299AA5 /* XCRemoteSwiftPackageReference "ProgressHUD" */,
				020FC6F52AC3FDDF008C37DF /* XCRemoteSwiftPackageReference "Kingfisher" */,
			);
			productRefGroup = 021027382ABF43730017990B /* Products */;
			projectDirPath = "";
			projectRoot = "";
			targets = (
				021027362ABF43730017990B /* WhatsApp */,
			);
		};
/* End PBXProject section */

/* Begin PBXResourcesBuildPhase section */
		021027352ABF43730017990B /* Resources */ = {
			isa = PBXResourcesBuildPhase;
			buildActionMask = 2147483647;
			files = (
				021027472ABF43740017990B /* LaunchScreen.storyboard in Resources */,
				021027442ABF43740017990B /* Assets.xcassets in Resources */,
				028391BD2AC1386F00299AA5 /* GoogleService-Info.plist in Resources */,
			);
			runOnlyForDeploymentPostprocessing = 0;
		};
/* End PBXResourcesBuildPhase section */

/* Begin PBXSourcesBuildPhase section */
		021027332ABF43730017990B /* Sources */ = {
			isa = PBXSourcesBuildPhase;
			buildActionMask = 2147483647;
			files = (
				0283921E2AC181B500299AA5 /* View+bindError.swift in Sources */,
				020FC6F42AC3EBB5008C37DF /* SettingRowTableViewCell.swift in Sources */,
				02372F0B2AC33C8400D04E2E /* SettingsModuleViewController.swift in Sources */,
				0236D8892AC25917006EF776 /* FadeTransition.swift in Sources */,
				0236D87D2AC256C5006EF776 /* TabBarManager.swift in Sources */,
				021027762ABF45B80017990B /* UIViewController+Extension.swift in Sources */,
				020FC6F02AC3EAB2008C37DF /* SettingsNameTableViewCell.swift in Sources */,
				028392182AC181B500299AA5 /* View+withLoading.swift in Sources */,
				028392172AC181B500299AA5 /* View+bindLoading.swift in Sources */,
				0236D87F2AC2588B006EF776 /* TabBarCoordinator.swift in Sources */,
				02E1098B2AC45C8900F7882A /* ProfileStatusViewController.swift in Sources */,
				02E109872AC4547600F7882A /* StatusTableViewCell.swift in Sources */,
				0283921D2AC181B500299AA5 /* UIKitErrorView.swift in Sources */,
				0283922B2AC1858000299AA5 /* AuthModuleService.swift in Sources */,
				021027822ABF45B80017990B /* Routable.swift in Sources */,
				021027772ABF45B80017990B /* Color+Extension.swift in Sources */,
				021027742ABF45B80017990B /* InlineConfigurable.swift in Sources */,
				02EC3B122AC08B81006ECA4C /* BaseViewController.swift in Sources */,
				0236D8902AC25B31006EF776 /* TabFactory.swift in Sources */,
				028392152AC181B500299AA5 /* UIViewController+bindLoading.swift in Sources */,
				028392202AC181B500299AA5 /* DismissableErrorView.swift in Sources */,
				021027912ABF4A2E0017990B /* SystemNavigationController.swift in Sources */,
				02E109832AC44D9300F7882A /* PhotoTableViewCell.swift in Sources */,
				0283921B2AC181B500299AA5 /* Error.swift in Sources */,
				0283921A2AC181B500299AA5 /* ErrorViewModel.swift in Sources */,
				0236D88C2AC259D9006EF776 /* PrototypeTabCoordinator.swift in Sources */,
				0236D8882AC25917006EF776 /* CustomTransition.swift in Sources */,
				02D8ED562AC19AAF002658D8 /* Person.swift in Sources */,
				021027952ABF50320017990B /* ApplicationCoordinator.swift in Sources */,
				02E1098F2AC48A8E00F7882A /* FileStorage.swift in Sources */,
				028392232AC181C800299AA5 /* WithBackground.swift in Sources */,
				0210277A2ABF45B80017990B /* ApplicationRouter.swift in Sources */,
				021027792ABF45B80017990B /* AnyCoordinator.swift in Sources */,
				0210277D2ABF45B80017990B /* AutomaticCoordinatorConfiguration.swift in Sources */,
				0210273B2ABF43730017990B /* AppDelegate.swift in Sources */,
				0236D88E2AC25A50006EF776 /* PrototypeModuleViewController.swift in Sources */,
				021027852ABF45B80017990B /* Coordinator.swift in Sources */,
				0210276F2ABF45B80017990B /* RestrictedUIHostingController.swift in Sources */,
				021027832ABF45B80017990B /* Presentable.swift in Sources */,
				021027722ABF45B80017990B /* BridgingCollectionViewCell.swift in Sources */,
				02E1097E2AC4486600F7882A /* EditProfileViewController.swift in Sources */,
				021027932ABF4CC20017990B /* AuthCoordinator.swift in Sources */,
				0236D8782AC25445006EF776 /* Tab.swift in Sources */,
				0236D8872AC25917006EF776 /* DismissTransition.swift in Sources */,
				021027782ABF45B80017990B /* DefaultLifeCycleListener.swift in Sources */,
				021027712ABF45B80017990B /* BridgingRestrictedTableViewCell.swift in Sources */,
				021027702ABF45B80017990B /* BridgedView.swift in Sources */,
				02372F092AC33C3600D04E2E /* SettingsTabCoordinator.swift in Sources */,
				0236D8812AC258DB006EF776 /* TransitionFactory.swift in Sources */,
				0210278E2ABF493C0017990B /* CoordinatorFactory.swift in Sources */,
				028392132AC181B500299AA5 /* UIView+withLoading.swift in Sources */,
				0210277C2ABF45B80017990B /* UINavigationController+.swift in Sources */,
				028391F82AC1451C00299AA5 /* AuthTextField.swift in Sources */,
				020FC6F22AC3EAC9008C37DF /* BaseTableViewCell.swift in Sources */,
				0283921C2AC181B500299AA5 /* UIViewController+bindError.swift in Sources */,
				028392212AC181B500299AA5 /* ErrorView.swift in Sources */,
				028392192AC181B500299AA5 /* LoadingView.swift in Sources */,
				0283921F2AC181B500299AA5 /* View+withError.swift in Sources */,
				0210277B2ABF45B80017990B /* BaseCoordinator.swift in Sources */,
				021027842ABF45B80017990B /* Transition.swift in Sources */,
				02E109812AC44A6E00F7882A /* ModuleFactoryProtocol.swift in Sources */,
				021027892ABF46620017990B /* AuthorizationViewController.swift in Sources */,
				028392272AC182FE00299AA5 /* AuthUseCase.swift in Sources */,
				0210277F2ABF45B80017990B /* ModalTransitionStyle.swift in Sources */,
				0210277E2ABF45B80017990B /* ModalPresentationStyle.swift in Sources */,
				028391FD2AC1819900299AA5 /* Store.swift in Sources */,
				028392292AC1851600299AA5 /* FirebaseClient.swift in Sources */,
				021027812ABF45B80017990B /* LifeCycleListener.swift in Sources */,
				0236D88A2AC25917006EF776 /* CrossDissolveTransition.swift in Sources */,
				021027752ABF45B80017990B /* UIView+Extensions.swift in Sources */,
				021027802ABF45B80017990B /* SystemNavigation.swift in Sources */,
				028392142AC181B500299AA5 /* UIKitLoadingView.swift in Sources */,
				0236D87B2AC2564F006EF776 /* SystemTabBarController.swift in Sources */,
				0210278C2ABF47F90017990B /* ModuleFactory.swift in Sources */,
				021027732ABF45B80017990B /* BridgingCollectionReusableView.swift in Sources */,
				028391F62AC1446D00299AA5 /* BaseView.swift in Sources */,
				028392252AC181EE00299AA5 /* AuthStore.swift in Sources */,
				028392162AC181B500299AA5 /* LoadingViewModel.swift in Sources */,
				02E109852AC4544A00F7882A /* TextFieldTableViewCell.swift in Sources */,
			);
			runOnlyForDeploymentPostprocessing = 0;
		};
/* End PBXSourcesBuildPhase section */

/* Begin PBXVariantGroup section */
		021027452ABF43740017990B /* LaunchScreen.storyboard */ = {
			isa = PBXVariantGroup;
			children = (
				021027462ABF43740017990B /* Base */,
			);
			name = LaunchScreen.storyboard;
			sourceTree = "<group>";
		};
/* End PBXVariantGroup section */

/* Begin XCBuildConfiguration section */
		021027492ABF43740017990B /* Debug */ = {
			isa = XCBuildConfiguration;
			buildSettings = {
				ALWAYS_SEARCH_USER_PATHS = NO;
				ASSETCATALOG_COMPILER_GENERATE_SWIFT_ASSET_SYMBOL_EXTENSIONS = YES;
				CLANG_ANALYZER_NONNULL = YES;
				CLANG_ANALYZER_NUMBER_OBJECT_CONVERSION = YES_AGGRESSIVE;
				CLANG_CXX_LANGUAGE_STANDARD = "gnu++20";
				CLANG_ENABLE_MODULES = YES;
				CLANG_ENABLE_OBJC_ARC = YES;
				CLANG_ENABLE_OBJC_WEAK = YES;
				CLANG_WARN_BLOCK_CAPTURE_AUTORELEASING = YES;
				CLANG_WARN_BOOL_CONVERSION = YES;
				CLANG_WARN_COMMA = YES;
				CLANG_WARN_CONSTANT_CONVERSION = YES;
				CLANG_WARN_DEPRECATED_OBJC_IMPLEMENTATIONS = YES;
				CLANG_WARN_DIRECT_OBJC_ISA_USAGE = YES_ERROR;
				CLANG_WARN_DOCUMENTATION_COMMENTS = YES;
				CLANG_WARN_EMPTY_BODY = YES;
				CLANG_WARN_ENUM_CONVERSION = YES;
				CLANG_WARN_INFINITE_RECURSION = YES;
				CLANG_WARN_INT_CONVERSION = YES;
				CLANG_WARN_NON_LITERAL_NULL_CONVERSION = YES;
				CLANG_WARN_OBJC_IMPLICIT_RETAIN_SELF = YES;
				CLANG_WARN_OBJC_LITERAL_CONVERSION = YES;
				CLANG_WARN_OBJC_ROOT_CLASS = YES_ERROR;
				CLANG_WARN_QUOTED_INCLUDE_IN_FRAMEWORK_HEADER = YES;
				CLANG_WARN_RANGE_LOOP_ANALYSIS = YES;
				CLANG_WARN_STRICT_PROTOTYPES = YES;
				CLANG_WARN_SUSPICIOUS_MOVE = YES;
				CLANG_WARN_UNGUARDED_AVAILABILITY = YES_AGGRESSIVE;
				CLANG_WARN_UNREACHABLE_CODE = YES;
				CLANG_WARN__DUPLICATE_METHOD_MATCH = YES;
				COPY_PHASE_STRIP = NO;
				DEBUG_INFORMATION_FORMAT = dwarf;
				ENABLE_STRICT_OBJC_MSGSEND = YES;
				ENABLE_TESTABILITY = YES;
				ENABLE_USER_SCRIPT_SANDBOXING = YES;
				GCC_C_LANGUAGE_STANDARD = gnu17;
				GCC_DYNAMIC_NO_PIC = NO;
				GCC_NO_COMMON_BLOCKS = YES;
				GCC_OPTIMIZATION_LEVEL = 0;
				GCC_PREPROCESSOR_DEFINITIONS = (
					"DEBUG=1",
					"$(inherited)",
				);
				GCC_WARN_64_TO_32_BIT_CONVERSION = YES;
				GCC_WARN_ABOUT_RETURN_TYPE = YES_ERROR;
				GCC_WARN_UNDECLARED_SELECTOR = YES;
				GCC_WARN_UNINITIALIZED_AUTOS = YES_AGGRESSIVE;
				GCC_WARN_UNUSED_FUNCTION = YES;
				GCC_WARN_UNUSED_VARIABLE = YES;
				IPHONEOS_DEPLOYMENT_TARGET = 17.0;
				LOCALIZATION_PREFERS_STRING_CATALOGS = YES;
				MTL_ENABLE_DEBUG_INFO = INCLUDE_SOURCE;
				MTL_FAST_MATH = YES;
				ONLY_ACTIVE_ARCH = YES;
				SDKROOT = iphoneos;
				SWIFT_ACTIVE_COMPILATION_CONDITIONS = "DEBUG $(inherited)";
				SWIFT_OPTIMIZATION_LEVEL = "-Onone";
			};
			name = Debug;
		};
		0210274A2ABF43740017990B /* Release */ = {
			isa = XCBuildConfiguration;
			buildSettings = {
				ALWAYS_SEARCH_USER_PATHS = NO;
				ASSETCATALOG_COMPILER_GENERATE_SWIFT_ASSET_SYMBOL_EXTENSIONS = YES;
				CLANG_ANALYZER_NONNULL = YES;
				CLANG_ANALYZER_NUMBER_OBJECT_CONVERSION = YES_AGGRESSIVE;
				CLANG_CXX_LANGUAGE_STANDARD = "gnu++20";
				CLANG_ENABLE_MODULES = YES;
				CLANG_ENABLE_OBJC_ARC = YES;
				CLANG_ENABLE_OBJC_WEAK = YES;
				CLANG_WARN_BLOCK_CAPTURE_AUTORELEASING = YES;
				CLANG_WARN_BOOL_CONVERSION = YES;
				CLANG_WARN_COMMA = YES;
				CLANG_WARN_CONSTANT_CONVERSION = YES;
				CLANG_WARN_DEPRECATED_OBJC_IMPLEMENTATIONS = YES;
				CLANG_WARN_DIRECT_OBJC_ISA_USAGE = YES_ERROR;
				CLANG_WARN_DOCUMENTATION_COMMENTS = YES;
				CLANG_WARN_EMPTY_BODY = YES;
				CLANG_WARN_ENUM_CONVERSION = YES;
				CLANG_WARN_INFINITE_RECURSION = YES;
				CLANG_WARN_INT_CONVERSION = YES;
				CLANG_WARN_NON_LITERAL_NULL_CONVERSION = YES;
				CLANG_WARN_OBJC_IMPLICIT_RETAIN_SELF = YES;
				CLANG_WARN_OBJC_LITERAL_CONVERSION = YES;
				CLANG_WARN_OBJC_ROOT_CLASS = YES_ERROR;
				CLANG_WARN_QUOTED_INCLUDE_IN_FRAMEWORK_HEADER = YES;
				CLANG_WARN_RANGE_LOOP_ANALYSIS = YES;
				CLANG_WARN_STRICT_PROTOTYPES = YES;
				CLANG_WARN_SUSPICIOUS_MOVE = YES;
				CLANG_WARN_UNGUARDED_AVAILABILITY = YES_AGGRESSIVE;
				CLANG_WARN_UNREACHABLE_CODE = YES;
				CLANG_WARN__DUPLICATE_METHOD_MATCH = YES;
				COPY_PHASE_STRIP = NO;
				DEBUG_INFORMATION_FORMAT = "dwarf-with-dsym";
				ENABLE_NS_ASSERTIONS = NO;
				ENABLE_STRICT_OBJC_MSGSEND = YES;
				ENABLE_USER_SCRIPT_SANDBOXING = YES;
				GCC_C_LANGUAGE_STANDARD = gnu17;
				GCC_NO_COMMON_BLOCKS = YES;
				GCC_WARN_64_TO_32_BIT_CONVERSION = YES;
				GCC_WARN_ABOUT_RETURN_TYPE = YES_ERROR;
				GCC_WARN_UNDECLARED_SELECTOR = YES;
				GCC_WARN_UNINITIALIZED_AUTOS = YES_AGGRESSIVE;
				GCC_WARN_UNUSED_FUNCTION = YES;
				GCC_WARN_UNUSED_VARIABLE = YES;
				IPHONEOS_DEPLOYMENT_TARGET = 17.0;
				LOCALIZATION_PREFERS_STRING_CATALOGS = YES;
				MTL_ENABLE_DEBUG_INFO = NO;
				MTL_FAST_MATH = YES;
				SDKROOT = iphoneos;
				SWIFT_COMPILATION_MODE = wholemodule;
				VALIDATE_PRODUCT = YES;
			};
			name = Release;
		};
		0210274C2ABF43740017990B /* Debug */ = {
			isa = XCBuildConfiguration;
			buildSettings = {
				ASSETCATALOG_COMPILER_APPICON_NAME = AppIcon;
				ASSETCATALOG_COMPILER_GLOBAL_ACCENT_COLOR_NAME = AccentColor;
				CODE_SIGN_STYLE = Automatic;
				CURRENT_PROJECT_VERSION = 4;
				DEVELOPMENT_TEAM = 723HTEFHBA;
				GENERATE_INFOPLIST_FILE = YES;
				INFOPLIST_FILE = WhatsApp/Info.plist;
				INFOPLIST_KEY_LSApplicationCategoryType = "public.app-category.social-networking";
				INFOPLIST_KEY_UIApplicationSupportsIndirectInputEvents = YES;
				INFOPLIST_KEY_UILaunchStoryboardName = LaunchScreen;
				INFOPLIST_KEY_UISupportedInterfaceOrientations = UIInterfaceOrientationPortrait;
				INFOPLIST_KEY_UISupportedInterfaceOrientations_iPad = "UIInterfaceOrientationLandscapeLeft UIInterfaceOrientationLandscapeRight UIInterfaceOrientationPortrait UIInterfaceOrientationPortraitUpsideDown";
				IPHONEOS_DEPLOYMENT_TARGET = 15.0;
				LD_RUNPATH_SEARCH_PATHS = (
					"$(inherited)",
					"@executable_path/Frameworks",
				);
				MARKETING_VERSION = 0.1.1;
				PRODUCT_BUNDLE_IDENTIFIER = ru.fibeapp.WhatsAppClone;
				PRODUCT_NAME = "$(TARGET_NAME)";
				SWIFT_EMIT_LOC_STRINGS = YES;
				SWIFT_VERSION = 5.0;
				TARGETED_DEVICE_FAMILY = "1,2";
			};
			name = Debug;
		};
		0210274D2ABF43740017990B /* Release */ = {
			isa = XCBuildConfiguration;
			buildSettings = {
				ASSETCATALOG_COMPILER_APPICON_NAME = AppIcon;
				ASSETCATALOG_COMPILER_GLOBAL_ACCENT_COLOR_NAME = AccentColor;
				CODE_SIGN_STYLE = Automatic;
				CURRENT_PROJECT_VERSION = 4;
				DEVELOPMENT_TEAM = 723HTEFHBA;
				GENERATE_INFOPLIST_FILE = YES;
				INFOPLIST_FILE = WhatsApp/Info.plist;
				INFOPLIST_KEY_LSApplicationCategoryType = "public.app-category.social-networking";
				INFOPLIST_KEY_UIApplicationSupportsIndirectInputEvents = YES;
				INFOPLIST_KEY_UILaunchStoryboardName = LaunchScreen;
				INFOPLIST_KEY_UISupportedInterfaceOrientations = UIInterfaceOrientationPortrait;
				INFOPLIST_KEY_UISupportedInterfaceOrientations_iPad = "UIInterfaceOrientationLandscapeLeft UIInterfaceOrientationLandscapeRight UIInterfaceOrientationPortrait UIInterfaceOrientationPortraitUpsideDown";
				IPHONEOS_DEPLOYMENT_TARGET = 15.0;
				LD_RUNPATH_SEARCH_PATHS = (
					"$(inherited)",
					"@executable_path/Frameworks",
				);
				MARKETING_VERSION = 0.1.1;
				PRODUCT_BUNDLE_IDENTIFIER = ru.fibeapp.WhatsAppClone;
				PRODUCT_NAME = "$(TARGET_NAME)";
				SWIFT_EMIT_LOC_STRINGS = YES;
				SWIFT_VERSION = 5.0;
				TARGETED_DEVICE_FAMILY = "1,2";
			};
			name = Release;
		};
/* End XCBuildConfiguration section */

/* Begin XCConfigurationList section */
		021027322ABF43730017990B /* Build configuration list for PBXProject "WhatsApp" */ = {
			isa = XCConfigurationList;
			buildConfigurations = (
				021027492ABF43740017990B /* Debug */,
				0210274A2ABF43740017990B /* Release */,
			);
			defaultConfigurationIsVisible = 0;
			defaultConfigurationName = Release;
		};
		0210274B2ABF43740017990B /* Build configuration list for PBXNativeTarget "WhatsApp" */ = {
			isa = XCConfigurationList;
			buildConfigurations = (
				0210274C2ABF43740017990B /* Debug */,
				0210274D2ABF43740017990B /* Release */,
			);
			defaultConfigurationIsVisible = 0;
			defaultConfigurationName = Release;
		};
/* End XCConfigurationList section */

/* Begin XCRemoteSwiftPackageReference section */
		020FC6F52AC3FDDF008C37DF /* XCRemoteSwiftPackageReference "Kingfisher" */ = {
			isa = XCRemoteSwiftPackageReference;
			repositoryURL = "https://github.com/onevcat/Kingfisher.git";
			requirement = {
				kind = upToNextMajorVersion;
				minimumVersion = 7.9.1;
			};
		};
		028391BE2AC13D3800299AA5 /* XCRemoteSwiftPackageReference "firebase-ios-sdk" */ = {
			isa = XCRemoteSwiftPackageReference;
			repositoryURL = "https://github.com/firebase/firebase-ios-sdk";
			requirement = {
				kind = upToNextMajorVersion;
				minimumVersion = 10.15.0;
			};
		};
		028391F92AC1789C00299AA5 /* XCRemoteSwiftPackageReference "ProgressHUD" */ = {
			isa = XCRemoteSwiftPackageReference;
			repositoryURL = "https://github.com/relatedcode/ProgressHUD.git";
			requirement = {
				kind = upToNextMajorVersion;
				minimumVersion = 13.7.2;
			};
		};
		02EC3B0C2AC08B3E006ECA4C /* XCRemoteSwiftPackageReference "SnapKit" */ = {
			isa = XCRemoteSwiftPackageReference;
			repositoryURL = "https://github.com/SnapKit/SnapKit.git";
			requirement = {
				kind = upToNextMajorVersion;
				minimumVersion = 5.6.0;
			};
		};
/* End XCRemoteSwiftPackageReference section */

/* Begin XCSwiftPackageProductDependency section */
		020FC6F62AC3FDDF008C37DF /* Kingfisher */ = {
			isa = XCSwiftPackageProductDependency;
			package = 020FC6F52AC3FDDF008C37DF /* XCRemoteSwiftPackageReference "Kingfisher" */;
			productName = Kingfisher;
		};
		028391CB2AC13D3800299AA5 /* FirebaseAuth */ = {
			isa = XCSwiftPackageProductDependency;
			package = 028391BE2AC13D3800299AA5 /* XCRemoteSwiftPackageReference "firebase-ios-sdk" */;
			productName = FirebaseAuth;
		};
		028391D72AC13D3800299AA5 /* FirebaseFirestore */ = {
			isa = XCSwiftPackageProductDependency;
			package = 028391BE2AC13D3800299AA5 /* XCRemoteSwiftPackageReference "firebase-ios-sdk" */;
			productName = FirebaseFirestore;
		};
		028391F12AC13D3800299AA5 /* FirebaseStorage */ = {
			isa = XCSwiftPackageProductDependency;
			package = 028391BE2AC13D3800299AA5 /* XCRemoteSwiftPackageReference "firebase-ios-sdk" */;
			productName = FirebaseStorage;
		};
		028391FA2AC1789C00299AA5 /* ProgressHUD */ = {
			isa = XCSwiftPackageProductDependency;
			package = 028391F92AC1789C00299AA5 /* XCRemoteSwiftPackageReference "ProgressHUD" */;
			productName = ProgressHUD;
		};
		02EC3B0D2AC08B3E006ECA4C /* SnapKit */ = {
			isa = XCSwiftPackageProductDependency;
			package = 02EC3B0C2AC08B3E006ECA4C /* XCRemoteSwiftPackageReference "SnapKit" */;
			productName = SnapKit;
		};
		02F8D65F2AC1A23C00AF399D /* FirebaseFirestoreSwift */ = {
			isa = XCSwiftPackageProductDependency;
			package = 028391BE2AC13D3800299AA5 /* XCRemoteSwiftPackageReference "firebase-ios-sdk" */;
			productName = FirebaseFirestoreSwift;
		};
/* End XCSwiftPackageProductDependency section */
	};
	rootObject = 0210272F2ABF43730017990B /* Project object */;
}
