// !$*UTF8*$!
{
	archiveVersion = 1;
	classes = {
	};
	objectVersion = 56;
	objects = {

/* Begin PBXBuildFile section */
		0210273B2ABF43730017990B /* AppDelegate.swift in Sources */ = {isa = PBXBuildFile; fileRef = 0210273A2ABF43730017990B /* AppDelegate.swift */; };
		021027442ABF43740017990B /* Assets.xcassets in Resources */ = {isa = PBXBuildFile; fileRef = 021027432ABF43740017990B /* Assets.xcassets */; };
		021027472ABF43740017990B /* LaunchScreen.storyboard in Resources */ = {isa = PBXBuildFile; fileRef = 021027452ABF43740017990B /* LaunchScreen.storyboard */; };
		021726D92B06138A00C37B32 /* Tab.swift in Sources */ = {isa = PBXBuildFile; fileRef = 021726D82B06138A00C37B32 /* Tab.swift */; };
		021726DB2B06143D00C37B32 /* MainTabBarViewController.swift in Sources */ = {isa = PBXBuildFile; fileRef = 021726DA2B06143D00C37B32 /* MainTabBarViewController.swift */; };
		021726DD2B06167900C37B32 /* SettingsViewController.swift in Sources */ = {isa = PBXBuildFile; fileRef = 021726DC2B06167900C37B32 /* SettingsViewController.swift */; };
		021726E02B0616F600C37B32 /* SettingsNameTableViewCell.swift in Sources */ = {isa = PBXBuildFile; fileRef = 021726DF2B0616F600C37B32 /* SettingsNameTableViewCell.swift */; };
		021726E22B06171000C37B32 /* SettingRowTableViewCell.swift in Sources */ = {isa = PBXBuildFile; fileRef = 021726E12B06171000C37B32 /* SettingRowTableViewCell.swift */; };
		021726E42B06173300C37B32 /* BaseTableViewCell.swift in Sources */ = {isa = PBXBuildFile; fileRef = 021726E32B06173300C37B32 /* BaseTableViewCell.swift */; };
		021726E62B06181E00C37B32 /* SettingsRowModel.swift in Sources */ = {isa = PBXBuildFile; fileRef = 021726E52B06181E00C37B32 /* SettingsRowModel.swift */; };
		021726E82B061DB700C37B32 /* SettingsStore.swift in Sources */ = {isa = PBXBuildFile; fileRef = 021726E72B061DB700C37B32 /* SettingsStore.swift */; };
		021726EA2B061EF100C37B32 /* SettingsUseCase.swift in Sources */ = {isa = PBXBuildFile; fileRef = 021726E92B061EF100C37B32 /* SettingsUseCase.swift */; };
		021726EC2B061F7900C37B32 /* SettingsService.swift in Sources */ = {isa = PBXBuildFile; fileRef = 021726EB2B061F7900C37B32 /* SettingsService.swift */; };
		021726EE2B06612D00C37B32 /* EditProfileViewController.swift in Sources */ = {isa = PBXBuildFile; fileRef = 021726ED2B06612D00C37B32 /* EditProfileViewController.swift */; };
		021726F12B06644B00C37B32 /* TextFieldTableViewCell.swift in Sources */ = {isa = PBXBuildFile; fileRef = 021726F02B06644B00C37B32 /* TextFieldTableViewCell.swift */; };
		021726F32B06646800C37B32 /* StatusTableViewCell.swift in Sources */ = {isa = PBXBuildFile; fileRef = 021726F22B06646800C37B32 /* StatusTableViewCell.swift */; };
		021726F52B06647E00C37B32 /* PhotoTableViewCell.swift in Sources */ = {isa = PBXBuildFile; fileRef = 021726F42B06647E00C37B32 /* PhotoTableViewCell.swift */; };
		021726F72B06649A00C37B32 /* EditProfileStore.swift in Sources */ = {isa = PBXBuildFile; fileRef = 021726F62B06649A00C37B32 /* EditProfileStore.swift */; };
		021726F92B0664C600C37B32 /* EditProfileUseCase.swift in Sources */ = {isa = PBXBuildFile; fileRef = 021726F82B0664C600C37B32 /* EditProfileUseCase.swift */; };
		021726FB2B0664E600C37B32 /* EditProfileService.swift in Sources */ = {isa = PBXBuildFile; fileRef = 021726FA2B0664E600C37B32 /* EditProfileService.swift */; };
		021726FD2B06C9D700C37B32 /* FileStorage.swift in Sources */ = {isa = PBXBuildFile; fileRef = 021726FC2B06C9D700C37B32 /* FileStorage.swift */; };
		021726FF2B06E75400C37B32 /* Status.swift in Sources */ = {isa = PBXBuildFile; fileRef = 021726FE2B06E75400C37B32 /* Status.swift */; };
		021727012B06E7AA00C37B32 /* ProfileStatusViewController.swift in Sources */ = {isa = PBXBuildFile; fileRef = 021727002B06E7AA00C37B32 /* ProfileStatusViewController.swift */; };
		022DE9C22B04671900A840B5 /* SnapKit in Frameworks */ = {isa = PBXBuildFile; productRef = 022DE9C12B04671900A840B5 /* SnapKit */; };
		022DE9C52B04673300A840B5 /* ProgressHUD in Frameworks */ = {isa = PBXBuildFile; productRef = 022DE9C42B04673300A840B5 /* ProgressHUD */; };
		022DE9C82B04675500A840B5 /* Kingfisher in Frameworks */ = {isa = PBXBuildFile; productRef = 022DE9C72B04675500A840B5 /* Kingfisher */; };
		022DE9CB2B04686D00A840B5 /* FirebaseAnalytics in Frameworks */ = {isa = PBXBuildFile; productRef = 022DE9CA2B04686D00A840B5 /* FirebaseAnalytics */; };
		022DE9D72B04686D00A840B5 /* FirebaseAuth in Frameworks */ = {isa = PBXBuildFile; productRef = 022DE9D62B04686D00A840B5 /* FirebaseAuth */; };
		022DE9E32B04686D00A840B5 /* FirebaseFirestore in Frameworks */ = {isa = PBXBuildFile; productRef = 022DE9E22B04686D00A840B5 /* FirebaseFirestore */; };
		022DE9E72B04686D00A840B5 /* FirebaseFirestoreSwift in Frameworks */ = {isa = PBXBuildFile; productRef = 022DE9E62B04686D00A840B5 /* FirebaseFirestoreSwift */; };
		022DE9FD2B04686D00A840B5 /* FirebaseStorage in Frameworks */ = {isa = PBXBuildFile; productRef = 022DE9FC2B04686D00A840B5 /* FirebaseStorage */; };
		022DEA042B04761200A840B5 /* ProfileViewController.swift in Sources */ = {isa = PBXBuildFile; fileRef = 022DEA032B04761200A840B5 /* ProfileViewController.swift */; };
		022DEA072B04764B00A840B5 /* AuthViewController.swift in Sources */ = {isa = PBXBuildFile; fileRef = 022DEA062B04764B00A840B5 /* AuthViewController.swift */; };
		022DEA092B04767E00A840B5 /* BaseViewController.swift in Sources */ = {isa = PBXBuildFile; fileRef = 022DEA082B04767E00A840B5 /* BaseViewController.swift */; };
		022DEA0B2B04774200A840B5 /* BaseView.swift in Sources */ = {isa = PBXBuildFile; fileRef = 022DEA0A2B04774200A840B5 /* BaseView.swift */; };
		022DEA0D2B0479FF00A840B5 /* AuthTextField.swift in Sources */ = {isa = PBXBuildFile; fileRef = 022DEA0C2B0479FF00A840B5 /* AuthTextField.swift */; };
		022DEA112B0482A100A840B5 /* AppFont.swift in Sources */ = {isa = PBXBuildFile; fileRef = 022DEA102B0482A100A840B5 /* AppFont.swift */; };
		024FF4F42B2134650033DDFB /* PhotoItemViewController.swift in Sources */ = {isa = PBXBuildFile; fileRef = 024FF4F32B2134650033DDFB /* PhotoItemViewController.swift */; };
		024FF4F62B213BE00033DDFB /* LocationManager.swift in Sources */ = {isa = PBXBuildFile; fileRef = 024FF4F52B213BE00033DDFB /* LocationManager.swift */; };
		024FF4F82B2147250033DDFB /* LocationMessage.swift in Sources */ = {isa = PBXBuildFile; fileRef = 024FF4F72B2147250033DDFB /* LocationMessage.swift */; };
		024FF4FA2B2156A20033DDFB /* MapViewController.swift in Sources */ = {isa = PBXBuildFile; fileRef = 024FF4F92B2156A20033DDFB /* MapViewController.swift */; };
		02568C832B21A55800C9C8F5 /* MapAnnotation.swift in Sources */ = {isa = PBXBuildFile; fileRef = 02568C822B21A55800C9C8F5 /* MapAnnotation.swift */; };
		02568C852B21C8F900C9C8F5 /* AudioRecorder.swift in Sources */ = {isa = PBXBuildFile; fileRef = 02568C842B21C8F900C9C8F5 /* AudioRecorder.swift */; };
		02568C872B2200C800C9C8F5 /* AudioMessage.swift in Sources */ = {isa = PBXBuildFile; fileRef = 02568C862B2200C800C9C8F5 /* AudioMessage.swift */; };
		02568C892B220A6200C9C8F5 /* BasicAudioController.swift in Sources */ = {isa = PBXBuildFile; fileRef = 02568C882B220A6200C9C8F5 /* BasicAudioController.swift */; };
		025EDBA42B0B0F85002A7E7F /* UsersViewControlller.swift in Sources */ = {isa = PBXBuildFile; fileRef = 025EDBA32B0B0F85002A7E7F /* UsersViewControlller.swift */; };
		025EDBA72B0B1041002A7E7F /* UsersTableViewCell.swift in Sources */ = {isa = PBXBuildFile; fileRef = 025EDBA62B0B1041002A7E7F /* UsersTableViewCell.swift */; };
		025EDBA92B0B29CA002A7E7F /* UsersService.swift in Sources */ = {isa = PBXBuildFile; fileRef = 025EDBA82B0B29CA002A7E7F /* UsersService.swift */; };
		025EDBAB2B0B2BE1002A7E7F /* UsersUseCase.swift in Sources */ = {isa = PBXBuildFile; fileRef = 025EDBAA2B0B2BE1002A7E7F /* UsersUseCase.swift */; };
		025EDBAD2B0B2C62002A7E7F /* UsersStore.swift in Sources */ = {isa = PBXBuildFile; fileRef = 025EDBAC2B0B2C62002A7E7F /* UsersStore.swift */; };
		025EDBAF2B0B5D3E002A7E7F /* ProfileHeaderCell.swift in Sources */ = {isa = PBXBuildFile; fileRef = 025EDBAE2B0B5D3E002A7E7F /* ProfileHeaderCell.swift */; };
		025EDBB12B0B7796002A7E7F /* RecentChat.swift in Sources */ = {isa = PBXBuildFile; fileRef = 025EDBB02B0B7796002A7E7F /* RecentChat.swift */; };
		025EDBB32B0B798E002A7E7F /* ChatsTableViewController.swift in Sources */ = {isa = PBXBuildFile; fileRef = 025EDBB22B0B798E002A7E7F /* ChatsTableViewController.swift */; };
		025EDBB52B0B79F5002A7E7F /* BaseTableViewController.swift in Sources */ = {isa = PBXBuildFile; fileRef = 025EDBB42B0B79F5002A7E7F /* BaseTableViewController.swift */; };
		025EDBB82B0B7AC2002A7E7F /* ChatsCell.swift in Sources */ = {isa = PBXBuildFile; fileRef = 025EDBB72B0B7AC2002A7E7F /* ChatsCell.swift */; };
		025EDBBB2B0B9EFB002A7E7F /* Date+Extension.swift in Sources */ = {isa = PBXBuildFile; fileRef = 025EDBBA2B0B9EFB002A7E7F /* Date+Extension.swift */; };
		026A2A182B1C702600770D96 /* Message.swift in Sources */ = {isa = PBXBuildFile; fileRef = 026A2A172B1C702600770D96 /* Message.swift */; };
		027A1DAD2B22BAB00091EBC7 /* ChannelsViewController.swift in Sources */ = {isa = PBXBuildFile; fileRef = 027A1DAC2B22BAB00091EBC7 /* ChannelsViewController.swift */; };
		027A1DB02B22BFB90091EBC7 /* ChannelsCell.swift in Sources */ = {isa = PBXBuildFile; fileRef = 027A1DAF2B22BFB90091EBC7 /* ChannelsCell.swift */; };
		027A1DB22B22CC620091EBC7 /* Channel.swift in Sources */ = {isa = PBXBuildFile; fileRef = 027A1DB12B22CC620091EBC7 /* Channel.swift */; };
		027A1DB42B22D69D0091EBC7 /* MyChannelsViewController.swift in Sources */ = {isa = PBXBuildFile; fileRef = 027A1DB32B22D69D0091EBC7 /* MyChannelsViewController.swift */; };
		027A1DB72B22D7BE0091EBC7 /* AddChannelViewController.swift in Sources */ = {isa = PBXBuildFile; fileRef = 027A1DB62B22D7BE0091EBC7 /* AddChannelViewController.swift */; };
		027A1DBA2B22E4560091EBC7 /* AddPhotoChannelCell.swift in Sources */ = {isa = PBXBuildFile; fileRef = 027A1DB92B22E4560091EBC7 /* AddPhotoChannelCell.swift */; };
		027A1DBC2B22E6FF0091EBC7 /* AddAboutChannelCell.swift in Sources */ = {isa = PBXBuildFile; fileRef = 027A1DBB2B22E6FF0091EBC7 /* AddAboutChannelCell.swift */; };
		027A1DBE2B22F5470091EBC7 /* AddChannelService.swift in Sources */ = {isa = PBXBuildFile; fileRef = 027A1DBD2B22F5470091EBC7 /* AddChannelService.swift */; };
		027A1DC12B22F74A0091EBC7 /* AddChannelUseCase.swift in Sources */ = {isa = PBXBuildFile; fileRef = 027A1DC02B22F74A0091EBC7 /* AddChannelUseCase.swift */; };
		027A1DC32B22F7540091EBC7 /* AddChannelStore.swift in Sources */ = {isa = PBXBuildFile; fileRef = 027A1DC22B22F7540091EBC7 /* AddChannelStore.swift */; };
		0281D3652B1BDDEA007F1082 /* Recent.swift in Sources */ = {isa = PBXBuildFile; fileRef = 0281D3642B1BDDEA007F1082 /* Recent.swift */; };
		028391BD2AC1386F00299AA5 /* GoogleService-Info.plist in Resources */ = {isa = PBXBuildFile; fileRef = 028391BC2AC1386F00299AA5 /* GoogleService-Info.plist */; };
		028B32A12B04FCD200C9F71A /* Person.swift in Sources */ = {isa = PBXBuildFile; fileRef = 028B32A02B04FCD200C9F71A /* Person.swift */; };
		028B32A42B0500DB00C9F71A /* FirebaseClient.swift in Sources */ = {isa = PBXBuildFile; fileRef = 028B32A32B0500DB00C9F71A /* FirebaseClient.swift */; };
		028B32A62B05067500C9F71A /* Store.swift in Sources */ = {isa = PBXBuildFile; fileRef = 028B32A52B05067500C9F71A /* Store.swift */; };
		028B32A82B05074600C9F71A /* AuthStore.swift in Sources */ = {isa = PBXBuildFile; fileRef = 028B32A72B05074600C9F71A /* AuthStore.swift */; };
		028B32AA2B05076700C9F71A /* AuthUseCase.swift in Sources */ = {isa = PBXBuildFile; fileRef = 028B32A92B05076700C9F71A /* AuthUseCase.swift */; };
		028B32AC2B0507C100C9F71A /* AuthModuleService.swift in Sources */ = {isa = PBXBuildFile; fileRef = 028B32AB2B0507C100C9F71A /* AuthModuleService.swift */; };
		02A4B3422B1F3101004A3E4B /* PhotoMessage.swift in Sources */ = {isa = PBXBuildFile; fileRef = 02A4B3412B1F3101004A3E4B /* PhotoMessage.swift */; };
		02A571E22B1437170042B782 /* ChatViewController.swift in Sources */ = {isa = PBXBuildFile; fileRef = 02A571E12B1437170042B782 /* ChatViewController.swift */; };
		02A571E52B143D7A0042B782 /* MessageKit in Frameworks */ = {isa = PBXBuildFile; productRef = 02A571E42B143D7A0042B782 /* MessageKit */; };
		02A571E72B1457B40042B782 /* MessagesDataSource+ChatViewController.swift in Sources */ = {isa = PBXBuildFile; fileRef = 02A571E62B1457B40042B782 /* MessagesDataSource+ChatViewController.swift */; };
		02A571E92B1458DD0042B782 /* MessageCellDelegate+ChatViewController.swift in Sources */ = {isa = PBXBuildFile; fileRef = 02A571E82B1458DD0042B782 /* MessageCellDelegate+ChatViewController.swift */; };
		02A571EB2B1459690042B782 /* MessagesDisplayDelegate+ChatViewController.swift in Sources */ = {isa = PBXBuildFile; fileRef = 02A571EA2B1459690042B782 /* MessagesDisplayDelegate+ChatViewController.swift */; };
		02A571ED2B1459A40042B782 /* MessagesLayoutDelegate+ChatViewController.swift in Sources */ = {isa = PBXBuildFile; fileRef = 02A571EC2B1459A40042B782 /* MessagesLayoutDelegate+ChatViewController.swift */; };
		02A571EF2B1459D10042B782 /* InputBarAccessoryViewDelegate+ChatViewController.swift in Sources */ = {isa = PBXBuildFile; fileRef = 02A571EE2B1459D10042B782 /* InputBarAccessoryViewDelegate+ChatViewController.swift */; };
		02A571F12B145B600042B782 /* MessageKitDefaults.swift in Sources */ = {isa = PBXBuildFile; fileRef = 02A571F02B145B600042B782 /* MessageKitDefaults.swift */; };
		02A571F32B1462270042B782 /* MKMessage.swift in Sources */ = {isa = PBXBuildFile; fileRef = 02A571F22B1462270042B782 /* MKMessage.swift */; };
		02A571F52B1464170042B782 /* LocalMessage.swift in Sources */ = {isa = PBXBuildFile; fileRef = 02A571F42B1464170042B782 /* LocalMessage.swift */; };
		02A571F72B14641F0042B782 /* RealmManager.swift in Sources */ = {isa = PBXBuildFile; fileRef = 02A571F62B14641F0042B782 /* RealmManager.swift */; };
		02A571FA2B1464D50042B782 /* Realm in Frameworks */ = {isa = PBXBuildFile; productRef = 02A571F92B1464D50042B782 /* Realm */; };
		02A571FC2B1464D50042B782 /* RealmSwift in Frameworks */ = {isa = PBXBuildFile; productRef = 02A571FB2B1464D50042B782 /* RealmSwift */; };
		02A571FE2B14794F0042B782 /* OutgoingMessage.swift in Sources */ = {isa = PBXBuildFile; fileRef = 02A571FD2B14794F0042B782 /* OutgoingMessage.swift */; };
		02ABFF952B08E2AB0073F47C /* ProfileStatusService.swift in Sources */ = {isa = PBXBuildFile; fileRef = 02ABFF942B08E2AB0073F47C /* ProfileStatusService.swift */; };
		02ABFF972B08E32D0073F47C /* ProfileStatusUseCase.swift in Sources */ = {isa = PBXBuildFile; fileRef = 02ABFF962B08E32D0073F47C /* ProfileStatusUseCase.swift */; };
		02ABFF992B08E3D80073F47C /* ProfileStatusStore.swift in Sources */ = {isa = PBXBuildFile; fileRef = 02ABFF982B08E3D80073F47C /* ProfileStatusStore.swift */; };
		02B1835A2B17621C00091EA4 /* MKSender.swift in Sources */ = {isa = PBXBuildFile; fileRef = 02B183592B17621C00091EA4 /* MKSender.swift */; };
		02B4C8622B20130300F4EB9C /* AddVideoView.swift in Sources */ = {isa = PBXBuildFile; fileRef = 02B4C8612B20130300F4EB9C /* AddVideoView.swift */; };
		02B4C8642B20131F00F4EB9C /* AddVideoViewModel.swift in Sources */ = {isa = PBXBuildFile; fileRef = 02B4C8632B20131F00F4EB9C /* AddVideoViewModel.swift */; };
		02B4C8662B2013BC00F4EB9C /* VideoUploader.swift in Sources */ = {isa = PBXBuildFile; fileRef = 02B4C8652B2013BC00F4EB9C /* VideoUploader.swift */; };
		02B4C8682B203B0500F4EB9C /* VideoMessage.swift in Sources */ = {isa = PBXBuildFile; fileRef = 02B4C8672B203B0500F4EB9C /* VideoMessage.swift */; };
		02C0B8042B14B97C008B44E1 /* IncomingMessage.swift in Sources */ = {isa = PBXBuildFile; fileRef = 02C0B8032B14B97C008B44E1 /* IncomingMessage.swift */; };
		02C80A032B11D649009B46E6 /* User.swift in Sources */ = {isa = PBXBuildFile; fileRef = 02C80A022B11D649009B46E6 /* User.swift */; };
		02C80A052B11D678009B46E6 /* FCollectionReference.swift in Sources */ = {isa = PBXBuildFile; fileRef = 02C80A042B11D678009B46E6 /* FCollectionReference.swift */; };
		02C80A072B11D68D009B46E6 /* FirebaseUserListener.swift in Sources */ = {isa = PBXBuildFile; fileRef = 02C80A062B11D68D009B46E6 /* FirebaseUserListener.swift */; };
		02C80A092B11D694009B46E6 /* FirebaseRecentListener.swift in Sources */ = {isa = PBXBuildFile; fileRef = 02C80A082B11D694009B46E6 /* FirebaseRecentListener.swift */; };
		02C80A0D2B11D6A3009B46E6 /* Constants.swift in Sources */ = {isa = PBXBuildFile; fileRef = 02C80A0A2B11D6A3009B46E6 /* Constants.swift */; };
		02C80A0E2B11D6A3009B46E6 /* GlobalFunctions.swift in Sources */ = {isa = PBXBuildFile; fileRef = 02C80A0B2B11D6A3009B46E6 /* GlobalFunctions.swift */; };
		02C80A0F2B11D6A3009B46E6 /* StartChat.swift in Sources */ = {isa = PBXBuildFile; fileRef = 02C80A0C2B11D6A3009B46E6 /* StartChat.swift */; };
/* End PBXBuildFile section */

/* Begin PBXFileReference section */
		021027372ABF43730017990B /* WhatsApp.app */ = {isa = PBXFileReference; explicitFileType = wrapper.application; includeInIndex = 0; path = WhatsApp.app; sourceTree = BUILT_PRODUCTS_DIR; };
		0210273A2ABF43730017990B /* AppDelegate.swift */ = {isa = PBXFileReference; lastKnownFileType = sourcecode.swift; path = AppDelegate.swift; sourceTree = "<group>"; };
		021027432ABF43740017990B /* Assets.xcassets */ = {isa = PBXFileReference; lastKnownFileType = folder.assetcatalog; path = Assets.xcassets; sourceTree = "<group>"; };
		021027462ABF43740017990B /* Base */ = {isa = PBXFileReference; lastKnownFileType = file.storyboard; name = Base; path = Base.lproj/LaunchScreen.storyboard; sourceTree = "<group>"; };
		021027482ABF43740017990B /* Info.plist */ = {isa = PBXFileReference; lastKnownFileType = text.plist.xml; path = Info.plist; sourceTree = "<group>"; };
		021726D82B06138A00C37B32 /* Tab.swift */ = {isa = PBXFileReference; lastKnownFileType = sourcecode.swift; path = Tab.swift; sourceTree = "<group>"; };
		021726DA2B06143D00C37B32 /* MainTabBarViewController.swift */ = {isa = PBXFileReference; lastKnownFileType = sourcecode.swift; path = MainTabBarViewController.swift; sourceTree = "<group>"; };
		021726DC2B06167900C37B32 /* SettingsViewController.swift */ = {isa = PBXFileReference; lastKnownFileType = sourcecode.swift; path = SettingsViewController.swift; sourceTree = "<group>"; };
		021726DF2B0616F600C37B32 /* SettingsNameTableViewCell.swift */ = {isa = PBXFileReference; lastKnownFileType = sourcecode.swift; path = SettingsNameTableViewCell.swift; sourceTree = "<group>"; };
		021726E12B06171000C37B32 /* SettingRowTableViewCell.swift */ = {isa = PBXFileReference; lastKnownFileType = sourcecode.swift; path = SettingRowTableViewCell.swift; sourceTree = "<group>"; };
		021726E32B06173300C37B32 /* BaseTableViewCell.swift */ = {isa = PBXFileReference; lastKnownFileType = sourcecode.swift; path = BaseTableViewCell.swift; sourceTree = "<group>"; };
		021726E52B06181E00C37B32 /* SettingsRowModel.swift */ = {isa = PBXFileReference; lastKnownFileType = sourcecode.swift; path = SettingsRowModel.swift; sourceTree = "<group>"; };
		021726E72B061DB700C37B32 /* SettingsStore.swift */ = {isa = PBXFileReference; lastKnownFileType = sourcecode.swift; path = SettingsStore.swift; sourceTree = "<group>"; };
		021726E92B061EF100C37B32 /* SettingsUseCase.swift */ = {isa = PBXFileReference; lastKnownFileType = sourcecode.swift; path = SettingsUseCase.swift; sourceTree = "<group>"; };
		021726EB2B061F7900C37B32 /* SettingsService.swift */ = {isa = PBXFileReference; lastKnownFileType = sourcecode.swift; path = SettingsService.swift; sourceTree = "<group>"; };
		021726ED2B06612D00C37B32 /* EditProfileViewController.swift */ = {isa = PBXFileReference; lastKnownFileType = sourcecode.swift; path = EditProfileViewController.swift; sourceTree = "<group>"; };
		021726F02B06644B00C37B32 /* TextFieldTableViewCell.swift */ = {isa = PBXFileReference; lastKnownFileType = sourcecode.swift; path = TextFieldTableViewCell.swift; sourceTree = "<group>"; };
		021726F22B06646800C37B32 /* StatusTableViewCell.swift */ = {isa = PBXFileReference; lastKnownFileType = sourcecode.swift; path = StatusTableViewCell.swift; sourceTree = "<group>"; };
		021726F42B06647E00C37B32 /* PhotoTableViewCell.swift */ = {isa = PBXFileReference; lastKnownFileType = sourcecode.swift; path = PhotoTableViewCell.swift; sourceTree = "<group>"; };
		021726F62B06649A00C37B32 /* EditProfileStore.swift */ = {isa = PBXFileReference; lastKnownFileType = sourcecode.swift; path = EditProfileStore.swift; sourceTree = "<group>"; };
		021726F82B0664C600C37B32 /* EditProfileUseCase.swift */ = {isa = PBXFileReference; lastKnownFileType = sourcecode.swift; path = EditProfileUseCase.swift; sourceTree = "<group>"; };
		021726FA2B0664E600C37B32 /* EditProfileService.swift */ = {isa = PBXFileReference; lastKnownFileType = sourcecode.swift; path = EditProfileService.swift; sourceTree = "<group>"; };
		021726FC2B06C9D700C37B32 /* FileStorage.swift */ = {isa = PBXFileReference; lastKnownFileType = sourcecode.swift; path = FileStorage.swift; sourceTree = "<group>"; };
		021726FE2B06E75400C37B32 /* Status.swift */ = {isa = PBXFileReference; lastKnownFileType = sourcecode.swift; path = Status.swift; sourceTree = "<group>"; };
		021727002B06E7AA00C37B32 /* ProfileStatusViewController.swift */ = {isa = PBXFileReference; lastKnownFileType = sourcecode.swift; path = ProfileStatusViewController.swift; sourceTree = "<group>"; };
		022DEA032B04761200A840B5 /* ProfileViewController.swift */ = {isa = PBXFileReference; fileEncoding = 4; lastKnownFileType = sourcecode.swift; path = ProfileViewController.swift; sourceTree = "<group>"; };
		022DEA062B04764B00A840B5 /* AuthViewController.swift */ = {isa = PBXFileReference; lastKnownFileType = sourcecode.swift; path = AuthViewController.swift; sourceTree = "<group>"; };
		022DEA082B04767E00A840B5 /* BaseViewController.swift */ = {isa = PBXFileReference; lastKnownFileType = sourcecode.swift; path = BaseViewController.swift; sourceTree = "<group>"; };
		022DEA0A2B04774200A840B5 /* BaseView.swift */ = {isa = PBXFileReference; lastKnownFileType = sourcecode.swift; path = BaseView.swift; sourceTree = "<group>"; };
		022DEA0C2B0479FF00A840B5 /* AuthTextField.swift */ = {isa = PBXFileReference; lastKnownFileType = sourcecode.swift; path = AuthTextField.swift; sourceTree = "<group>"; };
		022DEA102B0482A100A840B5 /* AppFont.swift */ = {isa = PBXFileReference; lastKnownFileType = sourcecode.swift; path = AppFont.swift; sourceTree = "<group>"; };
		024FF4F32B2134650033DDFB /* PhotoItemViewController.swift */ = {isa = PBXFileReference; lastKnownFileType = sourcecode.swift; path = PhotoItemViewController.swift; sourceTree = "<group>"; };
		024FF4F52B213BE00033DDFB /* LocationManager.swift */ = {isa = PBXFileReference; lastKnownFileType = sourcecode.swift; path = LocationManager.swift; sourceTree = "<group>"; };
		024FF4F72B2147250033DDFB /* LocationMessage.swift */ = {isa = PBXFileReference; lastKnownFileType = sourcecode.swift; path = LocationMessage.swift; sourceTree = "<group>"; };
		024FF4F92B2156A20033DDFB /* MapViewController.swift */ = {isa = PBXFileReference; lastKnownFileType = sourcecode.swift; path = MapViewController.swift; sourceTree = "<group>"; };
		02568C822B21A55800C9C8F5 /* MapAnnotation.swift */ = {isa = PBXFileReference; lastKnownFileType = sourcecode.swift; path = MapAnnotation.swift; sourceTree = "<group>"; };
		02568C842B21C8F900C9C8F5 /* AudioRecorder.swift */ = {isa = PBXFileReference; lastKnownFileType = sourcecode.swift; path = AudioRecorder.swift; sourceTree = "<group>"; };
		02568C862B2200C800C9C8F5 /* AudioMessage.swift */ = {isa = PBXFileReference; lastKnownFileType = sourcecode.swift; path = AudioMessage.swift; sourceTree = "<group>"; };
		02568C882B220A6200C9C8F5 /* BasicAudioController.swift */ = {isa = PBXFileReference; lastKnownFileType = sourcecode.swift; path = BasicAudioController.swift; sourceTree = "<group>"; };
		025EDBA32B0B0F85002A7E7F /* UsersViewControlller.swift */ = {isa = PBXFileReference; lastKnownFileType = sourcecode.swift; path = UsersViewControlller.swift; sourceTree = "<group>"; };
		025EDBA62B0B1041002A7E7F /* UsersTableViewCell.swift */ = {isa = PBXFileReference; lastKnownFileType = sourcecode.swift; path = UsersTableViewCell.swift; sourceTree = "<group>"; };
		025EDBA82B0B29CA002A7E7F /* UsersService.swift */ = {isa = PBXFileReference; lastKnownFileType = sourcecode.swift; path = UsersService.swift; sourceTree = "<group>"; };
		025EDBAA2B0B2BE1002A7E7F /* UsersUseCase.swift */ = {isa = PBXFileReference; lastKnownFileType = sourcecode.swift; path = UsersUseCase.swift; sourceTree = "<group>"; };
		025EDBAC2B0B2C62002A7E7F /* UsersStore.swift */ = {isa = PBXFileReference; lastKnownFileType = sourcecode.swift; path = UsersStore.swift; sourceTree = "<group>"; };
		025EDBAE2B0B5D3E002A7E7F /* ProfileHeaderCell.swift */ = {isa = PBXFileReference; lastKnownFileType = sourcecode.swift; path = ProfileHeaderCell.swift; sourceTree = "<group>"; };
		025EDBB02B0B7796002A7E7F /* RecentChat.swift */ = {isa = PBXFileReference; lastKnownFileType = sourcecode.swift; path = RecentChat.swift; sourceTree = "<group>"; };
		025EDBB22B0B798E002A7E7F /* ChatsTableViewController.swift */ = {isa = PBXFileReference; lastKnownFileType = sourcecode.swift; path = ChatsTableViewController.swift; sourceTree = "<group>"; };
		025EDBB42B0B79F5002A7E7F /* BaseTableViewController.swift */ = {isa = PBXFileReference; lastKnownFileType = sourcecode.swift; path = BaseTableViewController.swift; sourceTree = "<group>"; };
		025EDBB72B0B7AC2002A7E7F /* ChatsCell.swift */ = {isa = PBXFileReference; lastKnownFileType = sourcecode.swift; path = ChatsCell.swift; sourceTree = "<group>"; };
		025EDBBA2B0B9EFB002A7E7F /* Date+Extension.swift */ = {isa = PBXFileReference; lastKnownFileType = sourcecode.swift; path = "Date+Extension.swift"; sourceTree = "<group>"; };
		026A2A172B1C702600770D96 /* Message.swift */ = {isa = PBXFileReference; lastKnownFileType = sourcecode.swift; path = Message.swift; sourceTree = "<group>"; };
		027A1DAC2B22BAB00091EBC7 /* ChannelsViewController.swift */ = {isa = PBXFileReference; lastKnownFileType = sourcecode.swift; path = ChannelsViewController.swift; sourceTree = "<group>"; };
		027A1DAF2B22BFB90091EBC7 /* ChannelsCell.swift */ = {isa = PBXFileReference; lastKnownFileType = sourcecode.swift; path = ChannelsCell.swift; sourceTree = "<group>"; };
		027A1DB12B22CC620091EBC7 /* Channel.swift */ = {isa = PBXFileReference; lastKnownFileType = sourcecode.swift; path = Channel.swift; sourceTree = "<group>"; };
		027A1DB32B22D69D0091EBC7 /* MyChannelsViewController.swift */ = {isa = PBXFileReference; lastKnownFileType = sourcecode.swift; path = MyChannelsViewController.swift; sourceTree = "<group>"; };
		027A1DB62B22D7BE0091EBC7 /* AddChannelViewController.swift */ = {isa = PBXFileReference; lastKnownFileType = sourcecode.swift; path = AddChannelViewController.swift; sourceTree = "<group>"; };
		027A1DB92B22E4560091EBC7 /* AddPhotoChannelCell.swift */ = {isa = PBXFileReference; lastKnownFileType = sourcecode.swift; path = AddPhotoChannelCell.swift; sourceTree = "<group>"; };
		027A1DBB2B22E6FF0091EBC7 /* AddAboutChannelCell.swift */ = {isa = PBXFileReference; lastKnownFileType = sourcecode.swift; path = AddAboutChannelCell.swift; sourceTree = "<group>"; };
		027A1DBD2B22F5470091EBC7 /* AddChannelService.swift */ = {isa = PBXFileReference; lastKnownFileType = sourcecode.swift; path = AddChannelService.swift; sourceTree = "<group>"; };
		027A1DC02B22F74A0091EBC7 /* AddChannelUseCase.swift */ = {isa = PBXFileReference; lastKnownFileType = sourcecode.swift; path = AddChannelUseCase.swift; sourceTree = "<group>"; };
		027A1DC22B22F7540091EBC7 /* AddChannelStore.swift */ = {isa = PBXFileReference; lastKnownFileType = sourcecode.swift; path = AddChannelStore.swift; sourceTree = "<group>"; };
		0281D3642B1BDDEA007F1082 /* Recent.swift */ = {isa = PBXFileReference; lastKnownFileType = sourcecode.swift; path = Recent.swift; sourceTree = "<group>"; };
		028391BC2AC1386F00299AA5 /* GoogleService-Info.plist */ = {isa = PBXFileReference; fileEncoding = 4; lastKnownFileType = text.plist.xml; path = "GoogleService-Info.plist"; sourceTree = "<group>"; };
		028B32A02B04FCD200C9F71A /* Person.swift */ = {isa = PBXFileReference; lastKnownFileType = sourcecode.swift; path = Person.swift; sourceTree = "<group>"; };
		028B32A32B0500DB00C9F71A /* FirebaseClient.swift */ = {isa = PBXFileReference; lastKnownFileType = sourcecode.swift; path = FirebaseClient.swift; sourceTree = "<group>"; };
		028B32A52B05067500C9F71A /* Store.swift */ = {isa = PBXFileReference; lastKnownFileType = sourcecode.swift; path = Store.swift; sourceTree = "<group>"; };
		028B32A72B05074600C9F71A /* AuthStore.swift */ = {isa = PBXFileReference; lastKnownFileType = sourcecode.swift; path = AuthStore.swift; sourceTree = "<group>"; };
		028B32A92B05076700C9F71A /* AuthUseCase.swift */ = {isa = PBXFileReference; lastKnownFileType = sourcecode.swift; path = AuthUseCase.swift; sourceTree = "<group>"; };
		028B32AB2B0507C100C9F71A /* AuthModuleService.swift */ = {isa = PBXFileReference; lastKnownFileType = sourcecode.swift; path = AuthModuleService.swift; sourceTree = "<group>"; };
		02A4B3412B1F3101004A3E4B /* PhotoMessage.swift */ = {isa = PBXFileReference; lastKnownFileType = sourcecode.swift; path = PhotoMessage.swift; sourceTree = "<group>"; };
		02A571E12B1437170042B782 /* ChatViewController.swift */ = {isa = PBXFileReference; lastKnownFileType = sourcecode.swift; path = ChatViewController.swift; sourceTree = "<group>"; };
		02A571E62B1457B40042B782 /* MessagesDataSource+ChatViewController.swift */ = {isa = PBXFileReference; lastKnownFileType = sourcecode.swift; path = "MessagesDataSource+ChatViewController.swift"; sourceTree = "<group>"; };
		02A571E82B1458DD0042B782 /* MessageCellDelegate+ChatViewController.swift */ = {isa = PBXFileReference; lastKnownFileType = sourcecode.swift; path = "MessageCellDelegate+ChatViewController.swift"; sourceTree = "<group>"; };
		02A571EA2B1459690042B782 /* MessagesDisplayDelegate+ChatViewController.swift */ = {isa = PBXFileReference; lastKnownFileType = sourcecode.swift; path = "MessagesDisplayDelegate+ChatViewController.swift"; sourceTree = "<group>"; };
		02A571EC2B1459A40042B782 /* MessagesLayoutDelegate+ChatViewController.swift */ = {isa = PBXFileReference; lastKnownFileType = sourcecode.swift; path = "MessagesLayoutDelegate+ChatViewController.swift"; sourceTree = "<group>"; };
		02A571EE2B1459D10042B782 /* InputBarAccessoryViewDelegate+ChatViewController.swift */ = {isa = PBXFileReference; lastKnownFileType = sourcecode.swift; path = "InputBarAccessoryViewDelegate+ChatViewController.swift"; sourceTree = "<group>"; };
		02A571F02B145B600042B782 /* MessageKitDefaults.swift */ = {isa = PBXFileReference; lastKnownFileType = sourcecode.swift; path = MessageKitDefaults.swift; sourceTree = "<group>"; };
		02A571F22B1462270042B782 /* MKMessage.swift */ = {isa = PBXFileReference; fileEncoding = 4; lastKnownFileType = sourcecode.swift; path = MKMessage.swift; sourceTree = "<group>"; };
		02A571F42B1464170042B782 /* LocalMessage.swift */ = {isa = PBXFileReference; fileEncoding = 4; lastKnownFileType = sourcecode.swift; path = LocalMessage.swift; sourceTree = "<group>"; };
		02A571F62B14641F0042B782 /* RealmManager.swift */ = {isa = PBXFileReference; fileEncoding = 4; lastKnownFileType = sourcecode.swift; path = RealmManager.swift; sourceTree = "<group>"; };
		02A571FD2B14794F0042B782 /* OutgoingMessage.swift */ = {isa = PBXFileReference; fileEncoding = 4; lastKnownFileType = sourcecode.swift; path = OutgoingMessage.swift; sourceTree = "<group>"; };
		02ABFF942B08E2AB0073F47C /* ProfileStatusService.swift */ = {isa = PBXFileReference; lastKnownFileType = sourcecode.swift; path = ProfileStatusService.swift; sourceTree = "<group>"; };
		02ABFF962B08E32D0073F47C /* ProfileStatusUseCase.swift */ = {isa = PBXFileReference; lastKnownFileType = sourcecode.swift; path = ProfileStatusUseCase.swift; sourceTree = "<group>"; };
		02ABFF982B08E3D80073F47C /* ProfileStatusStore.swift */ = {isa = PBXFileReference; lastKnownFileType = sourcecode.swift; path = ProfileStatusStore.swift; sourceTree = "<group>"; };
		02B183592B17621C00091EA4 /* MKSender.swift */ = {isa = PBXFileReference; lastKnownFileType = sourcecode.swift; path = MKSender.swift; sourceTree = "<group>"; };
		02B4C8612B20130300F4EB9C /* AddVideoView.swift */ = {isa = PBXFileReference; lastKnownFileType = sourcecode.swift; path = AddVideoView.swift; sourceTree = "<group>"; };
		02B4C8632B20131F00F4EB9C /* AddVideoViewModel.swift */ = {isa = PBXFileReference; lastKnownFileType = sourcecode.swift; path = AddVideoViewModel.swift; sourceTree = "<group>"; };
		02B4C8652B2013BC00F4EB9C /* VideoUploader.swift */ = {isa = PBXFileReference; lastKnownFileType = sourcecode.swift; path = VideoUploader.swift; sourceTree = "<group>"; };
		02B4C8672B203B0500F4EB9C /* VideoMessage.swift */ = {isa = PBXFileReference; lastKnownFileType = sourcecode.swift; path = VideoMessage.swift; sourceTree = "<group>"; };
		02C0B8032B14B97C008B44E1 /* IncomingMessage.swift */ = {isa = PBXFileReference; fileEncoding = 4; lastKnownFileType = sourcecode.swift; path = IncomingMessage.swift; sourceTree = "<group>"; };
		02C80A022B11D649009B46E6 /* User.swift */ = {isa = PBXFileReference; fileEncoding = 4; lastKnownFileType = sourcecode.swift; path = User.swift; sourceTree = "<group>"; };
		02C80A042B11D678009B46E6 /* FCollectionReference.swift */ = {isa = PBXFileReference; fileEncoding = 4; lastKnownFileType = sourcecode.swift; path = FCollectionReference.swift; sourceTree = "<group>"; };
		02C80A062B11D68D009B46E6 /* FirebaseUserListener.swift */ = {isa = PBXFileReference; fileEncoding = 4; lastKnownFileType = sourcecode.swift; path = FirebaseUserListener.swift; sourceTree = "<group>"; };
		02C80A082B11D694009B46E6 /* FirebaseRecentListener.swift */ = {isa = PBXFileReference; fileEncoding = 4; lastKnownFileType = sourcecode.swift; path = FirebaseRecentListener.swift; sourceTree = "<group>"; };
		02C80A0A2B11D6A3009B46E6 /* Constants.swift */ = {isa = PBXFileReference; fileEncoding = 4; lastKnownFileType = sourcecode.swift; path = Constants.swift; sourceTree = "<group>"; };
		02C80A0B2B11D6A3009B46E6 /* GlobalFunctions.swift */ = {isa = PBXFileReference; fileEncoding = 4; lastKnownFileType = sourcecode.swift; path = GlobalFunctions.swift; sourceTree = "<group>"; };
		02C80A0C2B11D6A3009B46E6 /* StartChat.swift */ = {isa = PBXFileReference; fileEncoding = 4; lastKnownFileType = sourcecode.swift; path = StartChat.swift; sourceTree = "<group>"; };
/* End PBXFileReference section */

/* Begin PBXFrameworksBuildPhase section */
		021027342ABF43730017990B /* Frameworks */ = {
			isa = PBXFrameworksBuildPhase;
			buildActionMask = 2147483647;
			files = (
				022DE9D72B04686D00A840B5 /* FirebaseAuth in Frameworks */,
				022DE9FD2B04686D00A840B5 /* FirebaseStorage in Frameworks */,
				022DE9E32B04686D00A840B5 /* FirebaseFirestore in Frameworks */,
				02A571E52B143D7A0042B782 /* MessageKit in Frameworks */,
				02A571FA2B1464D50042B782 /* Realm in Frameworks */,
				022DE9C82B04675500A840B5 /* Kingfisher in Frameworks */,
				022DE9C22B04671900A840B5 /* SnapKit in Frameworks */,
				022DE9CB2B04686D00A840B5 /* FirebaseAnalytics in Frameworks */,
				02A571FC2B1464D50042B782 /* RealmSwift in Frameworks */,
				022DE9C52B04673300A840B5 /* ProgressHUD in Frameworks */,
				022DE9E72B04686D00A840B5 /* FirebaseFirestoreSwift in Frameworks */,
			);
			runOnlyForDeploymentPostprocessing = 0;
		};
/* End PBXFrameworksBuildPhase section */

/* Begin PBXGroup section */
		0210272E2ABF43730017990B = {
			isa = PBXGroup;
			children = (
				021027392ABF43730017990B /* WhatsApp */,
				021027382ABF43730017990B /* Products */,
				02F8D65E2AC1A23C00AF399D /* Frameworks */,
			);
			sourceTree = "<group>";
		};
		021027382ABF43730017990B /* Products */ = {
			isa = PBXGroup;
			children = (
				021027372ABF43730017990B /* WhatsApp.app */,
			);
			name = Products;
			sourceTree = "<group>";
		};
		021027392ABF43730017990B /* WhatsApp */ = {
			isa = PBXGroup;
			children = (
				02B4C8602B2012E600F4EB9C /* SwiftUIViews */,
				02C80A012B11D632009B46E6 /* Kababyan */,
				025EDBB92B0B9EEA002A7E7F /* Extensions */,
				028B32A22B0500AD00C9F71A /* Firebase Helpers */,
				028B329F2B04FCC200C9F71A /* Models */,
				022DEA012B04761200A840B5 /* Modules */,
				02A86BCF2B039FE4008C159F /* Base */,
				0210274F2ABF452C0017990B /* Supporting Files */,
				0210274E2ABF439D0017990B /* App */,
			);
			path = WhatsApp;
			sourceTree = "<group>";
		};
		0210274E2ABF439D0017990B /* App */ = {
			isa = PBXGroup;
			children = (
				0210273A2ABF43730017990B /* AppDelegate.swift */,
			);
			path = App;
			sourceTree = "<group>";
		};
		0210274F2ABF452C0017990B /* Supporting Files */ = {
			isa = PBXGroup;
			children = (
				02A571F62B14641F0042B782 /* RealmManager.swift */,
				021027432ABF43740017990B /* Assets.xcassets */,
				021027452ABF43740017990B /* LaunchScreen.storyboard */,
				028391BC2AC1386F00299AA5 /* GoogleService-Info.plist */,
				021027482ABF43740017990B /* Info.plist */,
			);
			name = "Supporting Files";
			sourceTree = "<group>";
		};
		021726D72B06137D00C37B32 /* TabBar */ = {
			isa = PBXGroup;
			children = (
				021726D82B06138A00C37B32 /* Tab.swift */,
				021726DA2B06143D00C37B32 /* MainTabBarViewController.swift */,
			);
			path = TabBar;
			sourceTree = "<group>";
		};
		021726DE2B06168700C37B32 /* Settings */ = {
			isa = PBXGroup;
			children = (
				021726DC2B06167900C37B32 /* SettingsViewController.swift */,
				021726DF2B0616F600C37B32 /* SettingsNameTableViewCell.swift */,
				021726E12B06171000C37B32 /* SettingRowTableViewCell.swift */,
				021726E52B06181E00C37B32 /* SettingsRowModel.swift */,
				021726E72B061DB700C37B32 /* SettingsStore.swift */,
				021726E92B061EF100C37B32 /* SettingsUseCase.swift */,
				021726EB2B061F7900C37B32 /* SettingsService.swift */,
			);
			path = Settings;
			sourceTree = "<group>";
		};
		021726EF2B06614C00C37B32 /* EditProfile */ = {
			isa = PBXGroup;
			children = (
				021726ED2B06612D00C37B32 /* EditProfileViewController.swift */,
				021726F02B06644B00C37B32 /* TextFieldTableViewCell.swift */,
				021726F22B06646800C37B32 /* StatusTableViewCell.swift */,
				021726F42B06647E00C37B32 /* PhotoTableViewCell.swift */,
				021726F62B06649A00C37B32 /* EditProfileStore.swift */,
				021726F82B0664C600C37B32 /* EditProfileUseCase.swift */,
				021726FA2B0664E600C37B32 /* EditProfileService.swift */,
			);
			path = EditProfile;
			sourceTree = "<group>";
		};
		022DEA012B04761200A840B5 /* Modules */ = {
			isa = PBXGroup;
			children = (
				02A571E02B1437070042B782 /* Chat */,
				021726D72B06137D00C37B32 /* TabBar */,
				022DEA052B04763400A840B5 /* Auth */,
				022DEA022B04761200A840B5 /* Profile */,
				021726DE2B06168700C37B32 /* Settings */,
				021726EF2B06614C00C37B32 /* EditProfile */,
				02ABFF932B08DECF0073F47C /* Status */,
				025EDBA52B0B0FFA002A7E7F /* Users */,
				025EDBB62B0B7AA9002A7E7F /* Chats */,
				027A1DB52B22D6AF0091EBC7 /* MyChannels */,
				027A1DAE2B22BAB70091EBC7 /* Channels */,
				027A1DB82B22D7C40091EBC7 /* AddChannel */,
			);
			path = Modules;
			sourceTree = "<group>";
		};
		022DEA022B04761200A840B5 /* Profile */ = {
			isa = PBXGroup;
			children = (
				022DEA032B04761200A840B5 /* ProfileViewController.swift */,
				025EDBAE2B0B5D3E002A7E7F /* ProfileHeaderCell.swift */,
			);
			path = Profile;
			sourceTree = "<group>";
		};
		022DEA052B04763400A840B5 /* Auth */ = {
			isa = PBXGroup;
			children = (
				022DEA062B04764B00A840B5 /* AuthViewController.swift */,
				022DEA0C2B0479FF00A840B5 /* AuthTextField.swift */,
				028B32A72B05074600C9F71A /* AuthStore.swift */,
				028B32A92B05076700C9F71A /* AuthUseCase.swift */,
				028B32AB2B0507C100C9F71A /* AuthModuleService.swift */,
			);
			path = Auth;
			sourceTree = "<group>";
		};
		025EDBA52B0B0FFA002A7E7F /* Users */ = {
			isa = PBXGroup;
			children = (
				025EDBA32B0B0F85002A7E7F /* UsersViewControlller.swift */,
				025EDBA62B0B1041002A7E7F /* UsersTableViewCell.swift */,
				025EDBA82B0B29CA002A7E7F /* UsersService.swift */,
				025EDBAA2B0B2BE1002A7E7F /* UsersUseCase.swift */,
				025EDBAC2B0B2C62002A7E7F /* UsersStore.swift */,
			);
			path = Users;
			sourceTree = "<group>";
		};
		025EDBB62B0B7AA9002A7E7F /* Chats */ = {
			isa = PBXGroup;
			children = (
				025EDBB22B0B798E002A7E7F /* ChatsTableViewController.swift */,
				025EDBB72B0B7AC2002A7E7F /* ChatsCell.swift */,
			);
			path = Chats;
			sourceTree = "<group>";
		};
		025EDBB92B0B9EEA002A7E7F /* Extensions */ = {
			isa = PBXGroup;
			children = (
				025EDBBA2B0B9EFB002A7E7F /* Date+Extension.swift */,
			);
			path = Extensions;
			sourceTree = "<group>";
		};
		027A1DAE2B22BAB70091EBC7 /* Channels */ = {
			isa = PBXGroup;
			children = (
				027A1DAC2B22BAB00091EBC7 /* ChannelsViewController.swift */,
				027A1DAF2B22BFB90091EBC7 /* ChannelsCell.swift */,
			);
			path = Channels;
			sourceTree = "<group>";
		};
		027A1DB52B22D6AF0091EBC7 /* MyChannels */ = {
			isa = PBXGroup;
			children = (
				027A1DB32B22D69D0091EBC7 /* MyChannelsViewController.swift */,
			);
			path = MyChannels;
			sourceTree = "<group>";
		};
		027A1DB82B22D7C40091EBC7 /* AddChannel */ = {
			isa = PBXGroup;
			children = (
				027A1DB62B22D7BE0091EBC7 /* AddChannelViewController.swift */,
				027A1DBF2B22F7190091EBC7 /* Cells */,
				027A1DBD2B22F5470091EBC7 /* AddChannelService.swift */,
				027A1DC02B22F74A0091EBC7 /* AddChannelUseCase.swift */,
				027A1DC22B22F7540091EBC7 /* AddChannelStore.swift */,
			);
			path = AddChannel;
			sourceTree = "<group>";
		};
		027A1DBF2B22F7190091EBC7 /* Cells */ = {
			isa = PBXGroup;
			children = (
				027A1DB92B22E4560091EBC7 /* AddPhotoChannelCell.swift */,
				027A1DBB2B22E6FF0091EBC7 /* AddAboutChannelCell.swift */,
			);
			path = Cells;
			sourceTree = "<group>";
		};
		028B329F2B04FCC200C9F71A /* Models */ = {
			isa = PBXGroup;
			children = (
				028B32A02B04FCD200C9F71A /* Person.swift */,
				027A1DB12B22CC620091EBC7 /* Channel.swift */,
				021726FE2B06E75400C37B32 /* Status.swift */,
				0281D3642B1BDDEA007F1082 /* Recent.swift */,
				026A2A172B1C702600770D96 /* Message.swift */,
				02A571F22B1462270042B782 /* MKMessage.swift */,
				02C0B8032B14B97C008B44E1 /* IncomingMessage.swift */,
				024FF4F52B213BE00033DDFB /* LocationManager.swift */,
				02A571FD2B14794F0042B782 /* OutgoingMessage.swift */,
				02A4B3412B1F3101004A3E4B /* PhotoMessage.swift */,
				02B4C8672B203B0500F4EB9C /* VideoMessage.swift */,
				02568C862B2200C800C9C8F5 /* AudioMessage.swift */,
				024FF4F72B2147250033DDFB /* LocationMessage.swift */,
				02568C822B21A55800C9C8F5 /* MapAnnotation.swift */,
				02568C842B21C8F900C9C8F5 /* AudioRecorder.swift */,
			);
			path = Models;
			sourceTree = "<group>";
		};
		028B32A22B0500AD00C9F71A /* Firebase Helpers */ = {
			isa = PBXGroup;
			children = (
				028B32A32B0500DB00C9F71A /* FirebaseClient.swift */,
				021726FC2B06C9D700C37B32 /* FileStorage.swift */,
			);
			path = "Firebase Helpers";
			sourceTree = "<group>";
		};
		02A571E02B1437070042B782 /* Chat */ = {
			isa = PBXGroup;
			children = (
				02A571E12B1437170042B782 /* ChatViewController.swift */,
				024FF4F32B2134650033DDFB /* PhotoItemViewController.swift */,
				024FF4F92B2156A20033DDFB /* MapViewController.swift */,
				02A571E62B1457B40042B782 /* MessagesDataSource+ChatViewController.swift */,
				02A571E82B1458DD0042B782 /* MessageCellDelegate+ChatViewController.swift */,
				02A571EA2B1459690042B782 /* MessagesDisplayDelegate+ChatViewController.swift */,
				02A571EC2B1459A40042B782 /* MessagesLayoutDelegate+ChatViewController.swift */,
				02A571EE2B1459D10042B782 /* InputBarAccessoryViewDelegate+ChatViewController.swift */,
			);
			path = Chat;
			sourceTree = "<group>";
		};
		02A86BCF2B039FE4008C159F /* Base */ = {
			isa = PBXGroup;
			children = (
				022DEA082B04767E00A840B5 /* BaseViewController.swift */,
				02568C882B220A6200C9C8F5 /* BasicAudioController.swift */,
				025EDBB42B0B79F5002A7E7F /* BaseTableViewController.swift */,
				022DEA0A2B04774200A840B5 /* BaseView.swift */,
				021726E32B06173300C37B32 /* BaseTableViewCell.swift */,
				022DEA102B0482A100A840B5 /* AppFont.swift */,
				028B32A52B05067500C9F71A /* Store.swift */,
			);
			path = Base;
			sourceTree = "<group>";
		};
		02ABFF932B08DECF0073F47C /* Status */ = {
			isa = PBXGroup;
			children = (
				021727002B06E7AA00C37B32 /* ProfileStatusViewController.swift */,
				02ABFF942B08E2AB0073F47C /* ProfileStatusService.swift */,
				02ABFF962B08E32D0073F47C /* ProfileStatusUseCase.swift */,
				02ABFF982B08E3D80073F47C /* ProfileStatusStore.swift */,
			);
			path = Status;
			sourceTree = "<group>";
		};
		02B4C8602B2012E600F4EB9C /* SwiftUIViews */ = {
			isa = PBXGroup;
			children = (
				02B4C8612B20130300F4EB9C /* AddVideoView.swift */,
				02B4C8632B20131F00F4EB9C /* AddVideoViewModel.swift */,
				02B4C8652B2013BC00F4EB9C /* VideoUploader.swift */,
			);
			path = SwiftUIViews;
			sourceTree = "<group>";
		};
		02C80A012B11D632009B46E6 /* Kababyan */ = {
			isa = PBXGroup;
			children = (
				02A571F42B1464170042B782 /* LocalMessage.swift */,
				025EDBB02B0B7796002A7E7F /* RecentChat.swift */,
				02C80A022B11D649009B46E6 /* User.swift */,
				02C80A0A2B11D6A3009B46E6 /* Constants.swift */,
				02C80A0B2B11D6A3009B46E6 /* GlobalFunctions.swift */,
				02C80A0C2B11D6A3009B46E6 /* StartChat.swift */,
				02C80A042B11D678009B46E6 /* FCollectionReference.swift */,
				02C80A082B11D694009B46E6 /* FirebaseRecentListener.swift */,
				02C80A062B11D68D009B46E6 /* FirebaseUserListener.swift */,
				02A571F02B145B600042B782 /* MessageKitDefaults.swift */,
				02B183592B17621C00091EA4 /* MKSender.swift */,
			);
			path = Kababyan;
			sourceTree = "<group>";
		};
		02F8D65E2AC1A23C00AF399D /* Frameworks */ = {
			isa = PBXGroup;
			children = (
			);
			name = Frameworks;
			sourceTree = "<group>";
		};
/* End PBXGroup section */

/* Begin PBXNativeTarget section */
		021027362ABF43730017990B /* WhatsApp */ = {
			isa = PBXNativeTarget;
			buildConfigurationList = 0210274B2ABF43740017990B /* Build configuration list for PBXNativeTarget "WhatsApp" */;
			buildPhases = (
				021027332ABF43730017990B /* Sources */,
				021027342ABF43730017990B /* Frameworks */,
				021027352ABF43730017990B /* Resources */,
			);
			buildRules = (
			);
			dependencies = (
			);
			name = WhatsApp;
			packageProductDependencies = (
				022DE9C12B04671900A840B5 /* SnapKit */,
				022DE9C42B04673300A840B5 /* ProgressHUD */,
				022DE9C72B04675500A840B5 /* Kingfisher */,
				022DE9CA2B04686D00A840B5 /* FirebaseAnalytics */,
				022DE9D62B04686D00A840B5 /* FirebaseAuth */,
				022DE9E22B04686D00A840B5 /* FirebaseFirestore */,
				022DE9E62B04686D00A840B5 /* FirebaseFirestoreSwift */,
				022DE9FC2B04686D00A840B5 /* FirebaseStorage */,
				02A571E42B143D7A0042B782 /* MessageKit */,
				02A571F92B1464D50042B782 /* Realm */,
				02A571FB2B1464D50042B782 /* RealmSwift */,
			);
			productName = WhatsApp;
			productReference = 021027372ABF43730017990B /* WhatsApp.app */;
			productType = "com.apple.product-type.application";
		};
/* End PBXNativeTarget section */

/* Begin PBXProject section */
		0210272F2ABF43730017990B /* Project object */ = {
			isa = PBXProject;
			attributes = {
				BuildIndependentTargetsInParallel = 1;
				LastSwiftUpdateCheck = 1500;
				LastUpgradeCheck = 1500;
				TargetAttributes = {
					021027362ABF43730017990B = {
						CreatedOnToolsVersion = 15.0;
					};
				};
			};
			buildConfigurationList = 021027322ABF43730017990B /* Build configuration list for PBXProject "WhatsApp" */;
			compatibilityVersion = "Xcode 14.0";
			developmentRegion = en;
			hasScannedForEncodings = 0;
			knownRegions = (
				en,
				Base,
			);
			mainGroup = 0210272E2ABF43730017990B;
			packageReferences = (
				022DE9C02B04671900A840B5 /* XCRemoteSwiftPackageReference "SnapKit" */,
				022DE9C32B04673300A840B5 /* XCRemoteSwiftPackageReference "ProgressHUD" */,
				022DE9C62B04675500A840B5 /* XCRemoteSwiftPackageReference "Kingfisher" */,
				022DE9C92B04686D00A840B5 /* XCRemoteSwiftPackageReference "firebase-ios-sdk" */,
				02A571E32B143D7A0042B782 /* XCRemoteSwiftPackageReference "MessageKit" */,
				02A571F82B1464D50042B782 /* XCRemoteSwiftPackageReference "realm-swift" */,
			);
			productRefGroup = 021027382ABF43730017990B /* Products */;
			projectDirPath = "";
			projectRoot = "";
			targets = (
				021027362ABF43730017990B /* WhatsApp */,
			);
		};
/* End PBXProject section */

/* Begin PBXResourcesBuildPhase section */
		021027352ABF43730017990B /* Resources */ = {
			isa = PBXResourcesBuildPhase;
			buildActionMask = 2147483647;
			files = (
				021027472ABF43740017990B /* LaunchScreen.storyboard in Resources */,
				021027442ABF43740017990B /* Assets.xcassets in Resources */,
				028391BD2AC1386F00299AA5 /* GoogleService-Info.plist in Resources */,
			);
			runOnlyForDeploymentPostprocessing = 0;
		};
/* End PBXResourcesBuildPhase section */

/* Begin PBXSourcesBuildPhase section */
		021027332ABF43730017990B /* Sources */ = {
			isa = PBXSourcesBuildPhase;
			buildActionMask = 2147483647;
			files = (
				02B4C8622B20130300F4EB9C /* AddVideoView.swift in Sources */,
				027A1DB02B22BFB90091EBC7 /* ChannelsCell.swift in Sources */,
				025EDBAB2B0B2BE1002A7E7F /* UsersUseCase.swift in Sources */,
				021726DB2B06143D00C37B32 /* MainTabBarViewController.swift in Sources */,
				021726E22B06171000C37B32 /* SettingRowTableViewCell.swift in Sources */,
				022DEA112B0482A100A840B5 /* AppFont.swift in Sources */,
				021726FD2B06C9D700C37B32 /* FileStorage.swift in Sources */,
				021726E42B06173300C37B32 /* BaseTableViewCell.swift in Sources */,
				02C80A092B11D694009B46E6 /* FirebaseRecentListener.swift in Sources */,
				02A571F52B1464170042B782 /* LocalMessage.swift in Sources */,
				02C80A0D2B11D6A3009B46E6 /* Constants.swift in Sources */,
				021726F12B06644B00C37B32 /* TextFieldTableViewCell.swift in Sources */,
				028B32A82B05074600C9F71A /* AuthStore.swift in Sources */,
				022DEA042B04761200A840B5 /* ProfileViewController.swift in Sources */,
				02A571E72B1457B40042B782 /* MessagesDataSource+ChatViewController.swift in Sources */,
				022DEA092B04767E00A840B5 /* BaseViewController.swift in Sources */,
				02B1835A2B17621C00091EA4 /* MKSender.swift in Sources */,
				02ABFF952B08E2AB0073F47C /* ProfileStatusService.swift in Sources */,
				02A571E22B1437170042B782 /* ChatViewController.swift in Sources */,
				02568C832B21A55800C9C8F5 /* MapAnnotation.swift in Sources */,
				024FF4F42B2134650033DDFB /* PhotoItemViewController.swift in Sources */,
				027A1DB22B22CC620091EBC7 /* Channel.swift in Sources */,
				027A1DC12B22F74A0091EBC7 /* AddChannelUseCase.swift in Sources */,
				024FF4FA2B2156A20033DDFB /* MapViewController.swift in Sources */,
				027A1DBE2B22F5470091EBC7 /* AddChannelService.swift in Sources */,
				024FF4F82B2147250033DDFB /* LocationMessage.swift in Sources */,
				022DEA0B2B04774200A840B5 /* BaseView.swift in Sources */,
				02C80A052B11D678009B46E6 /* FCollectionReference.swift in Sources */,
				021726F32B06646800C37B32 /* StatusTableViewCell.swift in Sources */,
				027A1DAD2B22BAB00091EBC7 /* ChannelsViewController.swift in Sources */,
				021726FF2B06E75400C37B32 /* Status.swift in Sources */,
				02A571F12B145B600042B782 /* MessageKitDefaults.swift in Sources */,
				02568C892B220A6200C9C8F5 /* BasicAudioController.swift in Sources */,
				02ABFF972B08E32D0073F47C /* ProfileStatusUseCase.swift in Sources */,
				021726EE2B06612D00C37B32 /* EditProfileViewController.swift in Sources */,
				02A571FE2B14794F0042B782 /* OutgoingMessage.swift in Sources */,
				025EDBA92B0B29CA002A7E7F /* UsersService.swift in Sources */,
				021726EA2B061EF100C37B32 /* SettingsUseCase.swift in Sources */,
				02A571F72B14641F0042B782 /* RealmManager.swift in Sources */,
				022DEA0D2B0479FF00A840B5 /* AuthTextField.swift in Sources */,
				027A1DB42B22D69D0091EBC7 /* MyChannelsViewController.swift in Sources */,
				025EDBB82B0B7AC2002A7E7F /* ChatsCell.swift in Sources */,
				02C80A032B11D649009B46E6 /* User.swift in Sources */,
				021726DD2B06167900C37B32 /* SettingsViewController.swift in Sources */,
				021727012B06E7AA00C37B32 /* ProfileStatusViewController.swift in Sources */,
				021726F52B06647E00C37B32 /* PhotoTableViewCell.swift in Sources */,
				024FF4F62B213BE00033DDFB /* LocationManager.swift in Sources */,
				021726FB2B0664E600C37B32 /* EditProfileService.swift in Sources */,
				021726E82B061DB700C37B32 /* SettingsStore.swift in Sources */,
				025EDBA72B0B1041002A7E7F /* UsersTableViewCell.swift in Sources */,
				028B32A62B05067500C9F71A /* Store.swift in Sources */,
				027A1DC32B22F7540091EBC7 /* AddChannelStore.swift in Sources */,
				021726F72B06649A00C37B32 /* EditProfileStore.swift in Sources */,
				025EDBB52B0B79F5002A7E7F /* BaseTableViewController.swift in Sources */,
				028B32AA2B05076700C9F71A /* AuthUseCase.swift in Sources */,
				025EDBA42B0B0F85002A7E7F /* UsersViewControlller.swift in Sources */,
				028B32A42B0500DB00C9F71A /* FirebaseClient.swift in Sources */,
				025EDBAF2B0B5D3E002A7E7F /* ProfileHeaderCell.swift in Sources */,
				027A1DBC2B22E6FF0091EBC7 /* AddAboutChannelCell.swift in Sources */,
				022DEA072B04764B00A840B5 /* AuthViewController.swift in Sources */,
				02A571F32B1462270042B782 /* MKMessage.swift in Sources */,
				02A571EB2B1459690042B782 /* MessagesDisplayDelegate+ChatViewController.swift in Sources */,
				028B32AC2B0507C100C9F71A /* AuthModuleService.swift in Sources */,
				02568C852B21C8F900C9C8F5 /* AudioRecorder.swift in Sources */,
				02568C872B2200C800C9C8F5 /* AudioMessage.swift in Sources */,
				025EDBB12B0B7796002A7E7F /* RecentChat.swift in Sources */,
				02C80A0F2B11D6A3009B46E6 /* StartChat.swift in Sources */,
				021726E62B06181E00C37B32 /* SettingsRowModel.swift in Sources */,
				027A1DBA2B22E4560091EBC7 /* AddPhotoChannelCell.swift in Sources */,
				028B32A12B04FCD200C9F71A /* Person.swift in Sources */,
				02A4B3422B1F3101004A3E4B /* PhotoMessage.swift in Sources */,
				02B4C8642B20131F00F4EB9C /* AddVideoViewModel.swift in Sources */,
				0210273B2ABF43730017990B /* AppDelegate.swift in Sources */,
				021726EC2B061F7900C37B32 /* SettingsService.swift in Sources */,
				02C80A0E2B11D6A3009B46E6 /* GlobalFunctions.swift in Sources */,
				02B4C8662B2013BC00F4EB9C /* VideoUploader.swift in Sources */,
				021726F92B0664C600C37B32 /* EditProfileUseCase.swift in Sources */,
				025EDBB32B0B798E002A7E7F /* ChatsTableViewController.swift in Sources */,
				02B4C8682B203B0500F4EB9C /* VideoMessage.swift in Sources */,
				02ABFF992B08E3D80073F47C /* ProfileStatusStore.swift in Sources */,
				02C0B8042B14B97C008B44E1 /* IncomingMessage.swift in Sources */,
				02A571ED2B1459A40042B782 /* MessagesLayoutDelegate+ChatViewController.swift in Sources */,
				0281D3652B1BDDEA007F1082 /* Recent.swift in Sources */,
				025EDBAD2B0B2C62002A7E7F /* UsersStore.swift in Sources */,
				02A571EF2B1459D10042B782 /* InputBarAccessoryViewDelegate+ChatViewController.swift in Sources */,
				026A2A182B1C702600770D96 /* Message.swift in Sources */,
				021726D92B06138A00C37B32 /* Tab.swift in Sources */,
				027A1DB72B22D7BE0091EBC7 /* AddChannelViewController.swift in Sources */,
				025EDBBB2B0B9EFB002A7E7F /* Date+Extension.swift in Sources */,
				02A571E92B1458DD0042B782 /* MessageCellDelegate+ChatViewController.swift in Sources */,
				021726E02B0616F600C37B32 /* SettingsNameTableViewCell.swift in Sources */,
				02C80A072B11D68D009B46E6 /* FirebaseUserListener.swift in Sources */,
			);
			runOnlyForDeploymentPostprocessing = 0;
		};
/* End PBXSourcesBuildPhase section */

/* Begin PBXVariantGroup section */
		021027452ABF43740017990B /* LaunchScreen.storyboard */ = {
			isa = PBXVariantGroup;
			children = (
				021027462ABF43740017990B /* Base */,
			);
			name = LaunchScreen.storyboard;
			sourceTree = "<group>";
		};
/* End PBXVariantGroup section */

/* Begin XCBuildConfiguration section */
		021027492ABF43740017990B /* Debug */ = {
			isa = XCBuildConfiguration;
			buildSettings = {
				ALWAYS_SEARCH_USER_PATHS = NO;
				ASSETCATALOG_COMPILER_GENERATE_SWIFT_ASSET_SYMBOL_EXTENSIONS = YES;
				CLANG_ANALYZER_NONNULL = YES;
				CLANG_ANALYZER_NUMBER_OBJECT_CONVERSION = YES_AGGRESSIVE;
				CLANG_CXX_LANGUAGE_STANDARD = "gnu++20";
				CLANG_ENABLE_MODULES = YES;
				CLANG_ENABLE_OBJC_ARC = YES;
				CLANG_ENABLE_OBJC_WEAK = YES;
				CLANG_WARN_BLOCK_CAPTURE_AUTORELEASING = YES;
				CLANG_WARN_BOOL_CONVERSION = YES;
				CLANG_WARN_COMMA = YES;
				CLANG_WARN_CONSTANT_CONVERSION = YES;
				CLANG_WARN_DEPRECATED_OBJC_IMPLEMENTATIONS = YES;
				CLANG_WARN_DIRECT_OBJC_ISA_USAGE = YES_ERROR;
				CLANG_WARN_DOCUMENTATION_COMMENTS = YES;
				CLANG_WARN_EMPTY_BODY = YES;
				CLANG_WARN_ENUM_CONVERSION = YES;
				CLANG_WARN_INFINITE_RECURSION = YES;
				CLANG_WARN_INT_CONVERSION = YES;
				CLANG_WARN_NON_LITERAL_NULL_CONVERSION = YES;
				CLANG_WARN_OBJC_IMPLICIT_RETAIN_SELF = YES;
				CLANG_WARN_OBJC_LITERAL_CONVERSION = YES;
				CLANG_WARN_OBJC_ROOT_CLASS = YES_ERROR;
				CLANG_WARN_QUOTED_INCLUDE_IN_FRAMEWORK_HEADER = YES;
				CLANG_WARN_RANGE_LOOP_ANALYSIS = YES;
				CLANG_WARN_STRICT_PROTOTYPES = YES;
				CLANG_WARN_SUSPICIOUS_MOVE = YES;
				CLANG_WARN_UNGUARDED_AVAILABILITY = YES_AGGRESSIVE;
				CLANG_WARN_UNREACHABLE_CODE = YES;
				CLANG_WARN__DUPLICATE_METHOD_MATCH = YES;
				COPY_PHASE_STRIP = NO;
				DEBUG_INFORMATION_FORMAT = dwarf;
				ENABLE_STRICT_OBJC_MSGSEND = YES;
				ENABLE_TESTABILITY = YES;
				ENABLE_USER_SCRIPT_SANDBOXING = YES;
				GCC_C_LANGUAGE_STANDARD = gnu17;
				GCC_DYNAMIC_NO_PIC = NO;
				GCC_NO_COMMON_BLOCKS = YES;
				GCC_OPTIMIZATION_LEVEL = 0;
				GCC_PREPROCESSOR_DEFINITIONS = (
					"DEBUG=1",
					"$(inherited)",
				);
				GCC_WARN_64_TO_32_BIT_CONVERSION = YES;
				GCC_WARN_ABOUT_RETURN_TYPE = YES_ERROR;
				GCC_WARN_UNDECLARED_SELECTOR = YES;
				GCC_WARN_UNINITIALIZED_AUTOS = YES_AGGRESSIVE;
				GCC_WARN_UNUSED_FUNCTION = YES;
				GCC_WARN_UNUSED_VARIABLE = YES;
				IPHONEOS_DEPLOYMENT_TARGET = 17.0;
				LOCALIZATION_PREFERS_STRING_CATALOGS = YES;
				MTL_ENABLE_DEBUG_INFO = INCLUDE_SOURCE;
				MTL_FAST_MATH = YES;
				ONLY_ACTIVE_ARCH = YES;
				SDKROOT = iphoneos;
				SWIFT_ACTIVE_COMPILATION_CONDITIONS = "DEBUG $(inherited)";
				SWIFT_OPTIMIZATION_LEVEL = "-Onone";
			};
			name = Debug;
		};
		0210274A2ABF43740017990B /* Release */ = {
			isa = XCBuildConfiguration;
			buildSettings = {
				ALWAYS_SEARCH_USER_PATHS = NO;
				ASSETCATALOG_COMPILER_GENERATE_SWIFT_ASSET_SYMBOL_EXTENSIONS = YES;
				CLANG_ANALYZER_NONNULL = YES;
				CLANG_ANALYZER_NUMBER_OBJECT_CONVERSION = YES_AGGRESSIVE;
				CLANG_CXX_LANGUAGE_STANDARD = "gnu++20";
				CLANG_ENABLE_MODULES = YES;
				CLANG_ENABLE_OBJC_ARC = YES;
				CLANG_ENABLE_OBJC_WEAK = YES;
				CLANG_WARN_BLOCK_CAPTURE_AUTORELEASING = YES;
				CLANG_WARN_BOOL_CONVERSION = YES;
				CLANG_WARN_COMMA = YES;
				CLANG_WARN_CONSTANT_CONVERSION = YES;
				CLANG_WARN_DEPRECATED_OBJC_IMPLEMENTATIONS = YES;
				CLANG_WARN_DIRECT_OBJC_ISA_USAGE = YES_ERROR;
				CLANG_WARN_DOCUMENTATION_COMMENTS = YES;
				CLANG_WARN_EMPTY_BODY = YES;
				CLANG_WARN_ENUM_CONVERSION = YES;
				CLANG_WARN_INFINITE_RECURSION = YES;
				CLANG_WARN_INT_CONVERSION = YES;
				CLANG_WARN_NON_LITERAL_NULL_CONVERSION = YES;
				CLANG_WARN_OBJC_IMPLICIT_RETAIN_SELF = YES;
				CLANG_WARN_OBJC_LITERAL_CONVERSION = YES;
				CLANG_WARN_OBJC_ROOT_CLASS = YES_ERROR;
				CLANG_WARN_QUOTED_INCLUDE_IN_FRAMEWORK_HEADER = YES;
				CLANG_WARN_RANGE_LOOP_ANALYSIS = YES;
				CLANG_WARN_STRICT_PROTOTYPES = YES;
				CLANG_WARN_SUSPICIOUS_MOVE = YES;
				CLANG_WARN_UNGUARDED_AVAILABILITY = YES_AGGRESSIVE;
				CLANG_WARN_UNREACHABLE_CODE = YES;
				CLANG_WARN__DUPLICATE_METHOD_MATCH = YES;
				COPY_PHASE_STRIP = NO;
				DEBUG_INFORMATION_FORMAT = "dwarf-with-dsym";
				ENABLE_NS_ASSERTIONS = NO;
				ENABLE_STRICT_OBJC_MSGSEND = YES;
				ENABLE_USER_SCRIPT_SANDBOXING = YES;
				GCC_C_LANGUAGE_STANDARD = gnu17;
				GCC_NO_COMMON_BLOCKS = YES;
				GCC_WARN_64_TO_32_BIT_CONVERSION = YES;
				GCC_WARN_ABOUT_RETURN_TYPE = YES_ERROR;
				GCC_WARN_UNDECLARED_SELECTOR = YES;
				GCC_WARN_UNINITIALIZED_AUTOS = YES_AGGRESSIVE;
				GCC_WARN_UNUSED_FUNCTION = YES;
				GCC_WARN_UNUSED_VARIABLE = YES;
				IPHONEOS_DEPLOYMENT_TARGET = 17.0;
				LOCALIZATION_PREFERS_STRING_CATALOGS = YES;
				MTL_ENABLE_DEBUG_INFO = NO;
				MTL_FAST_MATH = YES;
				SDKROOT = iphoneos;
				SWIFT_COMPILATION_MODE = wholemodule;
				VALIDATE_PRODUCT = YES;
			};
			name = Release;
		};
		0210274C2ABF43740017990B /* Debug */ = {
			isa = XCBuildConfiguration;
			buildSettings = {
				ASSETCATALOG_COMPILER_APPICON_NAME = AppIcon;
				ASSETCATALOG_COMPILER_GLOBAL_ACCENT_COLOR_NAME = AccentColor;
				CODE_SIGN_STYLE = Automatic;
				CURRENT_PROJECT_VERSION = 4;
				DEVELOPMENT_TEAM = 723HTEFHBA;
				GENERATE_INFOPLIST_FILE = YES;
				INFOPLIST_FILE = WhatsApp/Info.plist;
				INFOPLIST_KEY_LSApplicationCategoryType = "public.app-category.social-networking";
				INFOPLIST_KEY_NSAppleMusicUsageDescription = "WhatsApp would like to use your media library";
				INFOPLIST_KEY_NSCameraUsageDescription = "WhatsApp would like to use your camera";
				INFOPLIST_KEY_NSLocationWhenInUseUsageDescription = "WhatsApp would like to use your location";
				INFOPLIST_KEY_NSMicrophoneUsageDescription = "WhatsApp would like to use your microphone";
				INFOPLIST_KEY_NSPhotoLibraryUsageDescription = "WhatsApp would like to use your photo library";
				INFOPLIST_KEY_UIApplicationSupportsIndirectInputEvents = YES;
				INFOPLIST_KEY_UILaunchStoryboardName = LaunchScreen;
				INFOPLIST_KEY_UISupportedInterfaceOrientations = UIInterfaceOrientationPortrait;
				INFOPLIST_KEY_UISupportedInterfaceOrientations_iPad = "UIInterfaceOrientationLandscapeLeft UIInterfaceOrientationLandscapeRight UIInterfaceOrientationPortrait UIInterfaceOrientationPortraitUpsideDown";
				IPHONEOS_DEPLOYMENT_TARGET = 17.0;
				LD_RUNPATH_SEARCH_PATHS = (
					"$(inherited)",
					"@executable_path/Frameworks",
				);
				MARKETING_VERSION = 0.2.1;
				OTHER_LDFLAGS = (
					"-Xlinker",
					"-no_warn_duplicate_libraries",
				);
				PRODUCT_BUNDLE_IDENTIFIER = ru.fibeapp.WhatsAppClone;
				PRODUCT_NAME = "$(TARGET_NAME)";
				SWIFT_EMIT_LOC_STRINGS = YES;
				SWIFT_VERSION = 5.0;
				TARGETED_DEVICE_FAMILY = "1,2";
			};
			name = Debug;
		};
		0210274D2ABF43740017990B /* Release */ = {
			isa = XCBuildConfiguration;
			buildSettings = {
				ASSETCATALOG_COMPILER_APPICON_NAME = AppIcon;
				ASSETCATALOG_COMPILER_GLOBAL_ACCENT_COLOR_NAME = AccentColor;
				CODE_SIGN_STYLE = Automatic;
				CURRENT_PROJECT_VERSION = 4;
				DEVELOPMENT_TEAM = 723HTEFHBA;
				GENERATE_INFOPLIST_FILE = YES;
				INFOPLIST_FILE = WhatsApp/Info.plist;
				INFOPLIST_KEY_LSApplicationCategoryType = "public.app-category.social-networking";
				INFOPLIST_KEY_NSAppleMusicUsageDescription = "WhatsApp would like to use your media library";
				INFOPLIST_KEY_NSCameraUsageDescription = "WhatsApp would like to use your camera";
				INFOPLIST_KEY_NSLocationWhenInUseUsageDescription = "WhatsApp would like to use your location";
				INFOPLIST_KEY_NSMicrophoneUsageDescription = "WhatsApp would like to use your microphone";
				INFOPLIST_KEY_NSPhotoLibraryUsageDescription = "WhatsApp would like to use your photo library";
				INFOPLIST_KEY_UIApplicationSupportsIndirectInputEvents = YES;
				INFOPLIST_KEY_UILaunchStoryboardName = LaunchScreen;
				INFOPLIST_KEY_UISupportedInterfaceOrientations = UIInterfaceOrientationPortrait;
				INFOPLIST_KEY_UISupportedInterfaceOrientations_iPad = "UIInterfaceOrientationLandscapeLeft UIInterfaceOrientationLandscapeRight UIInterfaceOrientationPortrait UIInterfaceOrientationPortraitUpsideDown";
				IPHONEOS_DEPLOYMENT_TARGET = 17.0;
				LD_RUNPATH_SEARCH_PATHS = (
					"$(inherited)",
					"@executable_path/Frameworks",
				);
				MARKETING_VERSION = 0.2.1;
				PRODUCT_BUNDLE_IDENTIFIER = ru.fibeapp.WhatsAppClone;
				PRODUCT_NAME = "$(TARGET_NAME)";
				SWIFT_EMIT_LOC_STRINGS = YES;
				SWIFT_VERSION = 5.0;
				TARGETED_DEVICE_FAMILY = "1,2";
			};
			name = Release;
		};
/* End XCBuildConfiguration section */

/* Begin XCConfigurationList section */
		021027322ABF43730017990B /* Build configuration list for PBXProject "WhatsApp" */ = {
			isa = XCConfigurationList;
			buildConfigurations = (
				021027492ABF43740017990B /* Debug */,
				0210274A2ABF43740017990B /* Release */,
			);
			defaultConfigurationIsVisible = 0;
			defaultConfigurationName = Release;
		};
		0210274B2ABF43740017990B /* Build configuration list for PBXNativeTarget "WhatsApp" */ = {
			isa = XCConfigurationList;
			buildConfigurations = (
				0210274C2ABF43740017990B /* Debug */,
				0210274D2ABF43740017990B /* Release */,
			);
			defaultConfigurationIsVisible = 0;
			defaultConfigurationName = Release;
		};
/* End XCConfigurationList section */

/* Begin XCRemoteSwiftPackageReference section */
		022DE9C02B04671900A840B5 /* XCRemoteSwiftPackageReference "SnapKit" */ = {
			isa = XCRemoteSwiftPackageReference;
			repositoryURL = "https://github.com/SnapKit/SnapKit.git";
			requirement = {
				kind = upToNextMajorVersion;
				minimumVersion = 5.6.0;
			};
		};
		022DE9C32B04673300A840B5 /* XCRemoteSwiftPackageReference "ProgressHUD" */ = {
			isa = XCRemoteSwiftPackageReference;
			repositoryURL = "https://github.com/relatedcode/ProgressHUD.git";
			requirement = {
				kind = upToNextMajorVersion;
				minimumVersion = 14.1.0;
			};
		};
		022DE9C62B04675500A840B5 /* XCRemoteSwiftPackageReference "Kingfisher" */ = {
			isa = XCRemoteSwiftPackageReference;
			repositoryURL = "https://github.com/onevcat/Kingfisher.git";
			requirement = {
				kind = upToNextMajorVersion;
				minimumVersion = 7.10.0;
			};
		};
		022DE9C92B04686D00A840B5 /* XCRemoteSwiftPackageReference "firebase-ios-sdk" */ = {
			isa = XCRemoteSwiftPackageReference;
			repositoryURL = "https://github.com/firebase/firebase-ios-sdk";
			requirement = {
				kind = upToNextMajorVersion;
				minimumVersion = 10.18.0;
			};
		};
		02A571E32B143D7A0042B782 /* XCRemoteSwiftPackageReference "MessageKit" */ = {
			isa = XCRemoteSwiftPackageReference;
			repositoryURL = "https://github.com/MessageKit/MessageKit.git";
			requirement = {
				kind = upToNextMajorVersion;
				minimumVersion = 4.2.0;
			};
		};
		02A571F82B1464D50042B782 /* XCRemoteSwiftPackageReference "realm-swift" */ = {
			isa = XCRemoteSwiftPackageReference;
			repositoryURL = "https://github.com/realm/realm-swift.git";
			requirement = {
				branch = master;
				kind = branch;
			};
		};
/* End XCRemoteSwiftPackageReference section */

/* Begin XCSwiftPackageProductDependency section */
		022DE9C12B04671900A840B5 /* SnapKit */ = {
			isa = XCSwiftPackageProductDependency;
			package = 022DE9C02B04671900A840B5 /* XCRemoteSwiftPackageReference "SnapKit" */;
			productName = SnapKit;
		};
		022DE9C42B04673300A840B5 /* ProgressHUD */ = {
			isa = XCSwiftPackageProductDependency;
			package = 022DE9C32B04673300A840B5 /* XCRemoteSwiftPackageReference "ProgressHUD" */;
			productName = ProgressHUD;
		};
		022DE9C72B04675500A840B5 /* Kingfisher */ = {
			isa = XCSwiftPackageProductDependency;
			package = 022DE9C62B04675500A840B5 /* XCRemoteSwiftPackageReference "Kingfisher" */;
			productName = Kingfisher;
		};
		022DE9CA2B04686D00A840B5 /* FirebaseAnalytics */ = {
			isa = XCSwiftPackageProductDependency;
			package = 022DE9C92B04686D00A840B5 /* XCRemoteSwiftPackageReference "firebase-ios-sdk" */;
			productName = FirebaseAnalytics;
		};
		022DE9D62B04686D00A840B5 /* FirebaseAuth */ = {
			isa = XCSwiftPackageProductDependency;
			package = 022DE9C92B04686D00A840B5 /* XCRemoteSwiftPackageReference "firebase-ios-sdk" */;
			productName = FirebaseAuth;
		};
		022DE9E22B04686D00A840B5 /* FirebaseFirestore */ = {
			isa = XCSwiftPackageProductDependency;
			package = 022DE9C92B04686D00A840B5 /* XCRemoteSwiftPackageReference "firebase-ios-sdk" */;
			productName = FirebaseFirestore;
		};
		022DE9E62B04686D00A840B5 /* FirebaseFirestoreSwift */ = {
			isa = XCSwiftPackageProductDependency;
			package = 022DE9C92B04686D00A840B5 /* XCRemoteSwiftPackageReference "firebase-ios-sdk" */;
			productName = FirebaseFirestoreSwift;
		};
		022DE9FC2B04686D00A840B5 /* FirebaseStorage */ = {
			isa = XCSwiftPackageProductDependency;
			package = 022DE9C92B04686D00A840B5 /* XCRemoteSwiftPackageReference "firebase-ios-sdk" */;
			productName = FirebaseStorage;
		};
		02A571E42B143D7A0042B782 /* MessageKit */ = {
			isa = XCSwiftPackageProductDependency;
			package = 02A571E32B143D7A0042B782 /* XCRemoteSwiftPackageReference "MessageKit" */;
			productName = MessageKit;
		};
		02A571F92B1464D50042B782 /* Realm */ = {
			isa = XCSwiftPackageProductDependency;
			package = 02A571F82B1464D50042B782 /* XCRemoteSwiftPackageReference "realm-swift" */;
			productName = Realm;
		};
		02A571FB2B1464D50042B782 /* RealmSwift */ = {
			isa = XCSwiftPackageProductDependency;
			package = 02A571F82B1464D50042B782 /* XCRemoteSwiftPackageReference "realm-swift" */;
			productName = RealmSwift;
		};
/* End XCSwiftPackageProductDependency section */
	};
	rootObject = 0210272F2ABF43730017990B /* Project object */;
}
